// !$*UTF8*$!
{
	archiveVersion = 1;
	classes = {
	};
	objectVersion = 46;
	objects = {

/* Begin PBXBuildFile section */
		A7403EF7D87D4FF0817E552E /* libPods.a in Frameworks */ = {isa = PBXBuildFile; fileRef = A4B964AB63344D00BB30C2D6 /* libPods.a */; };
		BE5B0CD2182D82990039E623 /* PFCWrittenTextField.m in Sources */ = {isa = PBXBuildFile; fileRef = BE5B0CD1182D82990039E623 /* PFCWrittenTextField.m */; };
		C2C82314EAE7481DA3FED2A9 /* libPods-PathfinderCCTests.a in Frameworks */ = {isa = PBXBuildFile; fileRef = E4C3FEB92BBB4B959DC39334 /* libPods-PathfinderCCTests.a */; };
		C8B5BEC6181F57C600602206 /* PFCPersistentStack.m in Sources */ = {isa = PBXBuildFile; fileRef = C8B5BEC5181F57C600602206 /* PFCPersistentStack.m */; };
		C8B5BEC8181F57E500602206 /* CoreData.framework in Frameworks */ = {isa = PBXBuildFile; fileRef = C8B5BEC7181F57E500602206 /* CoreData.framework */; };
		C8B5BECB181F59B600602206 /* PFCStore.m in Sources */ = {isa = PBXBuildFile; fileRef = C8B5BECA181F59B600602206 /* PFCStore.m */; };
		C8B5BECE181F5A9600602206 /* Model.xcdatamodeld in Sources */ = {isa = PBXBuildFile; fileRef = C8B5BECC181F5A9600602206 /* Model.xcdatamodeld */; };
		C8B5BED7181FE39900602206 /* PFCMenuViewController.m in Sources */ = {isa = PBXBuildFile; fileRef = C8B5BED6181FE39900602206 /* PFCMenuViewController.m */; };
		C8B5BEDA1820970B00602206 /* PFCCharacterListViewController.m in Sources */ = {isa = PBXBuildFile; fileRef = C8B5BED91820970B00602206 /* PFCCharacterListViewController.m */; };
		C8B5BEDE182097E500602206 /* PFCFetchedResultsControllerDataSource.m in Sources */ = {isa = PBXBuildFile; fileRef = C8B5BEDD182097E500602206 /* PFCFetchedResultsControllerDataSource.m */; };
		C8B5BEE218209DDF00602206 /* PFCCreateCharacterNameViewController.m in Sources */ = {isa = PBXBuildFile; fileRef = C8B5BEE118209DDF00602206 /* PFCCreateCharacterNameViewController.m */; };
		C8DA37641821E6BF00DBC2F7 /* PFCAlignment.m in Sources */ = {isa = PBXBuildFile; fileRef = C8DA37631821E6BF00DBC2F7 /* PFCAlignment.m */; };
		C8DA37671821E92A00DBC2F7 /* PFCGender.m in Sources */ = {isa = PBXBuildFile; fileRef = C8DA37661821E92A00DBC2F7 /* PFCGender.m */; };
		C8DCE4BD181DBA58008AD1B6 /* Foundation.framework in Frameworks */ = {isa = PBXBuildFile; fileRef = C8DCE4BC181DBA58008AD1B6 /* Foundation.framework */; };
		C8DCE4BF181DBA58008AD1B6 /* CoreGraphics.framework in Frameworks */ = {isa = PBXBuildFile; fileRef = C8DCE4BE181DBA58008AD1B6 /* CoreGraphics.framework */; };
		C8DCE4C1181DBA58008AD1B6 /* UIKit.framework in Frameworks */ = {isa = PBXBuildFile; fileRef = C8DCE4C0181DBA58008AD1B6 /* UIKit.framework */; };
		C8DCE4C7181DBA58008AD1B6 /* InfoPlist.strings in Resources */ = {isa = PBXBuildFile; fileRef = C8DCE4C5181DBA58008AD1B6 /* InfoPlist.strings */; };
		C8DCE4C9181DBA58008AD1B6 /* main.m in Sources */ = {isa = PBXBuildFile; fileRef = C8DCE4C8181DBA58008AD1B6 /* main.m */; };
		C8DCE4CD181DBA58008AD1B6 /* PFCAppDelegate.m in Sources */ = {isa = PBXBuildFile; fileRef = C8DCE4CC181DBA58008AD1B6 /* PFCAppDelegate.m */; };
		C8DCE4D0181DBA58008AD1B6 /* Main_iPhone.storyboard in Resources */ = {isa = PBXBuildFile; fileRef = C8DCE4CE181DBA58008AD1B6 /* Main_iPhone.storyboard */; };
		C8DCE4D3181DBA58008AD1B6 /* Main_iPad.storyboard in Resources */ = {isa = PBXBuildFile; fileRef = C8DCE4D1181DBA58008AD1B6 /* Main_iPad.storyboard */; };
		C8DCE4DB181DBA58008AD1B6 /* Images.xcassets in Resources */ = {isa = PBXBuildFile; fileRef = C8DCE4DA181DBA58008AD1B6 /* Images.xcassets */; };
		C8DCE4E2181DBA58008AD1B6 /* XCTest.framework in Frameworks */ = {isa = PBXBuildFile; fileRef = C8DCE4E1181DBA58008AD1B6 /* XCTest.framework */; };
		C8DCE4E3181DBA58008AD1B6 /* Foundation.framework in Frameworks */ = {isa = PBXBuildFile; fileRef = C8DCE4BC181DBA58008AD1B6 /* Foundation.framework */; };
		C8DCE4E4181DBA58008AD1B6 /* UIKit.framework in Frameworks */ = {isa = PBXBuildFile; fileRef = C8DCE4C0181DBA58008AD1B6 /* UIKit.framework */; };
		C8DCE4EC181DBA58008AD1B6 /* InfoPlist.strings in Resources */ = {isa = PBXBuildFile; fileRef = C8DCE4EA181DBA58008AD1B6 /* InfoPlist.strings */; };
		C8DCE4EE181DBA58008AD1B6 /* PathfinderCCTests.m in Sources */ = {isa = PBXBuildFile; fileRef = C8DCE4ED181DBA58008AD1B6 /* PathfinderCCTests.m */; };
		C8DCE4FE181DBF0B008AD1B6 /* PFCCharacterSheetViewController.m in Sources */ = {isa = PBXBuildFile; fileRef = C8DCE4FC181DBF0B008AD1B6 /* PFCCharacterSheetViewController.m */; };
		C8DCE503181DC085008AD1B6 /* PFCAbilityScoreCollectionViewCell.m in Sources */ = {isa = PBXBuildFile; fileRef = C8DCE502181DC085008AD1B6 /* PFCAbilityScoreCollectionViewCell.m */; };
		C8DCE507181DC514008AD1B6 /* PFCCharacter.m in Sources */ = {isa = PBXBuildFile; fileRef = C8DCE506181DC514008AD1B6 /* PFCCharacter.m */; };
		C8DCE50A181DD632008AD1B6 /* PFCAbilityScore.m in Sources */ = {isa = PBXBuildFile; fileRef = C8DCE509181DD632008AD1B6 /* PFCAbilityScore.m */; };
		C8DCE50F181DE7F4008AD1B6 /* PFCCreateCharacterAbilityScoreViewController.m in Sources */ = {isa = PBXBuildFile; fileRef = C8DCE50E181DE7F4008AD1B6 /* PFCCreateCharacterAbilityScoreViewController.m */; };
		E072507F182DA7A800E523B6 /* CoreRulebook.xcdatamodeld in Sources */ = {isa = PBXBuildFile; fileRef = E072507D182DA7A800E523B6 /* CoreRulebook.xcdatamodeld */; };
		E0725083182DADFC00E523B6 /* PFCRace.m in Sources */ = {isa = PBXBuildFile; fileRef = E0725082182DADFC00E523B6 /* PFCRace.m */; };
		E0725087182DADFC00E523B6 /* PFCCoreRulebook.m in Sources */ = {isa = PBXBuildFile; fileRef = E0725086182DADFC00E523B6 /* PFCCoreRulebook.m */; };
		E0EF3FCF1835C63100FA4045 /* GTMCodeCoverageApp.m in Sources */ = {isa = PBXBuildFile; fileRef = E0EF3FCE1835C63100FA4045 /* GTMCodeCoverageApp.m */; };
		E0EF3FD21835C6F100FA4045 /* GTMCodeCoverageTestsXC.m in Sources */ = {isa = PBXBuildFile; fileRef = E0EF3FD01835C6DD00FA4045 /* GTMCodeCoverageTestsXC.m */; };
/* End PBXBuildFile section */

/* Begin PBXContainerItemProxy section */
		C8DCE4E5181DBA58008AD1B6 /* PBXContainerItemProxy */ = {
			isa = PBXContainerItemProxy;
			containerPortal = C8DCE4B1181DBA58008AD1B6 /* Project object */;
			proxyType = 1;
			remoteGlobalIDString = C8DCE4B8181DBA58008AD1B6;
			remoteInfo = PathfinderCC;
		};
/* End PBXContainerItemProxy section */

/* Begin PBXFileReference section */
		3B91F4C25E7F4150ABE11486 /* Pods.xcconfig */ = {isa = PBXFileReference; includeInIndex = 1; lastKnownFileType = text.xcconfig; name = Pods.xcconfig; path = ../Pods/Pods.xcconfig; sourceTree = "<group>"; };
		83C95C926B4644269D81B523 /* Pods-PathfinderCCTests.xcconfig */ = {isa = PBXFileReference; includeInIndex = 1; lastKnownFileType = text.xcconfig; name = "Pods-PathfinderCCTests.xcconfig"; path = "../Pods/Pods-PathfinderCCTests.xcconfig"; sourceTree = "<group>"; };
		A4B964AB63344D00BB30C2D6 /* libPods.a */ = {isa = PBXFileReference; explicitFileType = archive.ar; includeInIndex = 0; path = libPods.a; sourceTree = BUILT_PRODUCTS_DIR; };
		BE5B0CD0182D82990039E623 /* PFCWrittenTextField.h */ = {isa = PBXFileReference; fileEncoding = 4; lastKnownFileType = sourcecode.c.h; path = PFCWrittenTextField.h; sourceTree = "<group>"; };
		BE5B0CD1182D82990039E623 /* PFCWrittenTextField.m */ = {isa = PBXFileReference; fileEncoding = 4; lastKnownFileType = sourcecode.c.objc; path = PFCWrittenTextField.m; sourceTree = "<group>"; };
		C8B5BEC4181F57C600602206 /* PFCPersistentStack.h */ = {isa = PBXFileReference; fileEncoding = 4; lastKnownFileType = sourcecode.c.h; path = PFCPersistentStack.h; sourceTree = "<group>"; };
		C8B5BEC5181F57C600602206 /* PFCPersistentStack.m */ = {isa = PBXFileReference; fileEncoding = 4; lastKnownFileType = sourcecode.c.objc; path = PFCPersistentStack.m; sourceTree = "<group>"; };
		C8B5BEC7181F57E500602206 /* CoreData.framework */ = {isa = PBXFileReference; lastKnownFileType = wrapper.framework; name = CoreData.framework; path = System/Library/Frameworks/CoreData.framework; sourceTree = SDKROOT; };
		C8B5BEC9181F59B600602206 /* PFCStore.h */ = {isa = PBXFileReference; fileEncoding = 4; lastKnownFileType = sourcecode.c.h; path = PFCStore.h; sourceTree = "<group>"; };
		C8B5BECA181F59B600602206 /* PFCStore.m */ = {isa = PBXFileReference; fileEncoding = 4; lastKnownFileType = sourcecode.c.objc; path = PFCStore.m; sourceTree = "<group>"; };
		C8B5BECD181F5A9600602206 /* Model.xcdatamodel */ = {isa = PBXFileReference; lastKnownFileType = wrapper.xcdatamodel; path = Model.xcdatamodel; sourceTree = "<group>"; };
		C8B5BED5181FE39900602206 /* PFCMenuViewController.h */ = {isa = PBXFileReference; fileEncoding = 4; lastKnownFileType = sourcecode.c.h; path = PFCMenuViewController.h; sourceTree = "<group>"; };
		C8B5BED6181FE39900602206 /* PFCMenuViewController.m */ = {isa = PBXFileReference; fileEncoding = 4; lastKnownFileType = sourcecode.c.objc; path = PFCMenuViewController.m; sourceTree = "<group>"; };
		C8B5BED81820970B00602206 /* PFCCharacterListViewController.h */ = {isa = PBXFileReference; fileEncoding = 4; lastKnownFileType = sourcecode.c.h; path = PFCCharacterListViewController.h; sourceTree = "<group>"; };
		C8B5BED91820970B00602206 /* PFCCharacterListViewController.m */ = {isa = PBXFileReference; fileEncoding = 4; lastKnownFileType = sourcecode.c.objc; path = PFCCharacterListViewController.m; sourceTree = "<group>"; };
		C8B5BEDC182097E500602206 /* PFCFetchedResultsControllerDataSource.h */ = {isa = PBXFileReference; fileEncoding = 4; lastKnownFileType = sourcecode.c.h; path = PFCFetchedResultsControllerDataSource.h; sourceTree = "<group>"; };
		C8B5BEDD182097E500602206 /* PFCFetchedResultsControllerDataSource.m */ = {isa = PBXFileReference; fileEncoding = 4; lastKnownFileType = sourcecode.c.objc; path = PFCFetchedResultsControllerDataSource.m; sourceTree = "<group>"; };
		C8B5BEE018209DDF00602206 /* PFCCreateCharacterNameViewController.h */ = {isa = PBXFileReference; fileEncoding = 4; lastKnownFileType = sourcecode.c.h; path = PFCCreateCharacterNameViewController.h; sourceTree = "<group>"; };
		C8B5BEE118209DDF00602206 /* PFCCreateCharacterNameViewController.m */ = {isa = PBXFileReference; fileEncoding = 4; lastKnownFileType = sourcecode.c.objc; path = PFCCreateCharacterNameViewController.m; sourceTree = "<group>"; };
		C8DA37621821E6BF00DBC2F7 /* PFCAlignment.h */ = {isa = PBXFileReference; fileEncoding = 4; lastKnownFileType = sourcecode.c.h; path = PFCAlignment.h; sourceTree = "<group>"; };
		C8DA37631821E6BF00DBC2F7 /* PFCAlignment.m */ = {isa = PBXFileReference; fileEncoding = 4; lastKnownFileType = sourcecode.c.objc; path = PFCAlignment.m; sourceTree = "<group>"; };
		C8DA37651821E92A00DBC2F7 /* PFCGender.h */ = {isa = PBXFileReference; fileEncoding = 4; lastKnownFileType = sourcecode.c.h; path = PFCGender.h; sourceTree = "<group>"; };
		C8DA37661821E92A00DBC2F7 /* PFCGender.m */ = {isa = PBXFileReference; fileEncoding = 4; lastKnownFileType = sourcecode.c.objc; path = PFCGender.m; sourceTree = "<group>"; };
		C8DCE4B9181DBA58008AD1B6 /* PathfinderCC.app */ = {isa = PBXFileReference; explicitFileType = wrapper.application; includeInIndex = 0; path = PathfinderCC.app; sourceTree = BUILT_PRODUCTS_DIR; };
		C8DCE4BC181DBA58008AD1B6 /* Foundation.framework */ = {isa = PBXFileReference; lastKnownFileType = wrapper.framework; name = Foundation.framework; path = System/Library/Frameworks/Foundation.framework; sourceTree = SDKROOT; };
		C8DCE4BE181DBA58008AD1B6 /* CoreGraphics.framework */ = {isa = PBXFileReference; lastKnownFileType = wrapper.framework; name = CoreGraphics.framework; path = System/Library/Frameworks/CoreGraphics.framework; sourceTree = SDKROOT; };
		C8DCE4C0181DBA58008AD1B6 /* UIKit.framework */ = {isa = PBXFileReference; lastKnownFileType = wrapper.framework; name = UIKit.framework; path = System/Library/Frameworks/UIKit.framework; sourceTree = SDKROOT; };
		C8DCE4C4181DBA58008AD1B6 /* PathfinderCC-Info.plist */ = {isa = PBXFileReference; lastKnownFileType = text.plist.xml; path = "PathfinderCC-Info.plist"; sourceTree = "<group>"; };
		C8DCE4C6181DBA58008AD1B6 /* en */ = {isa = PBXFileReference; lastKnownFileType = text.plist.strings; name = en; path = en.lproj/InfoPlist.strings; sourceTree = "<group>"; };
		C8DCE4C8181DBA58008AD1B6 /* main.m */ = {isa = PBXFileReference; lastKnownFileType = sourcecode.c.objc; path = main.m; sourceTree = "<group>"; };
		C8DCE4CA181DBA58008AD1B6 /* PathfinderCC-Prefix.pch */ = {isa = PBXFileReference; lastKnownFileType = sourcecode.c.h; path = "PathfinderCC-Prefix.pch"; sourceTree = "<group>"; };
		C8DCE4CB181DBA58008AD1B6 /* PFCAppDelegate.h */ = {isa = PBXFileReference; lastKnownFileType = sourcecode.c.h; path = PFCAppDelegate.h; sourceTree = "<group>"; };
		C8DCE4CC181DBA58008AD1B6 /* PFCAppDelegate.m */ = {isa = PBXFileReference; lastKnownFileType = sourcecode.c.objc; path = PFCAppDelegate.m; sourceTree = "<group>"; };
		C8DCE4CF181DBA58008AD1B6 /* Base */ = {isa = PBXFileReference; lastKnownFileType = file.storyboard; name = Base; path = Base.lproj/Main_iPhone.storyboard; sourceTree = "<group>"; };
		C8DCE4D2181DBA58008AD1B6 /* Base */ = {isa = PBXFileReference; lastKnownFileType = file.storyboard; name = Base; path = Base.lproj/Main_iPad.storyboard; sourceTree = "<group>"; };
		C8DCE4DA181DBA58008AD1B6 /* Images.xcassets */ = {isa = PBXFileReference; lastKnownFileType = folder.assetcatalog; path = Images.xcassets; sourceTree = "<group>"; };
		C8DCE4E0181DBA58008AD1B6 /* PathfinderCCTests.xctest */ = {isa = PBXFileReference; explicitFileType = wrapper.cfbundle; includeInIndex = 0; path = PathfinderCCTests.xctest; sourceTree = BUILT_PRODUCTS_DIR; };
		C8DCE4E1181DBA58008AD1B6 /* XCTest.framework */ = {isa = PBXFileReference; lastKnownFileType = wrapper.framework; name = XCTest.framework; path = Library/Frameworks/XCTest.framework; sourceTree = DEVELOPER_DIR; };
		C8DCE4E9181DBA58008AD1B6 /* PathfinderCCTests-Info.plist */ = {isa = PBXFileReference; lastKnownFileType = text.plist.xml; path = "PathfinderCCTests-Info.plist"; sourceTree = "<group>"; };
		C8DCE4EB181DBA58008AD1B6 /* en */ = {isa = PBXFileReference; lastKnownFileType = text.plist.strings; name = en; path = en.lproj/InfoPlist.strings; sourceTree = "<group>"; };
		C8DCE4ED181DBA58008AD1B6 /* PathfinderCCTests.m */ = {isa = PBXFileReference; lastKnownFileType = sourcecode.c.objc; path = PathfinderCCTests.m; sourceTree = "<group>"; };
		C8DCE4FB181DBF0B008AD1B6 /* PFCCharacterSheetViewController.h */ = {isa = PBXFileReference; fileEncoding = 4; lastKnownFileType = sourcecode.c.h; name = PFCCharacterSheetViewController.h; path = PathfinderCC/Controllers/PFCCharacterSheetViewController.h; sourceTree = SOURCE_ROOT; };
		C8DCE4FC181DBF0B008AD1B6 /* PFCCharacterSheetViewController.m */ = {isa = PBXFileReference; fileEncoding = 4; lastKnownFileType = sourcecode.c.objc; name = PFCCharacterSheetViewController.m; path = PathfinderCC/Controllers/PFCCharacterSheetViewController.m; sourceTree = SOURCE_ROOT; };
		C8DCE501181DC084008AD1B6 /* PFCAbilityScoreCollectionViewCell.h */ = {isa = PBXFileReference; fileEncoding = 4; lastKnownFileType = sourcecode.c.h; path = PFCAbilityScoreCollectionViewCell.h; sourceTree = "<group>"; };
		C8DCE502181DC085008AD1B6 /* PFCAbilityScoreCollectionViewCell.m */ = {isa = PBXFileReference; fileEncoding = 4; lastKnownFileType = sourcecode.c.objc; path = PFCAbilityScoreCollectionViewCell.m; sourceTree = "<group>"; };
		C8DCE505181DC514008AD1B6 /* PFCCharacter.h */ = {isa = PBXFileReference; fileEncoding = 4; lastKnownFileType = sourcecode.c.h; path = PFCCharacter.h; sourceTree = "<group>"; };
		C8DCE506181DC514008AD1B6 /* PFCCharacter.m */ = {isa = PBXFileReference; fileEncoding = 4; lastKnownFileType = sourcecode.c.objc; path = PFCCharacter.m; sourceTree = "<group>"; };
		C8DCE508181DD632008AD1B6 /* PFCAbilityScore.h */ = {isa = PBXFileReference; fileEncoding = 4; lastKnownFileType = sourcecode.c.h; path = PFCAbilityScore.h; sourceTree = "<group>"; };
		C8DCE509181DD632008AD1B6 /* PFCAbilityScore.m */ = {isa = PBXFileReference; fileEncoding = 4; lastKnownFileType = sourcecode.c.objc; path = PFCAbilityScore.m; sourceTree = "<group>"; };
		C8DCE50D181DE7F4008AD1B6 /* PFCCreateCharacterAbilityScoreViewController.h */ = {isa = PBXFileReference; fileEncoding = 4; lastKnownFileType = sourcecode.c.h; path = PFCCreateCharacterAbilityScoreViewController.h; sourceTree = "<group>"; };
		C8DCE50E181DE7F4008AD1B6 /* PFCCreateCharacterAbilityScoreViewController.m */ = {isa = PBXFileReference; fileEncoding = 4; lastKnownFileType = sourcecode.c.objc; path = PFCCreateCharacterAbilityScoreViewController.m; sourceTree = "<group>"; };
		E072507C182DA48D00E523B6 /* PathfinderCC copy-Info.plist */ = {isa = PBXFileReference; lastKnownFileType = text.plist.xml; name = "PathfinderCC copy-Info.plist"; path = "/Users/achappell/Documents/Development/iOS/pathfinder-cc/PathfinderCC/PathfinderCC copy-Info.plist"; sourceTree = "<absolute>"; };
		E072507E182DA7A800E523B6 /* CoreRulebook.xcdatamodel */ = {isa = PBXFileReference; lastKnownFileType = wrapper.xcdatamodel; path = CoreRulebook.xcdatamodel; sourceTree = "<group>"; };
		E0725081182DADFC00E523B6 /* PFCRace.h */ = {isa = PBXFileReference; fileEncoding = 4; lastKnownFileType = sourcecode.c.h; name = PFCRace.h; path = PathfinderCC/Models/PFCRace.h; sourceTree = SOURCE_ROOT; };
		E0725082182DADFC00E523B6 /* PFCRace.m */ = {isa = PBXFileReference; fileEncoding = 4; lastKnownFileType = sourcecode.c.objc; name = PFCRace.m; path = PathfinderCC/Models/PFCRace.m; sourceTree = SOURCE_ROOT; };
		E0725085182DADFC00E523B6 /* PFCCoreRulebook.h */ = {isa = PBXFileReference; fileEncoding = 4; lastKnownFileType = sourcecode.c.h; name = PFCCoreRulebook.h; path = PathfinderCC/Models/PFCCoreRulebook.h; sourceTree = SOURCE_ROOT; };
		E0725086182DADFC00E523B6 /* PFCCoreRulebook.m */ = {isa = PBXFileReference; fileEncoding = 4; lastKnownFileType = sourcecode.c.objc; name = PFCCoreRulebook.m; path = PathfinderCC/Models/PFCCoreRulebook.m; sourceTree = SOURCE_ROOT; };
		E0EF3FCD1835C63100FA4045 /* GTMCodeCoverageApp.h */ = {isa = PBXFileReference; fileEncoding = 4; lastKnownFileType = sourcecode.c.h; path = GTMCodeCoverageApp.h; sourceTree = "<group>"; };
		E0EF3FCE1835C63100FA4045 /* GTMCodeCoverageApp.m */ = {isa = PBXFileReference; fileEncoding = 4; lastKnownFileType = sourcecode.c.objc; path = GTMCodeCoverageApp.m; sourceTree = "<group>"; };
		E0EF3FD01835C6DD00FA4045 /* GTMCodeCoverageTestsXC.m */ = {isa = PBXFileReference; fileEncoding = 4; lastKnownFileType = sourcecode.c.objc; name = GTMCodeCoverageTestsXC.m; path = ../PathfinderCC/GTMCodeCoverageTestsXC.m; sourceTree = "<group>"; };
		E4C3FEB92BBB4B959DC39334 /* libPods-PathfinderCCTests.a */ = {isa = PBXFileReference; explicitFileType = archive.ar; includeInIndex = 0; path = "libPods-PathfinderCCTests.a"; sourceTree = BUILT_PRODUCTS_DIR; };
/* End PBXFileReference section */

/* Begin PBXFrameworksBuildPhase section */
		C8DCE4B6181DBA58008AD1B6 /* Frameworks */ = {
			isa = PBXFrameworksBuildPhase;
			buildActionMask = 2147483647;
			files = (
				C8B5BEC8181F57E500602206 /* CoreData.framework in Frameworks */,
				C8DCE4BF181DBA58008AD1B6 /* CoreGraphics.framework in Frameworks */,
				C8DCE4C1181DBA58008AD1B6 /* UIKit.framework in Frameworks */,
				C8DCE4BD181DBA58008AD1B6 /* Foundation.framework in Frameworks */,
				A7403EF7D87D4FF0817E552E /* libPods.a in Frameworks */,
			);
			runOnlyForDeploymentPostprocessing = 0;
		};
		C8DCE4DD181DBA58008AD1B6 /* Frameworks */ = {
			isa = PBXFrameworksBuildPhase;
			buildActionMask = 2147483647;
			files = (
				C8DCE4E2181DBA58008AD1B6 /* XCTest.framework in Frameworks */,
				C8DCE4E4181DBA58008AD1B6 /* UIKit.framework in Frameworks */,
				C8DCE4E3181DBA58008AD1B6 /* Foundation.framework in Frameworks */,
				C2C82314EAE7481DA3FED2A9 /* libPods-PathfinderCCTests.a in Frameworks */,
			);
			runOnlyForDeploymentPostprocessing = 0;
		};
/* End PBXFrameworksBuildPhase section */

/* Begin PBXGroup section */
		C8B5BEC3181F578000602206 /* CoreData */ = {
			isa = PBXGroup;
			children = (
				C8B5BEC4181F57C600602206 /* PFCPersistentStack.h */,
				C8B5BEC5181F57C600602206 /* PFCPersistentStack.m */,
				C8B5BEC9181F59B600602206 /* PFCStore.h */,
				C8B5BECA181F59B600602206 /* PFCStore.m */,
				C8B5BECC181F5A9600602206 /* Model.xcdatamodeld */,
				E072507D182DA7A800E523B6 /* CoreRulebook.xcdatamodeld */,
			);
			path = CoreData;
			sourceTree = "<group>";
		};
		C8B5BEDB182097BF00602206 /* DataSource */ = {
			isa = PBXGroup;
			children = (
				C8B5BEDC182097E500602206 /* PFCFetchedResultsControllerDataSource.h */,
				C8B5BEDD182097E500602206 /* PFCFetchedResultsControllerDataSource.m */,
			);
			path = DataSource;
			sourceTree = "<group>";
		};
		C8B5BEDF18209D9200602206 /* CreateCharacterControllers */ = {
			isa = PBXGroup;
			children = (
				C8DCE50D181DE7F4008AD1B6 /* PFCCreateCharacterAbilityScoreViewController.h */,
				C8DCE50E181DE7F4008AD1B6 /* PFCCreateCharacterAbilityScoreViewController.m */,
				C8B5BEE018209DDF00602206 /* PFCCreateCharacterNameViewController.h */,
				C8B5BEE118209DDF00602206 /* PFCCreateCharacterNameViewController.m */,
			);
			path = CreateCharacterControllers;
			sourceTree = "<group>";
		};
		C8DA37611821E69600DBC2F7 /* Constants */ = {
			isa = PBXGroup;
			children = (
				C8DA37621821E6BF00DBC2F7 /* PFCAlignment.h */,
				C8DA37631821E6BF00DBC2F7 /* PFCAlignment.m */,
				C8DA37651821E92A00DBC2F7 /* PFCGender.h */,
				C8DA37661821E92A00DBC2F7 /* PFCGender.m */,
			);
			path = Constants;
			sourceTree = "<group>";
		};
		C8DCE4B0181DBA58008AD1B6 = {
			isa = PBXGroup;
			children = (
				C8DCE4C2181DBA58008AD1B6 /* PathfinderCC */,
				C8DCE4E7181DBA58008AD1B6 /* PathfinderCCTests */,
				C8DCE4BB181DBA58008AD1B6 /* Frameworks */,
				C8DCE4BA181DBA58008AD1B6 /* Products */,
				3B91F4C25E7F4150ABE11486 /* Pods.xcconfig */,
				E072507C182DA48D00E523B6 /* PathfinderCC copy-Info.plist */,
				83C95C926B4644269D81B523 /* Pods-PathfinderCCTests.xcconfig */,
			);
			sourceTree = "<group>";
		};
		C8DCE4BA181DBA58008AD1B6 /* Products */ = {
			isa = PBXGroup;
			children = (
				C8DCE4B9181DBA58008AD1B6 /* PathfinderCC.app */,
				C8DCE4E0181DBA58008AD1B6 /* PathfinderCCTests.xctest */,
			);
			name = Products;
			sourceTree = "<group>";
		};
		C8DCE4BB181DBA58008AD1B6 /* Frameworks */ = {
			isa = PBXGroup;
			children = (
				C8B5BEC7181F57E500602206 /* CoreData.framework */,
				C8DCE4BC181DBA58008AD1B6 /* Foundation.framework */,
				C8DCE4BE181DBA58008AD1B6 /* CoreGraphics.framework */,
				C8DCE4C0181DBA58008AD1B6 /* UIKit.framework */,
				C8DCE4E1181DBA58008AD1B6 /* XCTest.framework */,
				A4B964AB63344D00BB30C2D6 /* libPods.a */,
				E4C3FEB92BBB4B959DC39334 /* libPods-PathfinderCCTests.a */,
			);
			name = Frameworks;
			sourceTree = "<group>";
		};
		C8DCE4C2181DBA58008AD1B6 /* PathfinderCC */ = {
			isa = PBXGroup;
			children = (
				C8DA37611821E69600DBC2F7 /* Constants */,
				C8B5BEDB182097BF00602206 /* DataSource */,
				C8B5BEC3181F578000602206 /* CoreData */,
				C8DCE504181DC4BF008AD1B6 /* Models */,
				C8DCE500181DC02C008AD1B6 /* Views */,
				C8DCE4F7181DBE27008AD1B6 /* Controllers */,
				C8DCE4CB181DBA58008AD1B6 /* PFCAppDelegate.h */,
				C8DCE4CC181DBA58008AD1B6 /* PFCAppDelegate.m */,
				C8DCE4CE181DBA58008AD1B6 /* Main_iPhone.storyboard */,
				C8DCE4D1181DBA58008AD1B6 /* Main_iPad.storyboard */,
				C8DCE4DA181DBA58008AD1B6 /* Images.xcassets */,
				C8DCE4C3181DBA58008AD1B6 /* Supporting Files */,
			);
			path = PathfinderCC;
			sourceTree = "<group>";
		};
		C8DCE4C3181DBA58008AD1B6 /* Supporting Files */ = {
			isa = PBXGroup;
			children = (
				E0EF3FCD1835C63100FA4045 /* GTMCodeCoverageApp.h */,
				E0EF3FCE1835C63100FA4045 /* GTMCodeCoverageApp.m */,
				C8DCE4C4181DBA58008AD1B6 /* PathfinderCC-Info.plist */,
				C8DCE4C5181DBA58008AD1B6 /* InfoPlist.strings */,
				C8DCE4C8181DBA58008AD1B6 /* main.m */,
				C8DCE4CA181DBA58008AD1B6 /* PathfinderCC-Prefix.pch */,
			);
			name = "Supporting Files";
			sourceTree = "<group>";
		};
		C8DCE4E7181DBA58008AD1B6 /* PathfinderCCTests */ = {
			isa = PBXGroup;
			children = (
				E0EF3FD01835C6DD00FA4045 /* GTMCodeCoverageTestsXC.m */,
				C8DCE4ED181DBA58008AD1B6 /* PathfinderCCTests.m */,
				C8DCE4E8181DBA58008AD1B6 /* Supporting Files */,
			);
			path = PathfinderCCTests;
			sourceTree = "<group>";
		};
		C8DCE4E8181DBA58008AD1B6 /* Supporting Files */ = {
			isa = PBXGroup;
			children = (
				C8DCE4E9181DBA58008AD1B6 /* PathfinderCCTests-Info.plist */,
				C8DCE4EA181DBA58008AD1B6 /* InfoPlist.strings */,
			);
			name = "Supporting Files";
			sourceTree = "<group>";
		};
		C8DCE4F7181DBE27008AD1B6 /* Controllers */ = {
			isa = PBXGroup;
			children = (
				C8B5BEDF18209D9200602206 /* CreateCharacterControllers */,
				C8DCE4FB181DBF0B008AD1B6 /* PFCCharacterSheetViewController.h */,
				C8DCE4FC181DBF0B008AD1B6 /* PFCCharacterSheetViewController.m */,
				C8B5BED5181FE39900602206 /* PFCMenuViewController.h */,
				C8B5BED6181FE39900602206 /* PFCMenuViewController.m */,
				C8B5BED81820970B00602206 /* PFCCharacterListViewController.h */,
				C8B5BED91820970B00602206 /* PFCCharacterListViewController.m */,
			);
			path = Controllers;
			sourceTree = "<group>";
		};
		C8DCE500181DC02C008AD1B6 /* Views */ = {
			isa = PBXGroup;
			children = (
				C8DCE501181DC084008AD1B6 /* PFCAbilityScoreCollectionViewCell.h */,
				C8DCE502181DC085008AD1B6 /* PFCAbilityScoreCollectionViewCell.m */,
				BE5B0CD0182D82990039E623 /* PFCWrittenTextField.h */,
				BE5B0CD1182D82990039E623 /* PFCWrittenTextField.m */,
			);
			path = Views;
			sourceTree = "<group>";
		};
		C8DCE504181DC4BF008AD1B6 /* Models */ = {
			isa = PBXGroup;
			children = (
				E0725085182DADFC00E523B6 /* PFCCoreRulebook.h */,
				E0725086182DADFC00E523B6 /* PFCCoreRulebook.m */,
				E0725081182DADFC00E523B6 /* PFCRace.h */,
				E0725082182DADFC00E523B6 /* PFCRace.m */,
				C8DCE505181DC514008AD1B6 /* PFCCharacter.h */,
				C8DCE506181DC514008AD1B6 /* PFCCharacter.m */,
				C8DCE508181DD632008AD1B6 /* PFCAbilityScore.h */,
				C8DCE509181DD632008AD1B6 /* PFCAbilityScore.m */,
			);
			path = Models;
			sourceTree = "<group>";
		};
/* End PBXGroup section */

/* Begin PBXNativeTarget section */
		C8DCE4B8181DBA58008AD1B6 /* PathfinderCC */ = {
			isa = PBXNativeTarget;
			buildConfigurationList = C8DCE4F1181DBA59008AD1B6 /* Build configuration list for PBXNativeTarget "PathfinderCC" */;
			buildPhases = (
				1D89F7B77DD148A6A9605B63 /* Check Pods Manifest.lock */,
				C8DCE4B5181DBA58008AD1B6 /* Sources */,
				C8DCE4B6181DBA58008AD1B6 /* Frameworks */,
				C8DCE4B7181DBA58008AD1B6 /* Resources */,
				6E741F847959456ABCCC9279 /* Copy Pods Resources */,
				E0EF3FCC1835C27400FA4045 /* ShellScript */,
			);
			buildRules = (
			);
			dependencies = (
			);
			name = PathfinderCC;
			productName = PathfinderCC;
			productReference = C8DCE4B9181DBA58008AD1B6 /* PathfinderCC.app */;
			productType = "com.apple.product-type.application";
		};
		C8DCE4DF181DBA58008AD1B6 /* PathfinderCCTests */ = {
			isa = PBXNativeTarget;
			buildConfigurationList = C8DCE4F4181DBA59008AD1B6 /* Build configuration list for PBXNativeTarget "PathfinderCCTests" */;
			buildPhases = (
				E98E1F7A906D4902950DDB09 /* Check Pods Manifest.lock */,
				C8DCE4DC181DBA58008AD1B6 /* Sources */,
				C8DCE4DD181DBA58008AD1B6 /* Frameworks */,
				C8DCE4DE181DBA58008AD1B6 /* Resources */,
				58BD2A365D3A47BAA6E8DB9F /* Copy Pods Resources */,
			);
			buildRules = (
			);
			dependencies = (
				C8DCE4E6181DBA58008AD1B6 /* PBXTargetDependency */,
			);
			name = PathfinderCCTests;
			productName = PathfinderCCTests;
			productReference = C8DCE4E0181DBA58008AD1B6 /* PathfinderCCTests.xctest */;
			productType = "com.apple.product-type.bundle.unit-test";
		};
/* End PBXNativeTarget section */

/* Begin PBXProject section */
		C8DCE4B1181DBA58008AD1B6 /* Project object */ = {
			isa = PBXProject;
			attributes = {
				CLASSPREFIX = PFC;
				LastUpgradeCheck = 0500;
				ORGANIZATIONNAME = "Amanda Chappell";
				TargetAttributes = {
					C8DCE4B8181DBA58008AD1B6 = {
						DevelopmentTeam = 37CAHGRH45;
						SystemCapabilities = {
							com.apple.BackgroundModes = {
								enabled = 0;
							};
							com.apple.iCloud = {
								enabled = 0;
							};
						};
					};
					C8DCE4DF181DBA58008AD1B6 = {
						TestTargetID = C8DCE4B8181DBA58008AD1B6;
					};
				};
			};
			buildConfigurationList = C8DCE4B4181DBA58008AD1B6 /* Build configuration list for PBXProject "PathfinderCC" */;
			compatibilityVersion = "Xcode 3.2";
			developmentRegion = English;
			hasScannedForEncodings = 0;
			knownRegions = (
				en,
				Base,
			);
			mainGroup = C8DCE4B0181DBA58008AD1B6;
			productRefGroup = C8DCE4BA181DBA58008AD1B6 /* Products */;
			projectDirPath = "";
			projectRoot = "";
			targets = (
				C8DCE4B8181DBA58008AD1B6 /* PathfinderCC */,
				C8DCE4DF181DBA58008AD1B6 /* PathfinderCCTests */,
			);
		};
/* End PBXProject section */

/* Begin PBXResourcesBuildPhase section */
		C8DCE4B7181DBA58008AD1B6 /* Resources */ = {
			isa = PBXResourcesBuildPhase;
			buildActionMask = 2147483647;
			files = (
				C8DCE4D3181DBA58008AD1B6 /* Main_iPad.storyboard in Resources */,
				C8DCE4DB181DBA58008AD1B6 /* Images.xcassets in Resources */,
				C8DCE4D0181DBA58008AD1B6 /* Main_iPhone.storyboard in Resources */,
				C8DCE4C7181DBA58008AD1B6 /* InfoPlist.strings in Resources */,
			);
			runOnlyForDeploymentPostprocessing = 0;
		};
		C8DCE4DE181DBA58008AD1B6 /* Resources */ = {
			isa = PBXResourcesBuildPhase;
			buildActionMask = 2147483647;
			files = (
				C8DCE4EC181DBA58008AD1B6 /* InfoPlist.strings in Resources */,
			);
			runOnlyForDeploymentPostprocessing = 0;
		};
/* End PBXResourcesBuildPhase section */

/* Begin PBXShellScriptBuildPhase section */
		1D89F7B77DD148A6A9605B63 /* Check Pods Manifest.lock */ = {
			isa = PBXShellScriptBuildPhase;
			buildActionMask = 2147483647;
			files = (
			);
			inputPaths = (
			);
			name = "Check Pods Manifest.lock";
			outputPaths = (
			);
			runOnlyForDeploymentPostprocessing = 0;
			shellPath = /bin/sh;
			shellScript = "diff \"${PODS_ROOT}/../Podfile.lock\" \"${PODS_ROOT}/Manifest.lock\" > /dev/null\nif [[ $? != 0 ]] ; then\n    cat << EOM\nerror: The sandbox is not in sync with the Podfile.lock. Run 'pod install' or update your CocoaPods installation.\nEOM\n    exit 1\nfi\n";
			showEnvVarsInLog = 0;
		};
		58BD2A365D3A47BAA6E8DB9F /* Copy Pods Resources */ = {
			isa = PBXShellScriptBuildPhase;
			buildActionMask = 2147483647;
			files = (
			);
			inputPaths = (
			);
			name = "Copy Pods Resources";
			outputPaths = (
			);
			runOnlyForDeploymentPostprocessing = 0;
			shellPath = /bin/sh;
			shellScript = "\"${SRCROOT}/../Pods/Pods-PathfinderCCTests-resources.sh\"\n";
			showEnvVarsInLog = 0;
		};
		6E741F847959456ABCCC9279 /* Copy Pods Resources */ = {
			isa = PBXShellScriptBuildPhase;
			buildActionMask = 2147483647;
			files = (
			);
			inputPaths = (
			);
			name = "Copy Pods Resources";
			outputPaths = (
			);
			runOnlyForDeploymentPostprocessing = 0;
			shellPath = /bin/sh;
			shellScript = "\"${SRCROOT}/../Pods/Pods-resources.sh\"\n";
			showEnvVarsInLog = 0;
		};
		E0EF3FCC1835C27400FA4045 /* ShellScript */ = {
			isa = PBXShellScriptBuildPhase;
			buildActionMask = 2147483647;
			files = (
			);
			inputPaths = (
			);
			outputPaths = (
			);
			runOnlyForDeploymentPostprocessing = 0;
			shellPath = /bin/sh;
			shellScript = XcodeCoverage/exportenv.sh;
		};
		E98E1F7A906D4902950DDB09 /* Check Pods Manifest.lock */ = {
			isa = PBXShellScriptBuildPhase;
			buildActionMask = 2147483647;
			files = (
			);
			inputPaths = (
			);
			name = "Check Pods Manifest.lock";
			outputPaths = (
			);
			runOnlyForDeploymentPostprocessing = 0;
			shellPath = /bin/sh;
			shellScript = "diff \"${PODS_ROOT}/../Podfile.lock\" \"${PODS_ROOT}/Manifest.lock\" > /dev/null\nif [[ $? != 0 ]] ; then\n    cat << EOM\nerror: The sandbox is not in sync with the Podfile.lock. Run 'pod install' or update your CocoaPods installation.\nEOM\n    exit 1\nfi\n";
			showEnvVarsInLog = 0;
		};
/* End PBXShellScriptBuildPhase section */

/* Begin PBXSourcesBuildPhase section */
		C8DCE4B5181DBA58008AD1B6 /* Sources */ = {
			isa = PBXSourcesBuildPhase;
			buildActionMask = 2147483647;
			files = (
				E0725083182DADFC00E523B6 /* PFCRace.m in Sources */,
				E0725087182DADFC00E523B6 /* PFCCoreRulebook.m in Sources */,
				C8B5BEC6181F57C600602206 /* PFCPersistentStack.m in Sources */,
				C8DCE50F181DE7F4008AD1B6 /* PFCCreateCharacterAbilityScoreViewController.m in Sources */,
				C8DA37641821E6BF00DBC2F7 /* PFCAlignment.m in Sources */,
				C8B5BED7181FE39900602206 /* PFCMenuViewController.m in Sources */,
				C8DA37671821E92A00DBC2F7 /* PFCGender.m in Sources */,
				C8B5BEDE182097E500602206 /* PFCFetchedResultsControllerDataSource.m in Sources */,
				BE5B0CD2182D82990039E623 /* PFCWrittenTextField.m in Sources */,
				C8B5BECB181F59B600602206 /* PFCStore.m in Sources */,
				C8B5BEE218209DDF00602206 /* PFCCreateCharacterNameViewController.m in Sources */,
				C8DCE4CD181DBA58008AD1B6 /* PFCAppDelegate.m in Sources */,
				C8DCE4FE181DBF0B008AD1B6 /* PFCCharacterSheetViewController.m in Sources */,
				C8DCE507181DC514008AD1B6 /* PFCCharacter.m in Sources */,
				C8DCE503181DC085008AD1B6 /* PFCAbilityScoreCollectionViewCell.m in Sources */,
				E072507F182DA7A800E523B6 /* CoreRulebook.xcdatamodeld in Sources */,
				C8B5BEDA1820970B00602206 /* PFCCharacterListViewController.m in Sources */,
				C8DCE4C9181DBA58008AD1B6 /* main.m in Sources */,
				C8B5BECE181F5A9600602206 /* Model.xcdatamodeld in Sources */,
				C8DCE50A181DD632008AD1B6 /* PFCAbilityScore.m in Sources */,
				E0EF3FCF1835C63100FA4045 /* GTMCodeCoverageApp.m in Sources */,
			);
			runOnlyForDeploymentPostprocessing = 0;
		};
		C8DCE4DC181DBA58008AD1B6 /* Sources */ = {
			isa = PBXSourcesBuildPhase;
			buildActionMask = 2147483647;
			files = (
				E0EF3FD21835C6F100FA4045 /* GTMCodeCoverageTestsXC.m in Sources */,
				C8DCE4EE181DBA58008AD1B6 /* PathfinderCCTests.m in Sources */,
			);
			runOnlyForDeploymentPostprocessing = 0;
		};
/* End PBXSourcesBuildPhase section */

/* Begin PBXTargetDependency section */
		C8DCE4E6181DBA58008AD1B6 /* PBXTargetDependency */ = {
			isa = PBXTargetDependency;
			target = C8DCE4B8181DBA58008AD1B6 /* PathfinderCC */;
			targetProxy = C8DCE4E5181DBA58008AD1B6 /* PBXContainerItemProxy */;
		};
/* End PBXTargetDependency section */

/* Begin PBXVariantGroup section */
		C8DCE4C5181DBA58008AD1B6 /* InfoPlist.strings */ = {
			isa = PBXVariantGroup;
			children = (
				C8DCE4C6181DBA58008AD1B6 /* en */,
			);
			name = InfoPlist.strings;
			sourceTree = "<group>";
		};
		C8DCE4CE181DBA58008AD1B6 /* Main_iPhone.storyboard */ = {
			isa = PBXVariantGroup;
			children = (
				C8DCE4CF181DBA58008AD1B6 /* Base */,
			);
			name = Main_iPhone.storyboard;
			sourceTree = "<group>";
		};
		C8DCE4D1181DBA58008AD1B6 /* Main_iPad.storyboard */ = {
			isa = PBXVariantGroup;
			children = (
				C8DCE4D2181DBA58008AD1B6 /* Base */,
			);
			name = Main_iPad.storyboard;
			sourceTree = "<group>";
		};
		C8DCE4EA181DBA58008AD1B6 /* InfoPlist.strings */ = {
			isa = PBXVariantGroup;
			children = (
				C8DCE4EB181DBA58008AD1B6 /* en */,
			);
			name = InfoPlist.strings;
			sourceTree = "<group>";
		};
/* End PBXVariantGroup section */

/* Begin XCBuildConfiguration section */
		C8DCE4EF181DBA59008AD1B6 /* Debug */ = {
			isa = XCBuildConfiguration;
			buildSettings = {
				ALWAYS_SEARCH_USER_PATHS = NO;
				ARCHS = "$(ARCHS_STANDARD_INCLUDING_64_BIT)";
				CLANG_CXX_LANGUAGE_STANDARD = "gnu++0x";
				CLANG_CXX_LIBRARY = "libc++";
				CLANG_ENABLE_MODULES = YES;
				CLANG_ENABLE_OBJC_ARC = YES;
				CLANG_WARN_BOOL_CONVERSION = YES;
				CLANG_WARN_CONSTANT_CONVERSION = YES;
				CLANG_WARN_DIRECT_OBJC_ISA_USAGE = YES_ERROR;
				CLANG_WARN_EMPTY_BODY = YES;
				CLANG_WARN_ENUM_CONVERSION = YES;
				CLANG_WARN_INT_CONVERSION = YES;
				CLANG_WARN_OBJC_ROOT_CLASS = YES_ERROR;
				CLANG_WARN__DUPLICATE_METHOD_MATCH = YES;
				"CODE_SIGN_IDENTITY[sdk=iphoneos*]" = "iPhone Developer";
				COPY_PHASE_STRIP = NO;
				GCC_C_LANGUAGE_STANDARD = gnu99;
				GCC_DYNAMIC_NO_PIC = NO;
				GCC_GENERATE_TEST_COVERAGE_FILES = YES;
				GCC_OPTIMIZATION_LEVEL = 0;
				GCC_PREPROCESSOR_DEFINITIONS = (
					"DEBUG=1",
					"$(inherited)",
				);
				GCC_SYMBOLS_PRIVATE_EXTERN = NO;
				GCC_WARN_64_TO_32_BIT_CONVERSION = YES;
				GCC_WARN_ABOUT_RETURN_TYPE = YES_ERROR;
				GCC_WARN_UNDECLARED_SELECTOR = YES;
				GCC_WARN_UNINITIALIZED_AUTOS = YES;
				GCC_WARN_UNUSED_FUNCTION = YES;
				GCC_WARN_UNUSED_VARIABLE = YES;
				IPHONEOS_DEPLOYMENT_TARGET = 7.0;
				ONLY_ACTIVE_ARCH = NO;
				SDKROOT = iphoneos;
				TARGETED_DEVICE_FAMILY = "1,2";
			};
			name = Debug;
		};
		C8DCE4F0181DBA59008AD1B6 /* Release */ = {
			isa = XCBuildConfiguration;
			buildSettings = {
				ALWAYS_SEARCH_USER_PATHS = NO;
				ARCHS = "$(ARCHS_STANDARD_INCLUDING_64_BIT)";
				CLANG_CXX_LANGUAGE_STANDARD = "gnu++0x";
				CLANG_CXX_LIBRARY = "libc++";
				CLANG_ENABLE_MODULES = YES;
				CLANG_ENABLE_OBJC_ARC = YES;
				CLANG_WARN_BOOL_CONVERSION = YES;
				CLANG_WARN_CONSTANT_CONVERSION = YES;
				CLANG_WARN_DIRECT_OBJC_ISA_USAGE = YES_ERROR;
				CLANG_WARN_EMPTY_BODY = YES;
				CLANG_WARN_ENUM_CONVERSION = YES;
				CLANG_WARN_INT_CONVERSION = YES;
				CLANG_WARN_OBJC_ROOT_CLASS = YES_ERROR;
				CLANG_WARN__DUPLICATE_METHOD_MATCH = YES;
				"CODE_SIGN_IDENTITY[sdk=iphoneos*]" = "iPhone Developer";
				COPY_PHASE_STRIP = YES;
				ENABLE_NS_ASSERTIONS = NO;
				GCC_C_LANGUAGE_STANDARD = gnu99;
				GCC_GENERATE_TEST_COVERAGE_FILES = YES;
				GCC_WARN_64_TO_32_BIT_CONVERSION = YES;
				GCC_WARN_ABOUT_RETURN_TYPE = YES_ERROR;
				GCC_WARN_UNDECLARED_SELECTOR = YES;
				GCC_WARN_UNINITIALIZED_AUTOS = YES;
				GCC_WARN_UNUSED_FUNCTION = YES;
				GCC_WARN_UNUSED_VARIABLE = YES;
				IPHONEOS_DEPLOYMENT_TARGET = 7.0;
				ONLY_ACTIVE_ARCH = NO;
				SDKROOT = iphoneos;
				TARGETED_DEVICE_FAMILY = "1,2";
				VALIDATE_PRODUCT = YES;
			};
			name = Release;
		};
		C8DCE4F2181DBA59008AD1B6 /* Debug */ = {
			isa = XCBuildConfiguration;
			baseConfigurationReference = 3B91F4C25E7F4150ABE11486 /* Pods.xcconfig */;
			buildSettings = {
				ASSETCATALOG_COMPILER_APPICON_NAME = AppIcon;
				ASSETCATALOG_COMPILER_LAUNCHIMAGE_NAME = LaunchImage;
				CODE_SIGN_IDENTITY = "iPhone Developer";
				"CODE_SIGN_IDENTITY[sdk=iphoneos*]" = "iPhone Developer";
				GCC_INSTRUMENT_PROGRAM_FLOW_ARCS = YES;
				GCC_PRECOMPILE_PREFIX_HEADER = YES;
				GCC_PREFIX_HEADER = "PathfinderCC/PathfinderCC-Prefix.pch";
				INFOPLIST_FILE = "PathfinderCC/PathfinderCC-Info.plist";
				IPHONEOS_DEPLOYMENT_TARGET = 6.0;
				ONLY_ACTIVE_ARCH = NO;
				PRODUCT_NAME = "$(TARGET_NAME)";
				PROVISIONING_PROFILE = "";
				WRAPPER_EXTENSION = app;
			};
			name = Debug;
		};
		C8DCE4F3181DBA59008AD1B6 /* Release */ = {
			isa = XCBuildConfiguration;
			baseConfigurationReference = 3B91F4C25E7F4150ABE11486 /* Pods.xcconfig */;
			buildSettings = {
				ASSETCATALOG_COMPILER_APPICON_NAME = AppIcon;
				ASSETCATALOG_COMPILER_LAUNCHIMAGE_NAME = LaunchImage;
				CODE_SIGN_IDENTITY = "iPhone Developer";
				"CODE_SIGN_IDENTITY[sdk=iphoneos*]" = "iPhone Developer";
				GCC_INSTRUMENT_PROGRAM_FLOW_ARCS = YES;
				GCC_PRECOMPILE_PREFIX_HEADER = YES;
				GCC_PREFIX_HEADER = "PathfinderCC/PathfinderCC-Prefix.pch";
				INFOPLIST_FILE = "PathfinderCC/PathfinderCC-Info.plist";
				IPHONEOS_DEPLOYMENT_TARGET = 6.0;
				ONLY_ACTIVE_ARCH = NO;
				PRODUCT_NAME = "$(TARGET_NAME)";
				PROVISIONING_PROFILE = "";
				WRAPPER_EXTENSION = app;
			};
			name = Release;
		};
		C8DCE4F5181DBA59008AD1B6 /* Debug */ = {
			isa = XCBuildConfiguration;
			baseConfigurationReference = 83C95C926B4644269D81B523 /* Pods-PathfinderCCTests.xcconfig */;
			buildSettings = {
				ARCHS = "$(ARCHS_STANDARD_INCLUDING_64_BIT)";
				BUNDLE_LOADER = "$(BUILT_PRODUCTS_DIR)/PathfinderCC.app/PathfinderCC";
				FRAMEWORK_SEARCH_PATHS = (
					"$(SDKROOT)/Developer/Library/Frameworks",
					"$(inherited)",
					"$(DEVELOPER_FRAMEWORKS_DIR)",
				);
				GCC_PRECOMPILE_PREFIX_HEADER = YES;
				GCC_PREFIX_HEADER = "PathfinderCC/PathfinderCC-Prefix.pch";
				GCC_PREPROCESSOR_DEFINITIONS = (
					"DEBUG=1",
					"$(inherited)",
				);
				INFOPLIST_FILE = "PathfinderCCTests/PathfinderCCTests-Info.plist";
				PRODUCT_NAME = "$(TARGET_NAME)";
				TEST_HOST = "$(BUNDLE_LOADER)";
				WRAPPER_EXTENSION = xctest;
			};
			name = Debug;
		};
		C8DCE4F6181DBA59008AD1B6 /* Release */ = {
			isa = XCBuildConfiguration;
			baseConfigurationReference = 83C95C926B4644269D81B523 /* Pods-PathfinderCCTests.xcconfig */;
			buildSettings = {
				ARCHS = "$(ARCHS_STANDARD_INCLUDING_64_BIT)";
				BUNDLE_LOADER = "$(BUILT_PRODUCTS_DIR)/PathfinderCC.app/PathfinderCC";
				FRAMEWORK_SEARCH_PATHS = (
					"$(SDKROOT)/Developer/Library/Frameworks",
					"$(inherited)",
					"$(DEVELOPER_FRAMEWORKS_DIR)",
				);
				GCC_PRECOMPILE_PREFIX_HEADER = YES;
				GCC_PREFIX_HEADER = "PathfinderCC/PathfinderCC-Prefix.pch";
				INFOPLIST_FILE = "PathfinderCCTests/PathfinderCCTests-Info.plist";
				PRODUCT_NAME = "$(TARGET_NAME)";
				TEST_HOST = "$(BUNDLE_LOADER)";
				WRAPPER_EXTENSION = xctest;
			};
			name = Release;
		};
/* End XCBuildConfiguration section */

/* Begin XCConfigurationList section */
		C8DCE4B4181DBA58008AD1B6 /* Build configuration list for PBXProject "PathfinderCC" */ = {
			isa = XCConfigurationList;
			buildConfigurations = (
				C8DCE4EF181DBA59008AD1B6 /* Debug */,
				C8DCE4F0181DBA59008AD1B6 /* Release */,
			);
			defaultConfigurationIsVisible = 0;
			defaultConfigurationName = Release;
		};
		C8DCE4F1181DBA59008AD1B6 /* Build configuration list for PBXNativeTarget "PathfinderCC" */ = {
			isa = XCConfigurationList;
			buildConfigurations = (
				C8DCE4F2181DBA59008AD1B6 /* Debug */,
				C8DCE4F3181DBA59008AD1B6 /* Release */,
			);
			defaultConfigurationIsVisible = 0;
			defaultConfigurationName = Release;
		};
		C8DCE4F4181DBA59008AD1B6 /* Build configuration list for PBXNativeTarget "PathfinderCCTests" */ = {
			isa = XCConfigurationList;
			buildConfigurations = (
				C8DCE4F5181DBA59008AD1B6 /* Debug */,
				C8DCE4F6181DBA59008AD1B6 /* Release */,
			);
			defaultConfigurationIsVisible = 0;
			defaultConfigurationName = Release;
		};
/* End XCConfigurationList section */

/* Begin XCVersionGroup section */
		C8B5BECC181F5A9600602206 /* Model.xcdatamodeld */ = {
			isa = XCVersionGroup;
			children = (
				C8B5BECD181F5A9600602206 /* Model.xcdatamodel */,
			);
			currentVersion = C8B5BECD181F5A9600602206 /* Model.xcdatamodel */;
			path = Model.xcdatamodeld;
			sourceTree = "<group>";
			versionGroupType = wrapper.xcdatamodel;
		};
		E072507D182DA7A800E523B6 /* CoreRulebook.xcdatamodeld */ = {
			isa = XCVersionGroup;
			children = (
				E072507E182DA7A800E523B6 /* CoreRulebook.xcdatamodel */,
			);
			currentVersion = E072507E182DA7A800E523B6 /* CoreRulebook.xcdatamodel */;
			path = CoreRulebook.xcdatamodeld;
			sourceTree = "<group>";
			versionGroupType = wrapper.xcdatamodel;
		};
/* End XCVersionGroup section */
	};
	rootObject = C8DCE4B1181DBA58008AD1B6 /* Project object */;
}
