<?xml version="1.0" encoding="UTF-8"?>
<!DOCTYPE plist PUBLIC "-//Apple//DTD PLIST 1.0//EN" "http://www.apple.com/DTDs/PropertyList-1.0.dtd">
<plist version="1.0">
<dict>
	<key>archiveVersion</key>
	<string>1</string>
	<key>classes</key>
	<dict/>
	<key>objectVersion</key>
	<string>46</string>
	<key>objects</key>
	<dict>
		<key>1D89F7B77DD148A6A9605B63</key>
		<dict>
			<key>buildActionMask</key>
			<string>2147483647</string>
			<key>files</key>
			<array/>
			<key>inputPaths</key>
			<array/>
			<key>isa</key>
			<string>PBXShellScriptBuildPhase</string>
			<key>name</key>
			<string>Check Pods Manifest.lock</string>
			<key>outputPaths</key>
			<array/>
			<key>runOnlyForDeploymentPostprocessing</key>
			<string>0</string>
			<key>shellPath</key>
			<string>/bin/sh</string>
			<key>shellScript</key>
			<string>diff "${PODS_ROOT}/../Podfile.lock" "${PODS_ROOT}/Manifest.lock" &gt; /dev/null
if [[ $? != 0 ]] ; then
    cat &lt;&lt; EOM
error: The sandbox is not in sync with the Podfile.lock. Run 'pod install' or update your CocoaPods installation.
EOM
    exit 1
fi
</string>
			<key>showEnvVarsInLog</key>
			<string>0</string>
		</dict>
		<key>3B91F4C25E7F4150ABE11486</key>
		<dict>
			<key>includeInIndex</key>
			<string>1</string>
			<key>isa</key>
			<string>PBXFileReference</string>
			<key>lastKnownFileType</key>
			<string>text.xcconfig</string>
			<key>name</key>
			<string>Pods.xcconfig</string>
			<key>path</key>
			<string>../Pods/Pods.xcconfig</string>
			<key>sourceTree</key>
			<string>&lt;group&gt;</string>
		</dict>
		<key>6E741F847959456ABCCC9279</key>
		<dict>
			<key>buildActionMask</key>
			<string>2147483647</string>
			<key>files</key>
			<array/>
			<key>inputPaths</key>
			<array/>
			<key>isa</key>
			<string>PBXShellScriptBuildPhase</string>
			<key>name</key>
			<string>Copy Pods Resources</string>
			<key>outputPaths</key>
			<array/>
			<key>runOnlyForDeploymentPostprocessing</key>
			<string>0</string>
			<key>shellPath</key>
			<string>/bin/sh</string>
			<key>shellScript</key>
			<string>"${SRCROOT}/../Pods/Pods-resources.sh"
</string>
			<key>showEnvVarsInLog</key>
			<string>0</string>
		</dict>
		<key>A4B964AB63344D00BB30C2D6</key>
		<dict>
			<key>explicitFileType</key>
			<string>archive.ar</string>
			<key>includeInIndex</key>
			<string>0</string>
			<key>isa</key>
			<string>PBXFileReference</string>
			<key>path</key>
			<string>libPods.a</string>
			<key>sourceTree</key>
			<string>BUILT_PRODUCTS_DIR</string>
		</dict>
		<key>A7403EF7D87D4FF0817E552E</key>
		<dict>
			<key>fileRef</key>
			<string>A4B964AB63344D00BB30C2D6</string>
			<key>isa</key>
			<string>PBXBuildFile</string>
		</dict>
		<key>C8B5BEC3181F578000602206</key>
		<dict>
			<key>children</key>
			<array>
				<string>C8B5BEC4181F57C600602206</string>
				<string>C8B5BEC5181F57C600602206</string>
				<string>C8B5BEC9181F59B600602206</string>
				<string>C8B5BECA181F59B600602206</string>
				<string>C8B5BECC181F5A9600602206</string>
			</array>
			<key>isa</key>
			<string>PBXGroup</string>
			<key>path</key>
			<string>CoreData</string>
			<key>sourceTree</key>
			<string>&lt;group&gt;</string>
		</dict>
		<key>C8B5BEC4181F57C600602206</key>
		<dict>
			<key>fileEncoding</key>
			<string>4</string>
			<key>isa</key>
			<string>PBXFileReference</string>
			<key>lastKnownFileType</key>
			<string>sourcecode.c.h</string>
			<key>path</key>
			<string>PFCPersistentStack.h</string>
			<key>sourceTree</key>
			<string>&lt;group&gt;</string>
		</dict>
		<key>C8B5BEC5181F57C600602206</key>
		<dict>
			<key>fileEncoding</key>
			<string>4</string>
			<key>isa</key>
			<string>PBXFileReference</string>
			<key>lastKnownFileType</key>
			<string>sourcecode.c.objc</string>
			<key>path</key>
			<string>PFCPersistentStack.m</string>
			<key>sourceTree</key>
			<string>&lt;group&gt;</string>
		</dict>
		<key>C8B5BEC6181F57C600602206</key>
		<dict>
			<key>fileRef</key>
			<string>C8B5BEC5181F57C600602206</string>
			<key>isa</key>
			<string>PBXBuildFile</string>
		</dict>
		<key>C8B5BEC7181F57E500602206</key>
		<dict>
			<key>isa</key>
			<string>PBXFileReference</string>
			<key>lastKnownFileType</key>
			<string>wrapper.framework</string>
			<key>name</key>
			<string>CoreData.framework</string>
			<key>path</key>
			<string>System/Library/Frameworks/CoreData.framework</string>
			<key>sourceTree</key>
			<string>SDKROOT</string>
		</dict>
		<key>C8B5BEC8181F57E500602206</key>
		<dict>
			<key>fileRef</key>
			<string>C8B5BEC7181F57E500602206</string>
			<key>isa</key>
			<string>PBXBuildFile</string>
		</dict>
		<key>C8B5BEC9181F59B600602206</key>
		<dict>
			<key>fileEncoding</key>
			<string>4</string>
			<key>isa</key>
			<string>PBXFileReference</string>
			<key>lastKnownFileType</key>
			<string>sourcecode.c.h</string>
			<key>path</key>
			<string>PFCStore.h</string>
			<key>sourceTree</key>
			<string>&lt;group&gt;</string>
		</dict>
		<key>C8B5BECA181F59B600602206</key>
		<dict>
			<key>fileEncoding</key>
			<string>4</string>
			<key>isa</key>
			<string>PBXFileReference</string>
			<key>lastKnownFileType</key>
			<string>sourcecode.c.objc</string>
			<key>path</key>
			<string>PFCStore.m</string>
			<key>sourceTree</key>
			<string>&lt;group&gt;</string>
		</dict>
		<key>C8B5BECB181F59B600602206</key>
		<dict>
			<key>fileRef</key>
			<string>C8B5BECA181F59B600602206</string>
			<key>isa</key>
			<string>PBXBuildFile</string>
		</dict>
		<key>C8B5BECC181F5A9600602206</key>
		<dict>
			<key>children</key>
			<array>
				<string>C8B5BECD181F5A9600602206</string>
			</array>
			<key>currentVersion</key>
			<string>C8B5BECD181F5A9600602206</string>
			<key>isa</key>
			<string>XCVersionGroup</string>
			<key>path</key>
			<string>Model.xcdatamodeld</string>
			<key>sourceTree</key>
			<string>&lt;group&gt;</string>
			<key>versionGroupType</key>
			<string>wrapper.xcdatamodel</string>
		</dict>
		<key>C8B5BECD181F5A9600602206</key>
		<dict>
			<key>isa</key>
			<string>PBXFileReference</string>
			<key>lastKnownFileType</key>
			<string>wrapper.xcdatamodel</string>
			<key>path</key>
			<string>Model.xcdatamodel</string>
			<key>sourceTree</key>
			<string>&lt;group&gt;</string>
		</dict>
		<key>C8B5BECE181F5A9600602206</key>
		<dict>
			<key>fileRef</key>
			<string>C8B5BECC181F5A9600602206</string>
			<key>isa</key>
			<string>PBXBuildFile</string>
		</dict>
		<key>C8B5BED5181FE39900602206</key>
		<dict>
			<key>fileEncoding</key>
			<string>4</string>
			<key>isa</key>
			<string>PBXFileReference</string>
			<key>lastKnownFileType</key>
			<string>sourcecode.c.h</string>
			<key>path</key>
			<string>PFCMenuViewController.h</string>
			<key>sourceTree</key>
			<string>&lt;group&gt;</string>
		</dict>
		<key>C8B5BED6181FE39900602206</key>
		<dict>
			<key>fileEncoding</key>
			<string>4</string>
			<key>isa</key>
			<string>PBXFileReference</string>
			<key>lastKnownFileType</key>
			<string>sourcecode.c.objc</string>
			<key>path</key>
			<string>PFCMenuViewController.m</string>
			<key>sourceTree</key>
			<string>&lt;group&gt;</string>
		</dict>
		<key>C8B5BED7181FE39900602206</key>
		<dict>
			<key>fileRef</key>
			<string>C8B5BED6181FE39900602206</string>
			<key>isa</key>
			<string>PBXBuildFile</string>
		</dict>
		<key>C8B5BED81820970B00602206</key>
		<dict>
			<key>fileEncoding</key>
			<string>4</string>
			<key>isa</key>
			<string>PBXFileReference</string>
			<key>lastKnownFileType</key>
			<string>sourcecode.c.h</string>
			<key>path</key>
			<string>PFCCharacterListViewController.h</string>
			<key>sourceTree</key>
			<string>&lt;group&gt;</string>
		</dict>
		<key>C8B5BED91820970B00602206</key>
		<dict>
			<key>fileEncoding</key>
			<string>4</string>
			<key>isa</key>
			<string>PBXFileReference</string>
			<key>lastKnownFileType</key>
			<string>sourcecode.c.objc</string>
			<key>path</key>
			<string>PFCCharacterListViewController.m</string>
			<key>sourceTree</key>
			<string>&lt;group&gt;</string>
		</dict>
		<key>C8B5BEDA1820970B00602206</key>
		<dict>
			<key>fileRef</key>
			<string>C8B5BED91820970B00602206</string>
			<key>isa</key>
			<string>PBXBuildFile</string>
		</dict>
		<key>C8B5BEDB182097BF00602206</key>
		<dict>
			<key>children</key>
			<array>
				<string>C8B5BEDC182097E500602206</string>
				<string>C8B5BEDD182097E500602206</string>
			</array>
			<key>isa</key>
			<string>PBXGroup</string>
			<key>path</key>
			<string>DataSource</string>
			<key>sourceTree</key>
			<string>&lt;group&gt;</string>
		</dict>
		<key>C8B5BEDC182097E500602206</key>
		<dict>
			<key>fileEncoding</key>
			<string>4</string>
			<key>isa</key>
			<string>PBXFileReference</string>
			<key>lastKnownFileType</key>
			<string>sourcecode.c.h</string>
			<key>path</key>
			<string>PFCFetchedResultsControllerDataSource.h</string>
			<key>sourceTree</key>
			<string>&lt;group&gt;</string>
		</dict>
		<key>C8B5BEDD182097E500602206</key>
		<dict>
			<key>fileEncoding</key>
			<string>4</string>
			<key>isa</key>
			<string>PBXFileReference</string>
			<key>lastKnownFileType</key>
			<string>sourcecode.c.objc</string>
			<key>path</key>
			<string>PFCFetchedResultsControllerDataSource.m</string>
			<key>sourceTree</key>
			<string>&lt;group&gt;</string>
		</dict>
		<key>C8B5BEDE182097E500602206</key>
		<dict>
			<key>fileRef</key>
			<string>C8B5BEDD182097E500602206</string>
			<key>isa</key>
			<string>PBXBuildFile</string>
		</dict>
		<key>C8B5BEDF18209D9200602206</key>
		<dict>
			<key>children</key>
			<array>
				<string>C8DCE50D181DE7F4008AD1B6</string>
				<string>C8DCE50E181DE7F4008AD1B6</string>
				<string>C8B5BEE018209DDF00602206</string>
				<string>C8B5BEE118209DDF00602206</string>
			</array>
			<key>isa</key>
			<string>PBXGroup</string>
			<key>path</key>
			<string>CreateCharacterControllers</string>
			<key>sourceTree</key>
			<string>&lt;group&gt;</string>
		</dict>
		<key>C8B5BEE018209DDF00602206</key>
		<dict>
			<key>fileEncoding</key>
			<string>4</string>
			<key>isa</key>
			<string>PBXFileReference</string>
			<key>lastKnownFileType</key>
			<string>sourcecode.c.h</string>
			<key>path</key>
			<string>PFCCreateCharacterNameViewController.h</string>
			<key>sourceTree</key>
			<string>&lt;group&gt;</string>
		</dict>
		<key>C8B5BEE118209DDF00602206</key>
		<dict>
			<key>fileEncoding</key>
			<string>4</string>
			<key>isa</key>
			<string>PBXFileReference</string>
			<key>lastKnownFileType</key>
			<string>sourcecode.c.objc</string>
			<key>path</key>
			<string>PFCCreateCharacterNameViewController.m</string>
			<key>sourceTree</key>
			<string>&lt;group&gt;</string>
		</dict>
		<key>C8B5BEE218209DDF00602206</key>
		<dict>
			<key>fileRef</key>
			<string>C8B5BEE118209DDF00602206</string>
			<key>isa</key>
			<string>PBXBuildFile</string>
		</dict>
		<key>C8DA37611821E69600DBC2F7</key>
		<dict>
			<key>children</key>
			<array>
				<string>C8DA37621821E6BF00DBC2F7</string>
				<string>C8DA37631821E6BF00DBC2F7</string>
				<string>C8DA37651821E92A00DBC2F7</string>
				<string>C8DA37661821E92A00DBC2F7</string>
			</array>
			<key>isa</key>
			<string>PBXGroup</string>
			<key>path</key>
			<string>Constants</string>
			<key>sourceTree</key>
			<string>&lt;group&gt;</string>
		</dict>
		<key>C8DA37621821E6BF00DBC2F7</key>
		<dict>
			<key>fileEncoding</key>
			<string>4</string>
			<key>isa</key>
			<string>PBXFileReference</string>
			<key>lastKnownFileType</key>
			<string>sourcecode.c.h</string>
			<key>path</key>
			<string>PFCAlignment.h</string>
			<key>sourceTree</key>
			<string>&lt;group&gt;</string>
		</dict>
		<key>C8DA37631821E6BF00DBC2F7</key>
		<dict>
			<key>fileEncoding</key>
			<string>4</string>
			<key>isa</key>
			<string>PBXFileReference</string>
			<key>lastKnownFileType</key>
			<string>sourcecode.c.objc</string>
			<key>path</key>
			<string>PFCAlignment.m</string>
			<key>sourceTree</key>
			<string>&lt;group&gt;</string>
		</dict>
		<key>C8DA37641821E6BF00DBC2F7</key>
		<dict>
			<key>fileRef</key>
			<string>C8DA37631821E6BF00DBC2F7</string>
			<key>isa</key>
			<string>PBXBuildFile</string>
		</dict>
		<key>C8DA37651821E92A00DBC2F7</key>
		<dict>
			<key>fileEncoding</key>
			<string>4</string>
			<key>isa</key>
			<string>PBXFileReference</string>
			<key>lastKnownFileType</key>
			<string>sourcecode.c.h</string>
			<key>path</key>
			<string>PFCGender.h</string>
			<key>sourceTree</key>
			<string>&lt;group&gt;</string>
		</dict>
		<key>C8DA37661821E92A00DBC2F7</key>
		<dict>
			<key>fileEncoding</key>
			<string>4</string>
			<key>isa</key>
			<string>PBXFileReference</string>
			<key>lastKnownFileType</key>
			<string>sourcecode.c.objc</string>
			<key>path</key>
			<string>PFCGender.m</string>
			<key>sourceTree</key>
			<string>&lt;group&gt;</string>
		</dict>
		<key>C8DA37671821E92A00DBC2F7</key>
		<dict>
			<key>fileRef</key>
			<string>C8DA37661821E92A00DBC2F7</string>
			<key>isa</key>
			<string>PBXBuildFile</string>
		</dict>
		<key>C8DCE4B0181DBA58008AD1B6</key>
		<dict>
			<key>children</key>
			<array>
				<string>C8DCE4C2181DBA58008AD1B6</string>
				<string>C8DCE4E7181DBA58008AD1B6</string>
				<string>C8DCE4BB181DBA58008AD1B6</string>
				<string>C8DCE4BA181DBA58008AD1B6</string>
				<string>3B91F4C25E7F4150ABE11486</string>
			</array>
			<key>isa</key>
			<string>PBXGroup</string>
			<key>sourceTree</key>
			<string>&lt;group&gt;</string>
		</dict>
		<key>C8DCE4B1181DBA58008AD1B6</key>
		<dict>
			<key>attributes</key>
			<dict>
				<key>CLASSPREFIX</key>
				<string>PFC</string>
				<key>LastUpgradeCheck</key>
				<string>0500</string>
				<key>ORGANIZATIONNAME</key>
				<string>Amanda Chappell</string>
				<key>TargetAttributes</key>
				<dict>
					<key>C8DCE4B8181DBA58008AD1B6</key>
					<dict>
						<key>DevelopmentTeam</key>
						<string>37CAHGRH45</string>
						<key>SystemCapabilities</key>
						<dict>
							<key>com.apple.BackgroundModes</key>
							<dict>
								<key>enabled</key>
								<string>0</string>
							</dict>
							<key>com.apple.iCloud</key>
							<dict>
								<key>enabled</key>
								<string>0</string>
							</dict>
						</dict>
					</dict>
					<key>C8DCE4DF181DBA58008AD1B6</key>
					<dict>
						<key>TestTargetID</key>
						<string>C8DCE4B8181DBA58008AD1B6</string>
					</dict>
				</dict>
			</dict>
			<key>buildConfigurationList</key>
			<string>C8DCE4B4181DBA58008AD1B6</string>
			<key>compatibilityVersion</key>
			<string>Xcode 3.2</string>
			<key>developmentRegion</key>
			<string>English</string>
			<key>hasScannedForEncodings</key>
			<string>0</string>
			<key>isa</key>
			<string>PBXProject</string>
			<key>knownRegions</key>
			<array>
				<string>en</string>
				<string>Base</string>
			</array>
			<key>mainGroup</key>
			<string>C8DCE4B0181DBA58008AD1B6</string>
			<key>productRefGroup</key>
			<string>C8DCE4BA181DBA58008AD1B6</string>
			<key>projectDirPath</key>
			<string></string>
			<key>projectReferences</key>
			<array/>
			<key>projectRoot</key>
			<string></string>
			<key>targets</key>
			<array>
				<string>C8DCE4B8181DBA58008AD1B6</string>
				<string>C8DCE4DF181DBA58008AD1B6</string>
			</array>
		</dict>
		<key>C8DCE4B4181DBA58008AD1B6</key>
		<dict>
			<key>buildConfigurations</key>
			<array>
				<string>C8DCE4EF181DBA59008AD1B6</string>
				<string>C8DCE4F0181DBA59008AD1B6</string>
			</array>
			<key>defaultConfigurationIsVisible</key>
			<string>0</string>
			<key>defaultConfigurationName</key>
			<string>Release</string>
			<key>isa</key>
			<string>XCConfigurationList</string>
		</dict>
		<key>C8DCE4B5181DBA58008AD1B6</key>
		<dict>
			<key>buildActionMask</key>
			<string>2147483647</string>
			<key>files</key>
			<array>
				<string>C8B5BEC6181F57C600602206</string>
				<string>C8DCE50F181DE7F4008AD1B6</string>
				<string>C8DA37641821E6BF00DBC2F7</string>
				<string>C8B5BED7181FE39900602206</string>
				<string>C8DA37671821E92A00DBC2F7</string>
				<string>C8B5BEDE182097E500602206</string>
				<string>C8B5BECB181F59B600602206</string>
				<string>C8B5BEE218209DDF00602206</string>
				<string>C8DCE4CD181DBA58008AD1B6</string>
				<string>C8DCE4FE181DBF0B008AD1B6</string>
				<string>C8DCE507181DC514008AD1B6</string>
				<string>C8DCE503181DC085008AD1B6</string>
				<string>C8B5BEDA1820970B00602206</string>
				<string>C8DCE4C9181DBA58008AD1B6</string>
				<string>C8B5BECE181F5A9600602206</string>
				<string>C8DCE50A181DD632008AD1B6</string>
			</array>
			<key>isa</key>
			<string>PBXSourcesBuildPhase</string>
			<key>runOnlyForDeploymentPostprocessing</key>
			<string>0</string>
		</dict>
		<key>C8DCE4B6181DBA58008AD1B6</key>
		<dict>
			<key>buildActionMask</key>
			<string>2147483647</string>
			<key>files</key>
			<array>
				<string>C8B5BEC8181F57E500602206</string>
				<string>C8DCE4BF181DBA58008AD1B6</string>
				<string>C8DCE4C1181DBA58008AD1B6</string>
				<string>C8DCE4BD181DBA58008AD1B6</string>
				<string>A7403EF7D87D4FF0817E552E</string>
			</array>
			<key>isa</key>
			<string>PBXFrameworksBuildPhase</string>
			<key>runOnlyForDeploymentPostprocessing</key>
			<string>0</string>
		</dict>
		<key>C8DCE4B7181DBA58008AD1B6</key>
		<dict>
			<key>buildActionMask</key>
			<string>2147483647</string>
			<key>files</key>
			<array>
				<string>C8DCE4D3181DBA58008AD1B6</string>
				<string>C8DCE4DB181DBA58008AD1B6</string>
				<string>C8DCE4D0181DBA58008AD1B6</string>
				<string>C8DCE4C7181DBA58008AD1B6</string>
			</array>
			<key>isa</key>
			<string>PBXResourcesBuildPhase</string>
			<key>runOnlyForDeploymentPostprocessing</key>
			<string>0</string>
		</dict>
		<key>C8DCE4B8181DBA58008AD1B6</key>
		<dict>
			<key>buildConfigurationList</key>
			<string>C8DCE4F1181DBA59008AD1B6</string>
			<key>buildPhases</key>
			<array>
				<string>1D89F7B77DD148A6A9605B63</string>
				<string>C8DCE4B5181DBA58008AD1B6</string>
				<string>C8DCE4B6181DBA58008AD1B6</string>
				<string>C8DCE4B7181DBA58008AD1B6</string>
				<string>6E741F847959456ABCCC9279</string>
			</array>
			<key>buildRules</key>
			<array/>
			<key>dependencies</key>
			<array/>
			<key>isa</key>
			<string>PBXNativeTarget</string>
			<key>name</key>
			<string>PathfinderCC</string>
			<key>productName</key>
			<string>PathfinderCC</string>
			<key>productReference</key>
			<string>C8DCE4B9181DBA58008AD1B6</string>
			<key>productType</key>
			<string>com.apple.product-type.application</string>
		</dict>
		<key>C8DCE4B9181DBA58008AD1B6</key>
		<dict>
			<key>explicitFileType</key>
			<string>wrapper.application</string>
			<key>includeInIndex</key>
			<string>0</string>
			<key>isa</key>
			<string>PBXFileReference</string>
			<key>path</key>
			<string>PathfinderCC.app</string>
			<key>sourceTree</key>
			<string>BUILT_PRODUCTS_DIR</string>
		</dict>
		<key>C8DCE4BA181DBA58008AD1B6</key>
		<dict>
			<key>children</key>
			<array>
				<string>C8DCE4B9181DBA58008AD1B6</string>
				<string>C8DCE4E0181DBA58008AD1B6</string>
			</array>
			<key>isa</key>
			<string>PBXGroup</string>
			<key>name</key>
			<string>Products</string>
			<key>sourceTree</key>
			<string>&lt;group&gt;</string>
		</dict>
		<key>C8DCE4BB181DBA58008AD1B6</key>
		<dict>
			<key>children</key>
			<array>
				<string>C8B5BEC7181F57E500602206</string>
				<string>C8DCE4BC181DBA58008AD1B6</string>
				<string>C8DCE4BE181DBA58008AD1B6</string>
				<string>C8DCE4C0181DBA58008AD1B6</string>
				<string>C8DCE4E1181DBA58008AD1B6</string>
				<string>A4B964AB63344D00BB30C2D6</string>
			</array>
			<key>isa</key>
			<string>PBXGroup</string>
			<key>name</key>
			<string>Frameworks</string>
			<key>sourceTree</key>
			<string>&lt;group&gt;</string>
		</dict>
		<key>C8DCE4BC181DBA58008AD1B6</key>
		<dict>
			<key>isa</key>
			<string>PBXFileReference</string>
			<key>lastKnownFileType</key>
			<string>wrapper.framework</string>
			<key>name</key>
			<string>Foundation.framework</string>
			<key>path</key>
			<string>System/Library/Frameworks/Foundation.framework</string>
			<key>sourceTree</key>
			<string>SDKROOT</string>
		</dict>
		<key>C8DCE4BD181DBA58008AD1B6</key>
		<dict>
			<key>fileRef</key>
			<string>C8DCE4BC181DBA58008AD1B6</string>
			<key>isa</key>
			<string>PBXBuildFile</string>
		</dict>
		<key>C8DCE4BE181DBA58008AD1B6</key>
		<dict>
			<key>isa</key>
			<string>PBXFileReference</string>
			<key>lastKnownFileType</key>
			<string>wrapper.framework</string>
			<key>name</key>
			<string>CoreGraphics.framework</string>
			<key>path</key>
			<string>System/Library/Frameworks/CoreGraphics.framework</string>
			<key>sourceTree</key>
			<string>SDKROOT</string>
		</dict>
		<key>C8DCE4BF181DBA58008AD1B6</key>
		<dict>
			<key>fileRef</key>
			<string>C8DCE4BE181DBA58008AD1B6</string>
			<key>isa</key>
			<string>PBXBuildFile</string>
		</dict>
		<key>C8DCE4C0181DBA58008AD1B6</key>
		<dict>
			<key>isa</key>
			<string>PBXFileReference</string>
			<key>lastKnownFileType</key>
			<string>wrapper.framework</string>
			<key>name</key>
			<string>UIKit.framework</string>
			<key>path</key>
			<string>System/Library/Frameworks/UIKit.framework</string>
			<key>sourceTree</key>
			<string>SDKROOT</string>
		</dict>
		<key>C8DCE4C1181DBA58008AD1B6</key>
		<dict>
			<key>fileRef</key>
			<string>C8DCE4C0181DBA58008AD1B6</string>
			<key>isa</key>
			<string>PBXBuildFile</string>
		</dict>
		<key>C8DCE4C2181DBA58008AD1B6</key>
		<dict>
			<key>children</key>
			<array>
				<string>C8DA37611821E69600DBC2F7</string>
				<string>C8B5BEDB182097BF00602206</string>
				<string>C8B5BEC3181F578000602206</string>
				<string>C8DCE504181DC4BF008AD1B6</string>
				<string>C8DCE500181DC02C008AD1B6</string>
				<string>C8DCE4F7181DBE27008AD1B6</string>
				<string>C8DCE4CB181DBA58008AD1B6</string>
				<string>C8DCE4CC181DBA58008AD1B6</string>
				<string>C8DCE4CE181DBA58008AD1B6</string>
				<string>C8DCE4D1181DBA58008AD1B6</string>
				<string>C8DCE4DA181DBA58008AD1B6</string>
				<string>C8DCE4C3181DBA58008AD1B6</string>
			</array>
			<key>isa</key>
			<string>PBXGroup</string>
			<key>path</key>
			<string>PathfinderCC</string>
			<key>sourceTree</key>
			<string>&lt;group&gt;</string>
		</dict>
		<key>C8DCE4C3181DBA58008AD1B6</key>
		<dict>
			<key>children</key>
			<array>
				<string>C8DCE4C4181DBA58008AD1B6</string>
				<string>C8DCE4C5181DBA58008AD1B6</string>
				<string>C8DCE4C8181DBA58008AD1B6</string>
				<string>C8DCE4CA181DBA58008AD1B6</string>
			</array>
			<key>isa</key>
			<string>PBXGroup</string>
			<key>name</key>
			<string>Supporting Files</string>
			<key>sourceTree</key>
			<string>&lt;group&gt;</string>
		</dict>
		<key>C8DCE4C4181DBA58008AD1B6</key>
		<dict>
			<key>isa</key>
			<string>PBXFileReference</string>
			<key>lastKnownFileType</key>
			<string>text.plist.xml</string>
			<key>path</key>
			<string>PathfinderCC-Info.plist</string>
			<key>sourceTree</key>
			<string>&lt;group&gt;</string>
		</dict>
		<key>C8DCE4C5181DBA58008AD1B6</key>
		<dict>
			<key>children</key>
			<array>
				<string>C8DCE4C6181DBA58008AD1B6</string>
			</array>
			<key>isa</key>
			<string>PBXVariantGroup</string>
			<key>name</key>
			<string>InfoPlist.strings</string>
			<key>sourceTree</key>
			<string>&lt;group&gt;</string>
		</dict>
		<key>C8DCE4C6181DBA58008AD1B6</key>
		<dict>
			<key>isa</key>
			<string>PBXFileReference</string>
			<key>lastKnownFileType</key>
			<string>text.plist.strings</string>
			<key>name</key>
			<string>en</string>
			<key>path</key>
			<string>en.lproj/InfoPlist.strings</string>
			<key>sourceTree</key>
			<string>&lt;group&gt;</string>
		</dict>
		<key>C8DCE4C7181DBA58008AD1B6</key>
		<dict>
			<key>fileRef</key>
			<string>C8DCE4C5181DBA58008AD1B6</string>
			<key>isa</key>
			<string>PBXBuildFile</string>
		</dict>
		<key>C8DCE4C8181DBA58008AD1B6</key>
		<dict>
			<key>isa</key>
			<string>PBXFileReference</string>
			<key>lastKnownFileType</key>
			<string>sourcecode.c.objc</string>
			<key>path</key>
			<string>main.m</string>
			<key>sourceTree</key>
			<string>&lt;group&gt;</string>
		</dict>
		<key>C8DCE4C9181DBA58008AD1B6</key>
		<dict>
			<key>fileRef</key>
			<string>C8DCE4C8181DBA58008AD1B6</string>
			<key>isa</key>
			<string>PBXBuildFile</string>
		</dict>
		<key>C8DCE4CA181DBA58008AD1B6</key>
		<dict>
			<key>isa</key>
			<string>PBXFileReference</string>
			<key>lastKnownFileType</key>
			<string>sourcecode.c.h</string>
			<key>path</key>
			<string>PathfinderCC-Prefix.pch</string>
			<key>sourceTree</key>
			<string>&lt;group&gt;</string>
		</dict>
		<key>C8DCE4CB181DBA58008AD1B6</key>
		<dict>
			<key>isa</key>
			<string>PBXFileReference</string>
			<key>lastKnownFileType</key>
			<string>sourcecode.c.h</string>
			<key>path</key>
			<string>PFCAppDelegate.h</string>
			<key>sourceTree</key>
			<string>&lt;group&gt;</string>
		</dict>
		<key>C8DCE4CC181DBA58008AD1B6</key>
		<dict>
			<key>isa</key>
			<string>PBXFileReference</string>
			<key>lastKnownFileType</key>
			<string>sourcecode.c.objc</string>
			<key>path</key>
			<string>PFCAppDelegate.m</string>
			<key>sourceTree</key>
			<string>&lt;group&gt;</string>
		</dict>
		<key>C8DCE4CD181DBA58008AD1B6</key>
		<dict>
			<key>fileRef</key>
			<string>C8DCE4CC181DBA58008AD1B6</string>
			<key>isa</key>
			<string>PBXBuildFile</string>
		</dict>
		<key>C8DCE4CE181DBA58008AD1B6</key>
		<dict>
			<key>children</key>
			<array>
				<string>C8DCE4CF181DBA58008AD1B6</string>
			</array>
			<key>isa</key>
			<string>PBXVariantGroup</string>
			<key>name</key>
			<string>Main_iPhone.storyboard</string>
			<key>sourceTree</key>
			<string>&lt;group&gt;</string>
		</dict>
		<key>C8DCE4CF181DBA58008AD1B6</key>
		<dict>
			<key>isa</key>
			<string>PBXFileReference</string>
			<key>lastKnownFileType</key>
			<string>file.storyboard</string>
			<key>name</key>
			<string>Base</string>
			<key>path</key>
			<string>Base.lproj/Main_iPhone.storyboard</string>
			<key>sourceTree</key>
			<string>&lt;group&gt;</string>
		</dict>
		<key>C8DCE4D0181DBA58008AD1B6</key>
		<dict>
			<key>fileRef</key>
			<string>C8DCE4CE181DBA58008AD1B6</string>
			<key>isa</key>
			<string>PBXBuildFile</string>
		</dict>
		<key>C8DCE4D1181DBA58008AD1B6</key>
		<dict>
			<key>children</key>
			<array>
				<string>C8DCE4D2181DBA58008AD1B6</string>
			</array>
			<key>isa</key>
			<string>PBXVariantGroup</string>
			<key>name</key>
			<string>Main_iPad.storyboard</string>
			<key>sourceTree</key>
			<string>&lt;group&gt;</string>
		</dict>
		<key>C8DCE4D2181DBA58008AD1B6</key>
		<dict>
			<key>isa</key>
			<string>PBXFileReference</string>
			<key>lastKnownFileType</key>
			<string>file.storyboard</string>
			<key>name</key>
			<string>Base</string>
			<key>path</key>
			<string>Base.lproj/Main_iPad.storyboard</string>
			<key>sourceTree</key>
			<string>&lt;group&gt;</string>
		</dict>
		<key>C8DCE4D3181DBA58008AD1B6</key>
		<dict>
			<key>fileRef</key>
			<string>C8DCE4D1181DBA58008AD1B6</string>
			<key>isa</key>
			<string>PBXBuildFile</string>
		</dict>
		<key>C8DCE4DA181DBA58008AD1B6</key>
		<dict>
			<key>isa</key>
			<string>PBXFileReference</string>
			<key>lastKnownFileType</key>
			<string>folder.assetcatalog</string>
			<key>path</key>
			<string>Images.xcassets</string>
			<key>sourceTree</key>
			<string>&lt;group&gt;</string>
		</dict>
		<key>C8DCE4DB181DBA58008AD1B6</key>
		<dict>
			<key>fileRef</key>
			<string>C8DCE4DA181DBA58008AD1B6</string>
			<key>isa</key>
			<string>PBXBuildFile</string>
		</dict>
		<key>C8DCE4DC181DBA58008AD1B6</key>
		<dict>
			<key>buildActionMask</key>
			<string>2147483647</string>
			<key>files</key>
			<array>
				<string>C8DCE4EE181DBA58008AD1B6</string>
			</array>
			<key>isa</key>
			<string>PBXSourcesBuildPhase</string>
			<key>runOnlyForDeploymentPostprocessing</key>
			<string>0</string>
		</dict>
		<key>C8DCE4DD181DBA58008AD1B6</key>
		<dict>
			<key>buildActionMask</key>
			<string>2147483647</string>
			<key>files</key>
			<array>
				<string>C8DCE4E2181DBA58008AD1B6</string>
				<string>C8DCE4E4181DBA58008AD1B6</string>
				<string>C8DCE4E3181DBA58008AD1B6</string>
			</array>
			<key>isa</key>
			<string>PBXFrameworksBuildPhase</string>
			<key>runOnlyForDeploymentPostprocessing</key>
			<string>0</string>
		</dict>
		<key>C8DCE4DE181DBA58008AD1B6</key>
		<dict>
			<key>buildActionMask</key>
			<string>2147483647</string>
			<key>files</key>
			<array>
				<string>C8DCE4EC181DBA58008AD1B6</string>
			</array>
			<key>isa</key>
			<string>PBXResourcesBuildPhase</string>
			<key>runOnlyForDeploymentPostprocessing</key>
			<string>0</string>
		</dict>
		<key>C8DCE4DF181DBA58008AD1B6</key>
		<dict>
			<key>buildConfigurationList</key>
			<string>C8DCE4F4181DBA59008AD1B6</string>
			<key>buildPhases</key>
			<array>
				<string>C8DCE4DC181DBA58008AD1B6</string>
				<string>C8DCE4DD181DBA58008AD1B6</string>
				<string>C8DCE4DE181DBA58008AD1B6</string>
			</array>
			<key>buildRules</key>
			<array/>
			<key>dependencies</key>
			<array>
				<string>C8DCE4E6181DBA58008AD1B6</string>
			</array>
			<key>isa</key>
			<string>PBXNativeTarget</string>
			<key>name</key>
			<string>PathfinderCCTests</string>
			<key>productName</key>
			<string>PathfinderCCTests</string>
			<key>productReference</key>
			<string>C8DCE4E0181DBA58008AD1B6</string>
			<key>productType</key>
			<string>com.apple.product-type.bundle.unit-test</string>
		</dict>
		<key>C8DCE4E0181DBA58008AD1B6</key>
		<dict>
			<key>explicitFileType</key>
			<string>wrapper.cfbundle</string>
			<key>includeInIndex</key>
			<string>0</string>
			<key>isa</key>
			<string>PBXFileReference</string>
			<key>path</key>
			<string>PathfinderCCTests.xctest</string>
			<key>sourceTree</key>
			<string>BUILT_PRODUCTS_DIR</string>
		</dict>
		<key>C8DCE4E1181DBA58008AD1B6</key>
		<dict>
			<key>isa</key>
			<string>PBXFileReference</string>
			<key>lastKnownFileType</key>
			<string>wrapper.framework</string>
			<key>name</key>
			<string>XCTest.framework</string>
			<key>path</key>
			<string>Library/Frameworks/XCTest.framework</string>
			<key>sourceTree</key>
			<string>DEVELOPER_DIR</string>
		</dict>
		<key>C8DCE4E2181DBA58008AD1B6</key>
		<dict>
			<key>fileRef</key>
			<string>C8DCE4E1181DBA58008AD1B6</string>
			<key>isa</key>
			<string>PBXBuildFile</string>
		</dict>
		<key>C8DCE4E3181DBA58008AD1B6</key>
		<dict>
			<key>fileRef</key>
			<string>C8DCE4BC181DBA58008AD1B6</string>
			<key>isa</key>
			<string>PBXBuildFile</string>
		</dict>
		<key>C8DCE4E4181DBA58008AD1B6</key>
		<dict>
			<key>fileRef</key>
			<string>C8DCE4C0181DBA58008AD1B6</string>
			<key>isa</key>
			<string>PBXBuildFile</string>
		</dict>
		<key>C8DCE4E5181DBA58008AD1B6</key>
		<dict>
			<key>containerPortal</key>
			<string>C8DCE4B1181DBA58008AD1B6</string>
			<key>isa</key>
			<string>PBXContainerItemProxy</string>
			<key>proxyType</key>
			<string>1</string>
			<key>remoteGlobalIDString</key>
			<string>C8DCE4B8181DBA58008AD1B6</string>
			<key>remoteInfo</key>
			<string>PathfinderCC</string>
		</dict>
		<key>C8DCE4E6181DBA58008AD1B6</key>
		<dict>
			<key>isa</key>
			<string>PBXTargetDependency</string>
			<key>target</key>
			<string>C8DCE4B8181DBA58008AD1B6</string>
			<key>targetProxy</key>
			<string>C8DCE4E5181DBA58008AD1B6</string>
		</dict>
		<key>C8DCE4E7181DBA58008AD1B6</key>
		<dict>
			<key>children</key>
			<array>
				<string>C8DCE4ED181DBA58008AD1B6</string>
				<string>C8DCE4E8181DBA58008AD1B6</string>
			</array>
			<key>isa</key>
			<string>PBXGroup</string>
			<key>path</key>
			<string>PathfinderCCTests</string>
			<key>sourceTree</key>
			<string>&lt;group&gt;</string>
		</dict>
		<key>C8DCE4E8181DBA58008AD1B6</key>
		<dict>
			<key>children</key>
			<array>
				<string>C8DCE4E9181DBA58008AD1B6</string>
				<string>C8DCE4EA181DBA58008AD1B6</string>
			</array>
			<key>isa</key>
			<string>PBXGroup</string>
			<key>name</key>
			<string>Supporting Files</string>
			<key>sourceTree</key>
			<string>&lt;group&gt;</string>
		</dict>
		<key>C8DCE4E9181DBA58008AD1B6</key>
		<dict>
			<key>isa</key>
			<string>PBXFileReference</string>
			<key>lastKnownFileType</key>
			<string>text.plist.xml</string>
			<key>path</key>
			<string>PathfinderCCTests-Info.plist</string>
			<key>sourceTree</key>
			<string>&lt;group&gt;</string>
		</dict>
		<key>C8DCE4EA181DBA58008AD1B6</key>
		<dict>
			<key>children</key>
			<array>
				<string>C8DCE4EB181DBA58008AD1B6</string>
			</array>
			<key>isa</key>
			<string>PBXVariantGroup</string>
			<key>name</key>
			<string>InfoPlist.strings</string>
			<key>sourceTree</key>
			<string>&lt;group&gt;</string>
		</dict>
		<key>C8DCE4EB181DBA58008AD1B6</key>
		<dict>
			<key>isa</key>
			<string>PBXFileReference</string>
			<key>lastKnownFileType</key>
			<string>text.plist.strings</string>
			<key>name</key>
			<string>en</string>
			<key>path</key>
			<string>en.lproj/InfoPlist.strings</string>
			<key>sourceTree</key>
			<string>&lt;group&gt;</string>
		</dict>
		<key>C8DCE4EC181DBA58008AD1B6</key>
		<dict>
			<key>fileRef</key>
			<string>C8DCE4EA181DBA58008AD1B6</string>
			<key>isa</key>
			<string>PBXBuildFile</string>
		</dict>
		<key>C8DCE4ED181DBA58008AD1B6</key>
		<dict>
			<key>isa</key>
			<string>PBXFileReference</string>
			<key>lastKnownFileType</key>
			<string>sourcecode.c.objc</string>
			<key>path</key>
			<string>PathfinderCCTests.m</string>
			<key>sourceTree</key>
			<string>&lt;group&gt;</string>
		</dict>
		<key>C8DCE4EE181DBA58008AD1B6</key>
		<dict>
			<key>fileRef</key>
			<string>C8DCE4ED181DBA58008AD1B6</string>
			<key>isa</key>
			<string>PBXBuildFile</string>
		</dict>
		<key>C8DCE4EF181DBA59008AD1B6</key>
		<dict>
			<key>buildSettings</key>
			<dict>
				<key>ALWAYS_SEARCH_USER_PATHS</key>
				<string>NO</string>
				<key>ARCHS</key>
				<string>$(ARCHS_STANDARD_INCLUDING_64_BIT)</string>
				<key>CLANG_CXX_LANGUAGE_STANDARD</key>
				<string>gnu++0x</string>
				<key>CLANG_CXX_LIBRARY</key>
				<string>libc++</string>
				<key>CLANG_ENABLE_MODULES</key>
				<string>YES</string>
				<key>CLANG_ENABLE_OBJC_ARC</key>
				<string>YES</string>
				<key>CLANG_WARN_BOOL_CONVERSION</key>
				<string>YES</string>
				<key>CLANG_WARN_CONSTANT_CONVERSION</key>
				<string>YES</string>
				<key>CLANG_WARN_DIRECT_OBJC_ISA_USAGE</key>
				<string>YES_ERROR</string>
				<key>CLANG_WARN_EMPTY_BODY</key>
				<string>YES</string>
				<key>CLANG_WARN_ENUM_CONVERSION</key>
				<string>YES</string>
				<key>CLANG_WARN_INT_CONVERSION</key>
				<string>YES</string>
				<key>CLANG_WARN_OBJC_ROOT_CLASS</key>
				<string>YES_ERROR</string>
				<key>CLANG_WARN__DUPLICATE_METHOD_MATCH</key>
				<string>YES</string>
				<key>CODE_SIGN_IDENTITY[sdk=iphoneos*]</key>
				<string>iPhone Developer</string>
				<key>COPY_PHASE_STRIP</key>
				<string>NO</string>
				<key>GCC_C_LANGUAGE_STANDARD</key>
				<string>gnu99</string>
				<key>GCC_DYNAMIC_NO_PIC</key>
				<string>NO</string>
				<key>GCC_OPTIMIZATION_LEVEL</key>
				<string>0</string>
				<key>GCC_PREPROCESSOR_DEFINITIONS</key>
				<array>
					<string>DEBUG=1</string>
					<string>$(inherited)</string>
				</array>
				<key>GCC_SYMBOLS_PRIVATE_EXTERN</key>
				<string>NO</string>
				<key>GCC_WARN_64_TO_32_BIT_CONVERSION</key>
				<string>YES</string>
				<key>GCC_WARN_ABOUT_RETURN_TYPE</key>
				<string>YES_ERROR</string>
				<key>GCC_WARN_UNDECLARED_SELECTOR</key>
				<string>YES</string>
				<key>GCC_WARN_UNINITIALIZED_AUTOS</key>
				<string>YES</string>
				<key>GCC_WARN_UNUSED_FUNCTION</key>
				<string>YES</string>
				<key>GCC_WARN_UNUSED_VARIABLE</key>
				<string>YES</string>
				<key>IPHONEOS_DEPLOYMENT_TARGET</key>
				<string>7.0</string>
				<key>ONLY_ACTIVE_ARCH</key>
				<string>YES</string>
				<key>SDKROOT</key>
				<string>iphoneos</string>
				<key>TARGETED_DEVICE_FAMILY</key>
				<string>1,2</string>
			</dict>
			<key>isa</key>
			<string>XCBuildConfiguration</string>
			<key>name</key>
			<string>Debug</string>
		</dict>
		<key>C8DCE4F0181DBA59008AD1B6</key>
		<dict>
			<key>buildSettings</key>
			<dict>
				<key>ALWAYS_SEARCH_USER_PATHS</key>
				<string>NO</string>
				<key>ARCHS</key>
				<string>$(ARCHS_STANDARD_INCLUDING_64_BIT)</string>
				<key>CLANG_CXX_LANGUAGE_STANDARD</key>
				<string>gnu++0x</string>
				<key>CLANG_CXX_LIBRARY</key>
				<string>libc++</string>
				<key>CLANG_ENABLE_MODULES</key>
				<string>YES</string>
				<key>CLANG_ENABLE_OBJC_ARC</key>
				<string>YES</string>
				<key>CLANG_WARN_BOOL_CONVERSION</key>
				<string>YES</string>
				<key>CLANG_WARN_CONSTANT_CONVERSION</key>
				<string>YES</string>
				<key>CLANG_WARN_DIRECT_OBJC_ISA_USAGE</key>
				<string>YES_ERROR</string>
				<key>CLANG_WARN_EMPTY_BODY</key>
				<string>YES</string>
				<key>CLANG_WARN_ENUM_CONVERSION</key>
				<string>YES</string>
				<key>CLANG_WARN_INT_CONVERSION</key>
				<string>YES</string>
				<key>CLANG_WARN_OBJC_ROOT_CLASS</key>
				<string>YES_ERROR</string>
				<key>CLANG_WARN__DUPLICATE_METHOD_MATCH</key>
				<string>YES</string>
				<key>CODE_SIGN_IDENTITY[sdk=iphoneos*]</key>
				<string>iPhone Developer</string>
				<key>COPY_PHASE_STRIP</key>
				<string>YES</string>
				<key>ENABLE_NS_ASSERTIONS</key>
				<string>NO</string>
				<key>GCC_C_LANGUAGE_STANDARD</key>
				<string>gnu99</string>
				<key>GCC_WARN_64_TO_32_BIT_CONVERSION</key>
				<string>YES</string>
				<key>GCC_WARN_ABOUT_RETURN_TYPE</key>
				<string>YES_ERROR</string>
				<key>GCC_WARN_UNDECLARED_SELECTOR</key>
				<string>YES</string>
				<key>GCC_WARN_UNINITIALIZED_AUTOS</key>
				<string>YES</string>
				<key>GCC_WARN_UNUSED_FUNCTION</key>
				<string>YES</string>
				<key>GCC_WARN_UNUSED_VARIABLE</key>
				<string>YES</string>
				<key>IPHONEOS_DEPLOYMENT_TARGET</key>
				<string>7.0</string>
				<key>SDKROOT</key>
				<string>iphoneos</string>
				<key>TARGETED_DEVICE_FAMILY</key>
				<string>1,2</string>
				<key>VALIDATE_PRODUCT</key>
				<string>YES</string>
			</dict>
			<key>isa</key>
			<string>XCBuildConfiguration</string>
			<key>name</key>
			<string>Release</string>
		</dict>
		<key>C8DCE4F1181DBA59008AD1B6</key>
		<dict>
			<key>buildConfigurations</key>
			<array>
				<string>C8DCE4F2181DBA59008AD1B6</string>
				<string>C8DCE4F3181DBA59008AD1B6</string>
			</array>
			<key>defaultConfigurationIsVisible</key>
			<string>0</string>
			<key>defaultConfigurationName</key>
			<string>Release</string>
			<key>isa</key>
			<string>XCConfigurationList</string>
		</dict>
		<key>C8DCE4F2181DBA59008AD1B6</key>
		<dict>
			<key>baseConfigurationReference</key>
			<string>3B91F4C25E7F4150ABE11486</string>
			<key>buildSettings</key>
			<dict>
				<key>ASSETCATALOG_COMPILER_APPICON_NAME</key>
				<string>AppIcon</string>
				<key>ASSETCATALOG_COMPILER_LAUNCHIMAGE_NAME</key>
				<string>LaunchImage</string>
				<key>CODE_SIGN_IDENTITY</key>
				<string>iPhone Developer</string>
				<key>CODE_SIGN_IDENTITY[sdk=iphoneos*]</key>
				<string>iPhone Developer</string>
				<key>GCC_PRECOMPILE_PREFIX_HEADER</key>
				<string>YES</string>
				<key>GCC_PREFIX_HEADER</key>
				<string>PathfinderCC/PathfinderCC-Prefix.pch</string>
				<key>INFOPLIST_FILE</key>
				<string>PathfinderCC/PathfinderCC-Info.plist</string>
				<key>PRODUCT_NAME</key>
				<string>$(TARGET_NAME)</string>
				<key>PROVISIONING_PROFILE</key>
				<string></string>
				<key>WRAPPER_EXTENSION</key>
				<string>app</string>
			</dict>
			<key>isa</key>
			<string>XCBuildConfiguration</string>
			<key>name</key>
			<string>Debug</string>
		</dict>
		<key>C8DCE4F3181DBA59008AD1B6</key>
		<dict>
			<key>baseConfigurationReference</key>
			<string>3B91F4C25E7F4150ABE11486</string>
			<key>buildSettings</key>
			<dict>
				<key>ASSETCATALOG_COMPILER_APPICON_NAME</key>
				<string>AppIcon</string>
				<key>ASSETCATALOG_COMPILER_LAUNCHIMAGE_NAME</key>
				<string>LaunchImage</string>
				<key>CODE_SIGN_IDENTITY</key>
				<string>iPhone Developer</string>
				<key>CODE_SIGN_IDENTITY[sdk=iphoneos*]</key>
				<string>iPhone Developer</string>
				<key>GCC_PRECOMPILE_PREFIX_HEADER</key>
				<string>YES</string>
				<key>GCC_PREFIX_HEADER</key>
				<string>PathfinderCC/PathfinderCC-Prefix.pch</string>
				<key>INFOPLIST_FILE</key>
				<string>PathfinderCC/PathfinderCC-Info.plist</string>
				<key>PRODUCT_NAME</key>
				<string>$(TARGET_NAME)</string>
				<key>PROVISIONING_PROFILE</key>
				<string></string>
				<key>WRAPPER_EXTENSION</key>
				<string>app</string>
			</dict>
			<key>isa</key>
			<string>XCBuildConfiguration</string>
			<key>name</key>
			<string>Release</string>
		</dict>
		<key>C8DCE4F4181DBA59008AD1B6</key>
		<dict>
			<key>buildConfigurations</key>
			<array>
				<string>C8DCE4F5181DBA59008AD1B6</string>
				<string>C8DCE4F6181DBA59008AD1B6</string>
			</array>
			<key>defaultConfigurationIsVisible</key>
			<string>0</string>
			<key>defaultConfigurationName</key>
			<string>Release</string>
			<key>isa</key>
			<string>XCConfigurationList</string>
		</dict>
		<key>C8DCE4F5181DBA59008AD1B6</key>
		<dict>
			<key>buildSettings</key>
			<dict>
				<key>ARCHS</key>
				<string>$(ARCHS_STANDARD_INCLUDING_64_BIT)</string>
				<key>BUNDLE_LOADER</key>
				<string>$(BUILT_PRODUCTS_DIR)/PathfinderCC.app/PathfinderCC</string>
				<key>FRAMEWORK_SEARCH_PATHS</key>
				<array>
					<string>$(SDKROOT)/Developer/Library/Frameworks</string>
					<string>$(inherited)</string>
					<string>$(DEVELOPER_FRAMEWORKS_DIR)</string>
				</array>
				<key>GCC_PRECOMPILE_PREFIX_HEADER</key>
				<string>YES</string>
				<key>GCC_PREFIX_HEADER</key>
				<string>PathfinderCC/PathfinderCC-Prefix.pch</string>
				<key>GCC_PREPROCESSOR_DEFINITIONS</key>
				<array>
					<string>DEBUG=1</string>
					<string>$(inherited)</string>
				</array>
				<key>INFOPLIST_FILE</key>
				<string>PathfinderCCTests/PathfinderCCTests-Info.plist</string>
				<key>PRODUCT_NAME</key>
				<string>$(TARGET_NAME)</string>
				<key>TEST_HOST</key>
				<string>$(BUNDLE_LOADER)</string>
				<key>WRAPPER_EXTENSION</key>
				<string>xctest</string>
			</dict>
			<key>isa</key>
			<string>XCBuildConfiguration</string>
			<key>name</key>
			<string>Debug</string>
		</dict>
		<key>C8DCE4F6181DBA59008AD1B6</key>
		<dict>
			<key>buildSettings</key>
			<dict>
				<key>ARCHS</key>
				<string>$(ARCHS_STANDARD_INCLUDING_64_BIT)</string>
				<key>BUNDLE_LOADER</key>
				<string>$(BUILT_PRODUCTS_DIR)/PathfinderCC.app/PathfinderCC</string>
				<key>FRAMEWORK_SEARCH_PATHS</key>
				<array>
					<string>$(SDKROOT)/Developer/Library/Frameworks</string>
					<string>$(inherited)</string>
					<string>$(DEVELOPER_FRAMEWORKS_DIR)</string>
				</array>
				<key>GCC_PRECOMPILE_PREFIX_HEADER</key>
				<string>YES</string>
				<key>GCC_PREFIX_HEADER</key>
				<string>PathfinderCC/PathfinderCC-Prefix.pch</string>
				<key>INFOPLIST_FILE</key>
				<string>PathfinderCCTests/PathfinderCCTests-Info.plist</string>
				<key>PRODUCT_NAME</key>
				<string>$(TARGET_NAME)</string>
				<key>TEST_HOST</key>
				<string>$(BUNDLE_LOADER)</string>
				<key>WRAPPER_EXTENSION</key>
				<string>xctest</string>
			</dict>
			<key>isa</key>
			<string>XCBuildConfiguration</string>
			<key>name</key>
			<string>Release</string>
		</dict>
		<key>C8DCE4F7181DBE27008AD1B6</key>
		<dict>
			<key>children</key>
			<array>
				<string>C8B5BEDF18209D9200602206</string>
				<string>C8DCE4FB181DBF0B008AD1B6</string>
				<string>C8DCE4FC181DBF0B008AD1B6</string>
				<string>C8B5BED5181FE39900602206</string>
				<string>C8B5BED6181FE39900602206</string>
				<string>C8B5BED81820970B00602206</string>
				<string>C8B5BED91820970B00602206</string>
			</array>
			<key>isa</key>
			<string>PBXGroup</string>
			<key>path</key>
			<string>Controllers</string>
			<key>sourceTree</key>
			<string>&lt;group&gt;</string>
		</dict>
		<key>C8DCE4FB181DBF0B008AD1B6</key>
		<dict>
			<key>fileEncoding</key>
			<string>4</string>
			<key>isa</key>
			<string>PBXFileReference</string>
			<key>lastKnownFileType</key>
			<string>sourcecode.c.h</string>
			<key>name</key>
			<string>PFCCharacterSheetViewController.h</string>
			<key>path</key>
			<string>PathfinderCC/Controllers/PFCCharacterSheetViewController.h</string>
			<key>sourceTree</key>
			<string>SOURCE_ROOT</string>
		</dict>
		<key>C8DCE4FC181DBF0B008AD1B6</key>
		<dict>
			<key>fileEncoding</key>
			<string>4</string>
			<key>isa</key>
			<string>PBXFileReference</string>
			<key>lastKnownFileType</key>
			<string>sourcecode.c.objc</string>
			<key>name</key>
			<string>PFCCharacterSheetViewController.m</string>
			<key>path</key>
			<string>PathfinderCC/Controllers/PFCCharacterSheetViewController.m</string>
			<key>sourceTree</key>
			<string>SOURCE_ROOT</string>
		</dict>
		<key>C8DCE4FE181DBF0B008AD1B6</key>
		<dict>
			<key>fileRef</key>
			<string>C8DCE4FC181DBF0B008AD1B6</string>
			<key>isa</key>
			<string>PBXBuildFile</string>
		</dict>
		<key>C8DCE500181DC02C008AD1B6</key>
		<dict>
			<key>children</key>
			<array>
				<string>C8DCE501181DC084008AD1B6</string>
				<string>C8DCE502181DC085008AD1B6</string>
			</array>
			<key>isa</key>
			<string>PBXGroup</string>
			<key>path</key>
			<string>Views</string>
			<key>sourceTree</key>
			<string>&lt;group&gt;</string>
		</dict>
		<key>C8DCE501181DC084008AD1B6</key>
		<dict>
			<key>fileEncoding</key>
			<string>4</string>
			<key>isa</key>
			<string>PBXFileReference</string>
			<key>lastKnownFileType</key>
			<string>sourcecode.c.h</string>
			<key>path</key>
			<string>PFCAbilityScoreCollectionViewCell.h</string>
			<key>sourceTree</key>
			<string>&lt;group&gt;</string>
		</dict>
		<key>C8DCE502181DC085008AD1B6</key>
		<dict>
			<key>fileEncoding</key>
			<string>4</string>
			<key>isa</key>
			<string>PBXFileReference</string>
			<key>lastKnownFileType</key>
			<string>sourcecode.c.objc</string>
			<key>path</key>
			<string>PFCAbilityScoreCollectionViewCell.m</string>
			<key>sourceTree</key>
			<string>&lt;group&gt;</string>
		</dict>
		<key>C8DCE503181DC085008AD1B6</key>
		<dict>
			<key>fileRef</key>
			<string>C8DCE502181DC085008AD1B6</string>
			<key>isa</key>
			<string>PBXBuildFile</string>
		</dict>
		<key>C8DCE504181DC4BF008AD1B6</key>
		<dict>
			<key>children</key>
			<array>
				<string>C8DCE505181DC514008AD1B6</string>
				<string>C8DCE506181DC514008AD1B6</string>
				<string>C8DCE508181DD632008AD1B6</string>
				<string>C8DCE509181DD632008AD1B6</string>
			</array>
			<key>isa</key>
			<string>PBXGroup</string>
			<key>path</key>
			<string>Models</string>
			<key>sourceTree</key>
			<string>&lt;group&gt;</string>
		</dict>
		<key>C8DCE505181DC514008AD1B6</key>
		<dict>
			<key>fileEncoding</key>
			<string>4</string>
			<key>isa</key>
			<string>PBXFileReference</string>
			<key>lastKnownFileType</key>
			<string>sourcecode.c.h</string>
			<key>path</key>
			<string>PFCCharacter.h</string>
			<key>sourceTree</key>
			<string>&lt;group&gt;</string>
		</dict>
		<key>C8DCE506181DC514008AD1B6</key>
		<dict>
			<key>fileEncoding</key>
			<string>4</string>
			<key>isa</key>
			<string>PBXFileReference</string>
			<key>lastKnownFileType</key>
			<string>sourcecode.c.objc</string>
			<key>path</key>
			<string>PFCCharacter.m</string>
			<key>sourceTree</key>
			<string>&lt;group&gt;</string>
		</dict>
		<key>C8DCE507181DC514008AD1B6</key>
		<dict>
			<key>fileRef</key>
			<string>C8DCE506181DC514008AD1B6</string>
			<key>isa</key>
			<string>PBXBuildFile</string>
		</dict>
		<key>C8DCE508181DD632008AD1B6</key>
		<dict>
			<key>fileEncoding</key>
			<string>4</string>
			<key>isa</key>
			<string>PBXFileReference</string>
			<key>lastKnownFileType</key>
			<string>sourcecode.c.h</string>
			<key>path</key>
			<string>PFCAbilityScore.h</string>
			<key>sourceTree</key>
			<string>&lt;group&gt;</string>
		</dict>
		<key>C8DCE509181DD632008AD1B6</key>
		<dict>
			<key>fileEncoding</key>
			<string>4</string>
			<key>isa</key>
			<string>PBXFileReference</string>
			<key>lastKnownFileType</key>
			<string>sourcecode.c.objc</string>
			<key>path</key>
			<string>PFCAbilityScore.m</string>
			<key>sourceTree</key>
			<string>&lt;group&gt;</string>
		</dict>
		<key>C8DCE50A181DD632008AD1B6</key>
		<dict>
			<key>fileRef</key>
			<string>C8DCE509181DD632008AD1B6</string>
			<key>isa</key>
			<string>PBXBuildFile</string>
		</dict>
		<key>C8DCE50D181DE7F4008AD1B6</key>
		<dict>
			<key>fileEncoding</key>
			<string>4</string>
			<key>isa</key>
			<string>PBXFileReference</string>
			<key>lastKnownFileType</key>
			<string>sourcecode.c.h</string>
			<key>path</key>
			<string>PFCCreateCharacterAbilityScoreViewController.h</string>
			<key>sourceTree</key>
			<string>&lt;group&gt;</string>
		</dict>
		<key>C8DCE50E181DE7F4008AD1B6</key>
		<dict>
			<key>fileEncoding</key>
			<string>4</string>
			<key>isa</key>
			<string>PBXFileReference</string>
			<key>lastKnownFileType</key>
			<string>sourcecode.c.objc</string>
			<key>path</key>
			<string>PFCCreateCharacterAbilityScoreViewController.m</string>
			<key>sourceTree</key>
			<string>&lt;group&gt;</string>
		</dict>
		<key>C8DCE50F181DE7F4008AD1B6</key>
		<dict>
			<key>fileRef</key>
			<string>C8DCE50E181DE7F4008AD1B6</string>
			<key>isa</key>
			<string>PBXBuildFile</string>
		</dict>
	</dict>
	<key>rootObject</key>
	<string>C8DCE4B1181DBA58008AD1B6</string>
</dict>
</plist>
