// !$*UTF8*$!
{
	archiveVersion = 1;
	classes = {
	};
	objectVersion = 46;
	objects = {

/* Begin PBXBuildFile section */
		57270205A98CBB246FDB47B4 /* Pods_PathfinderCC.framework in Frameworks */ = {isa = PBXBuildFile; fileRef = B6F63631E885683C3D88981A /* Pods_PathfinderCC.framework */; };
		72124284DC6E9E3D73F8FD6A /* Pods_PathfinderCCTests.framework in Frameworks */ = {isa = PBXBuildFile; fileRef = 8D4C123CC7FDA3A92FDDA5A8 /* Pods_PathfinderCCTests.framework */; };
		C817C2571C88D8AB00C21742 /* AppDelegate.swift in Sources */ = {isa = PBXBuildFile; fileRef = C817C2561C88D8AB00C21742 /* AppDelegate.swift */; };
		C817C25C1C88D8AB00C21742 /* Main.storyboard in Resources */ = {isa = PBXBuildFile; fileRef = C817C25A1C88D8AB00C21742 /* Main.storyboard */; };
		C817C2611C88D8AB00C21742 /* Assets.xcassets in Resources */ = {isa = PBXBuildFile; fileRef = C817C2601C88D8AB00C21742 /* Assets.xcassets */; };
		C817C2641C88D8AB00C21742 /* LaunchScreen.storyboard in Resources */ = {isa = PBXBuildFile; fileRef = C817C2621C88D8AB00C21742 /* LaunchScreen.storyboard */; };
		C817C27A1C88D8AB00C21742 /* PathfinderCCUITests.swift in Sources */ = {isa = PBXBuildFile; fileRef = C817C2791C88D8AB00C21742 /* PathfinderCCUITests.swift */; };
		C817C2891C88D90700C21742 /* CoreRulebook.xcdatamodeld in Sources */ = {isa = PBXBuildFile; fileRef = C817C2871C88D90700C21742 /* CoreRulebook.xcdatamodeld */; };
		C817C2951C88D91700C21742 /* AbilityScore.swift in Sources */ = {isa = PBXBuildFile; fileRef = C817C28C1C88D91700C21742 /* AbilityScore.swift */; };
		C817C2971C88D91700C21742 /* Character.swift in Sources */ = {isa = PBXBuildFile; fileRef = C817C28E1C88D91700C21742 /* Character.swift */; };
		C817C2991C88D91700C21742 /* CoreRulebook.swift in Sources */ = {isa = PBXBuildFile; fileRef = C817C2901C88D91700C21742 /* CoreRulebook.swift */; };
		C817C29B1C88D91700C21742 /* Race.swift in Sources */ = {isa = PBXBuildFile; fileRef = C817C2931C88D91700C21742 /* Race.swift */; };
		C817C2A11C88DC6500C21742 /* CreateCharacterAbilityScoreViewController.swift in Sources */ = {isa = PBXBuildFile; fileRef = C817C2A01C88DC6500C21742 /* CreateCharacterAbilityScoreViewController.swift */; };
		C817C2A31C88DC7800C21742 /* CreateCharacterNameViewController.swift in Sources */ = {isa = PBXBuildFile; fileRef = C817C2A21C88DC7800C21742 /* CreateCharacterNameViewController.swift */; };
		C817C2A61C88DCB000C21742 /* MenuViewController.swift in Sources */ = {isa = PBXBuildFile; fileRef = C817C2A51C88DCB000C21742 /* MenuViewController.swift */; };
		C817C2A81C88DCCF00C21742 /* CharacterListViewController.swift in Sources */ = {isa = PBXBuildFile; fileRef = C817C2A71C88DCCF00C21742 /* CharacterListViewController.swift */; };
		C86FA5871C89CAA800404C82 /* FetchedResultsControllerDataSource.swift in Sources */ = {isa = PBXBuildFile; fileRef = C86FA5861C89CAA800404C82 /* FetchedResultsControllerDataSource.swift */; };
		C88EE2F61C8A165D00405F76 /* CoreRulebookCoordinator.swift in Sources */ = {isa = PBXBuildFile; fileRef = C88EE2F51C8A165D00405F76 /* CoreRulebookCoordinator.swift */; };
		C88EE2F81C8A1E2500405F76 /* ScoreLabel.swift in Sources */ = {isa = PBXBuildFile; fileRef = C88EE2F71C8A1E2500405F76 /* ScoreLabel.swift */; };
		C88EE2FB1C8A1F7E00405F76 /* AbilityScoreCollectionViewCellTests.swift in Sources */ = {isa = PBXBuildFile; fileRef = C88EE2FA1C8A1F7E00405F76 /* AbilityScoreCollectionViewCellTests.swift */; };
		C88EE2FD1C8A20CD00405F76 /* CharacterHelper.swift in Sources */ = {isa = PBXBuildFile; fileRef = C88EE2FC1C8A20CD00405F76 /* CharacterHelper.swift */; };
		C88EE3001C8A2E7C00405F76 /* CreateCharacterNameViewControllerTests.swift in Sources */ = {isa = PBXBuildFile; fileRef = C88EE2FF1C8A2E7C00405F76 /* CreateCharacterNameViewControllerTests.swift */; };
		C88EE3021C8A2E9C00405F76 /* CreateCharacterAbilityScoreViewControllerTests.swift in Sources */ = {isa = PBXBuildFile; fileRef = C88EE3011C8A2E9C00405F76 /* CreateCharacterAbilityScoreViewControllerTests.swift */; };
		C88EE3051C8A312600405F76 /* MenuViewControllerTests.swift in Sources */ = {isa = PBXBuildFile; fileRef = C88EE3041C8A312600405F76 /* MenuViewControllerTests.swift */; };
		C88EE3071C8A314A00405F76 /* FetchedResultsControllerDataSourceTests.swift in Sources */ = {isa = PBXBuildFile; fileRef = C88EE3061C8A314A00405F76 /* FetchedResultsControllerDataSourceTests.swift */; };
		C88EE3091C8A330000405F76 /* CharacterListViewControllerTests.swift in Sources */ = {isa = PBXBuildFile; fileRef = C88EE3081C8A330000405F76 /* CharacterListViewControllerTests.swift */; };
		C8E1FFAD1C891FA70097FF62 /* Constants.swift in Sources */ = {isa = PBXBuildFile; fileRef = C8E1FFAC1C891FA70097FF62 /* Constants.swift */; };
		C8E1FFB21C8922CE0097FF62 /* AbilityScoreCollectionViewCell.swift in Sources */ = {isa = PBXBuildFile; fileRef = C8E1FFB01C8922CE0097FF62 /* AbilityScoreCollectionViewCell.swift */; };
		C8E1FFB31C8922CE0097FF62 /* CharacterSheetViewController.swift in Sources */ = {isa = PBXBuildFile; fileRef = C8E1FFB11C8922CE0097FF62 /* CharacterSheetViewController.swift */; };
		C8E1FFB81C892D890097FF62 /* Character+CoreDataProperties.swift in Sources */ = {isa = PBXBuildFile; fileRef = C8E1FFB41C892D890097FF62 /* Character+CoreDataProperties.swift */; };
		C8E1FFB91C892D890097FF62 /* Race+CoreDataProperties.swift in Sources */ = {isa = PBXBuildFile; fileRef = C8E1FFB51C892D890097FF62 /* Race+CoreDataProperties.swift */; };
		C8E1FFBA1C892D890097FF62 /* AbilityScore+CoreDataProperties.swift in Sources */ = {isa = PBXBuildFile; fileRef = C8E1FFB61C892D890097FF62 /* AbilityScore+CoreDataProperties.swift */; };
		C8E1FFBB1C892D890097FF62 /* CoreRulebook+CoreDataProperties.swift in Sources */ = {isa = PBXBuildFile; fileRef = C8E1FFB71C892D890097FF62 /* CoreRulebook+CoreDataProperties.swift */; };
		C8E1FFBD1C8947590097FF62 /* corerulebook.json in Resources */ = {isa = PBXBuildFile; fileRef = C8E1FFBC1C8947590097FF62 /* corerulebook.json */; };
		C8FD15361C8A3E0C00473164 /* testcorerulebook.json in Resources */ = {isa = PBXBuildFile; fileRef = C8FD15351C8A3E0C00473164 /* testcorerulebook.json */; };
		E04AC4DA1C8A938F00CFA64D /* CoreRulebook+FEMMapping.swift in Sources */ = {isa = PBXBuildFile; fileRef = E04AC4D91C8A938F00CFA64D /* CoreRulebook+FEMMapping.swift */; };
		E04AC4DC1C8A953D00CFA64D /* Race+FEMMapping.swift in Sources */ = {isa = PBXBuildFile; fileRef = E04AC4DB1C8A953D00CFA64D /* Race+FEMMapping.swift */; };
		E04AC4DE1C8A967800CFA64D /* FEMMapped.swift in Sources */ = {isa = PBXBuildFile; fileRef = E04AC4DD1C8A967800CFA64D /* FEMMapped.swift */; };
		E04AC4E01C8A970400CFA64D /* JSONDeserializer.swift in Sources */ = {isa = PBXBuildFile; fileRef = E04AC4DF1C8A970400CFA64D /* JSONDeserializer.swift */; };
		E04AC4E41C8A9A1600CFA64D /* CoreRulebook+FEMMappingTests.swift in Sources */ = {isa = PBXBuildFile; fileRef = E04AC4E31C8A9A1600CFA64D /* CoreRulebook+FEMMappingTests.swift */; };
		E04AC4E61C8A9FC000CFA64D /* Races+FEMMappingTests.swift in Sources */ = {isa = PBXBuildFile; fileRef = E04AC4E51C8A9FC000CFA64D /* Races+FEMMappingTests.swift */; };
		E0FF11BC1C8B18BF0090EB0E /* AbilityScore+FEMMapping.swift in Sources */ = {isa = PBXBuildFile; fileRef = E0FF11BB1C8B18BF0090EB0E /* AbilityScore+FEMMapping.swift */; };
		E0FF11BE1C8B197B0090EB0E /* AbilityScore+FEMMappingTests.swift in Sources */ = {isa = PBXBuildFile; fileRef = E0FF11BD1C8B197B0090EB0E /* AbilityScore+FEMMappingTests.swift */; };
		E0FF11C31C8B1FA40090EB0E /* Modifier.swift in Sources */ = {isa = PBXBuildFile; fileRef = E0FF11BF1C8B1FA40090EB0E /* Modifier.swift */; };
		E0FF11C41C8B1FA40090EB0E /* Modifier+CoreDataProperties.swift in Sources */ = {isa = PBXBuildFile; fileRef = E0FF11C01C8B1FA40090EB0E /* Modifier+CoreDataProperties.swift */; };
		E0FF11C51C8B1FA40090EB0E /* Skill.swift in Sources */ = {isa = PBXBuildFile; fileRef = E0FF11C11C8B1FA40090EB0E /* Skill.swift */; };
		E0FF11C61C8B1FA40090EB0E /* Skill+CoreDataProperties.swift in Sources */ = {isa = PBXBuildFile; fileRef = E0FF11C21C8B1FA40090EB0E /* Skill+CoreDataProperties.swift */; };
		E0FF11C81C8B235B0090EB0E /* Modifier+FEMMapping.swift in Sources */ = {isa = PBXBuildFile; fileRef = E0FF11C71C8B235A0090EB0E /* Modifier+FEMMapping.swift */; };
		E0FF11CA1C8B23FC0090EB0E /* Modifier+FEMMappingTests.swift in Sources */ = {isa = PBXBuildFile; fileRef = E0FF11C91C8B23FC0090EB0E /* Modifier+FEMMappingTests.swift */; };
		E0FF11CD1C8B28090090EB0E /* Trait+CoreDataProperties.swift in Sources */ = {isa = PBXBuildFile; fileRef = E0FF11CB1C8B28090090EB0E /* Trait+CoreDataProperties.swift */; };
		E0FF11CE1C8B28090090EB0E /* Trait.swift in Sources */ = {isa = PBXBuildFile; fileRef = E0FF11CC1C8B28090090EB0E /* Trait.swift */; };
/* End PBXBuildFile section */

/* Begin PBXContainerItemProxy section */
		C817C26B1C88D8AB00C21742 /* PBXContainerItemProxy */ = {
			isa = PBXContainerItemProxy;
			containerPortal = C817C24B1C88D8AB00C21742 /* Project object */;
			proxyType = 1;
			remoteGlobalIDString = C817C2521C88D8AB00C21742;
			remoteInfo = PathfinderCC;
		};
		C817C2761C88D8AB00C21742 /* PBXContainerItemProxy */ = {
			isa = PBXContainerItemProxy;
			containerPortal = C817C24B1C88D8AB00C21742 /* Project object */;
			proxyType = 1;
			remoteGlobalIDString = C817C2521C88D8AB00C21742;
			remoteInfo = PathfinderCC;
		};
/* End PBXContainerItemProxy section */

/* Begin PBXFileReference section */
		16D4FD7D0706E9CCE42C0394 /* Pods-PathfinderCCTests.release.xcconfig */ = {isa = PBXFileReference; includeInIndex = 1; lastKnownFileType = text.xcconfig; name = "Pods-PathfinderCCTests.release.xcconfig"; path = "Pods/Target Support Files/Pods-PathfinderCCTests/Pods-PathfinderCCTests.release.xcconfig"; sourceTree = "<group>"; };
		8D4C123CC7FDA3A92FDDA5A8 /* Pods_PathfinderCCTests.framework */ = {isa = PBXFileReference; explicitFileType = wrapper.framework; includeInIndex = 0; path = Pods_PathfinderCCTests.framework; sourceTree = BUILT_PRODUCTS_DIR; };
		93EFB2E5BD27FCB93CABA741 /* Pods-PathfinderCC.debug.xcconfig */ = {isa = PBXFileReference; includeInIndex = 1; lastKnownFileType = text.xcconfig; name = "Pods-PathfinderCC.debug.xcconfig"; path = "Pods/Target Support Files/Pods-PathfinderCC/Pods-PathfinderCC.debug.xcconfig"; sourceTree = "<group>"; };
		A8BCDECA606A3F022C126719 /* Pods-PathfinderCCTests.debug.xcconfig */ = {isa = PBXFileReference; includeInIndex = 1; lastKnownFileType = text.xcconfig; name = "Pods-PathfinderCCTests.debug.xcconfig"; path = "Pods/Target Support Files/Pods-PathfinderCCTests/Pods-PathfinderCCTests.debug.xcconfig"; sourceTree = "<group>"; };
		B6F63631E885683C3D88981A /* Pods_PathfinderCC.framework */ = {isa = PBXFileReference; explicitFileType = wrapper.framework; includeInIndex = 0; path = Pods_PathfinderCC.framework; sourceTree = BUILT_PRODUCTS_DIR; };
		C817C2531C88D8AB00C21742 /* PathfinderCC.app */ = {isa = PBXFileReference; explicitFileType = wrapper.application; includeInIndex = 0; path = PathfinderCC.app; sourceTree = BUILT_PRODUCTS_DIR; };
		C817C2561C88D8AB00C21742 /* AppDelegate.swift */ = {isa = PBXFileReference; lastKnownFileType = sourcecode.swift; path = AppDelegate.swift; sourceTree = "<group>"; };
		C817C25B1C88D8AB00C21742 /* Base */ = {isa = PBXFileReference; lastKnownFileType = file.storyboard; name = Base; path = Base.lproj/Main.storyboard; sourceTree = "<group>"; };
		C817C2601C88D8AB00C21742 /* Assets.xcassets */ = {isa = PBXFileReference; lastKnownFileType = folder.assetcatalog; path = Assets.xcassets; sourceTree = "<group>"; };
		C817C2631C88D8AB00C21742 /* Base */ = {isa = PBXFileReference; lastKnownFileType = file.storyboard; name = Base; path = Base.lproj/LaunchScreen.storyboard; sourceTree = "<group>"; };
		C817C2651C88D8AB00C21742 /* Info.plist */ = {isa = PBXFileReference; lastKnownFileType = text.plist.xml; path = Info.plist; sourceTree = "<group>"; };
		C817C26A1C88D8AB00C21742 /* PathfinderCCTests.xctest */ = {isa = PBXFileReference; explicitFileType = wrapper.cfbundle; includeInIndex = 0; path = PathfinderCCTests.xctest; sourceTree = BUILT_PRODUCTS_DIR; };
		C817C2701C88D8AB00C21742 /* Info.plist */ = {isa = PBXFileReference; lastKnownFileType = text.plist.xml; path = Info.plist; sourceTree = "<group>"; };
		C817C2751C88D8AB00C21742 /* PathfinderCCUITests.xctest */ = {isa = PBXFileReference; explicitFileType = wrapper.cfbundle; includeInIndex = 0; path = PathfinderCCUITests.xctest; sourceTree = BUILT_PRODUCTS_DIR; };
		C817C2791C88D8AB00C21742 /* PathfinderCCUITests.swift */ = {isa = PBXFileReference; lastKnownFileType = sourcecode.swift; path = PathfinderCCUITests.swift; sourceTree = "<group>"; };
		C817C27B1C88D8AB00C21742 /* Info.plist */ = {isa = PBXFileReference; lastKnownFileType = text.plist.xml; path = Info.plist; sourceTree = "<group>"; };
		C817C2881C88D90700C21742 /* CoreRulebook.xcdatamodel */ = {isa = PBXFileReference; lastKnownFileType = wrapper.xcdatamodel; path = CoreRulebook.xcdatamodel; sourceTree = "<group>"; };
		C817C28C1C88D91700C21742 /* AbilityScore.swift */ = {isa = PBXFileReference; fileEncoding = 4; lastKnownFileType = sourcecode.swift; path = AbilityScore.swift; sourceTree = "<group>"; };
		C817C28E1C88D91700C21742 /* Character.swift */ = {isa = PBXFileReference; fileEncoding = 4; lastKnownFileType = sourcecode.swift; path = Character.swift; sourceTree = "<group>"; };
		C817C2901C88D91700C21742 /* CoreRulebook.swift */ = {isa = PBXFileReference; fileEncoding = 4; lastKnownFileType = sourcecode.swift; path = CoreRulebook.swift; sourceTree = "<group>"; };
		C817C2931C88D91700C21742 /* Race.swift */ = {isa = PBXFileReference; fileEncoding = 4; lastKnownFileType = sourcecode.swift; path = Race.swift; sourceTree = "<group>"; };
		C817C2A01C88DC6500C21742 /* CreateCharacterAbilityScoreViewController.swift */ = {isa = PBXFileReference; fileEncoding = 4; lastKnownFileType = sourcecode.swift; path = CreateCharacterAbilityScoreViewController.swift; sourceTree = "<group>"; };
		C817C2A21C88DC7800C21742 /* CreateCharacterNameViewController.swift */ = {isa = PBXFileReference; fileEncoding = 4; lastKnownFileType = sourcecode.swift; path = CreateCharacterNameViewController.swift; sourceTree = "<group>"; };
		C817C2A51C88DCB000C21742 /* MenuViewController.swift */ = {isa = PBXFileReference; fileEncoding = 4; lastKnownFileType = sourcecode.swift; path = MenuViewController.swift; sourceTree = "<group>"; };
		C817C2A71C88DCCF00C21742 /* CharacterListViewController.swift */ = {isa = PBXFileReference; fileEncoding = 4; lastKnownFileType = sourcecode.swift; path = CharacterListViewController.swift; sourceTree = "<group>"; };
		C86FA5861C89CAA800404C82 /* FetchedResultsControllerDataSource.swift */ = {isa = PBXFileReference; fileEncoding = 4; lastKnownFileType = sourcecode.swift; path = FetchedResultsControllerDataSource.swift; sourceTree = "<group>"; };
		C88EE2F51C8A165D00405F76 /* CoreRulebookCoordinator.swift */ = {isa = PBXFileReference; fileEncoding = 4; lastKnownFileType = sourcecode.swift; path = CoreRulebookCoordinator.swift; sourceTree = "<group>"; };
		C88EE2F71C8A1E2500405F76 /* ScoreLabel.swift */ = {isa = PBXFileReference; fileEncoding = 4; lastKnownFileType = sourcecode.swift; path = ScoreLabel.swift; sourceTree = "<group>"; };
		C88EE2FA1C8A1F7E00405F76 /* AbilityScoreCollectionViewCellTests.swift */ = {isa = PBXFileReference; fileEncoding = 4; lastKnownFileType = sourcecode.swift; path = AbilityScoreCollectionViewCellTests.swift; sourceTree = "<group>"; };
		C88EE2FC1C8A20CD00405F76 /* CharacterHelper.swift */ = {isa = PBXFileReference; fileEncoding = 4; lastKnownFileType = sourcecode.swift; path = CharacterHelper.swift; sourceTree = "<group>"; };
		C88EE2FF1C8A2E7C00405F76 /* CreateCharacterNameViewControllerTests.swift */ = {isa = PBXFileReference; fileEncoding = 4; lastKnownFileType = sourcecode.swift; path = CreateCharacterNameViewControllerTests.swift; sourceTree = "<group>"; };
		C88EE3011C8A2E9C00405F76 /* CreateCharacterAbilityScoreViewControllerTests.swift */ = {isa = PBXFileReference; fileEncoding = 4; lastKnownFileType = sourcecode.swift; path = CreateCharacterAbilityScoreViewControllerTests.swift; sourceTree = "<group>"; };
		C88EE3041C8A312600405F76 /* MenuViewControllerTests.swift */ = {isa = PBXFileReference; fileEncoding = 4; lastKnownFileType = sourcecode.swift; path = MenuViewControllerTests.swift; sourceTree = "<group>"; };
		C88EE3061C8A314A00405F76 /* FetchedResultsControllerDataSourceTests.swift */ = {isa = PBXFileReference; fileEncoding = 4; lastKnownFileType = sourcecode.swift; path = FetchedResultsControllerDataSourceTests.swift; sourceTree = "<group>"; };
		C88EE3081C8A330000405F76 /* CharacterListViewControllerTests.swift */ = {isa = PBXFileReference; fileEncoding = 4; lastKnownFileType = sourcecode.swift; path = CharacterListViewControllerTests.swift; sourceTree = "<group>"; };
		C8E1FFAC1C891FA70097FF62 /* Constants.swift */ = {isa = PBXFileReference; fileEncoding = 4; lastKnownFileType = sourcecode.swift; path = Constants.swift; sourceTree = "<group>"; };
		C8E1FFB01C8922CE0097FF62 /* AbilityScoreCollectionViewCell.swift */ = {isa = PBXFileReference; fileEncoding = 4; lastKnownFileType = sourcecode.swift; path = AbilityScoreCollectionViewCell.swift; sourceTree = "<group>"; };
		C8E1FFB11C8922CE0097FF62 /* CharacterSheetViewController.swift */ = {isa = PBXFileReference; fileEncoding = 4; lastKnownFileType = sourcecode.swift; path = CharacterSheetViewController.swift; sourceTree = "<group>"; };
		C8E1FFB41C892D890097FF62 /* Character+CoreDataProperties.swift */ = {isa = PBXFileReference; fileEncoding = 4; lastKnownFileType = sourcecode.swift; path = "Character+CoreDataProperties.swift"; sourceTree = "<group>"; };
		C8E1FFB51C892D890097FF62 /* Race+CoreDataProperties.swift */ = {isa = PBXFileReference; fileEncoding = 4; lastKnownFileType = sourcecode.swift; path = "Race+CoreDataProperties.swift"; sourceTree = "<group>"; };
		C8E1FFB61C892D890097FF62 /* AbilityScore+CoreDataProperties.swift */ = {isa = PBXFileReference; fileEncoding = 4; lastKnownFileType = sourcecode.swift; path = "AbilityScore+CoreDataProperties.swift"; sourceTree = "<group>"; };
		C8E1FFB71C892D890097FF62 /* CoreRulebook+CoreDataProperties.swift */ = {isa = PBXFileReference; fileEncoding = 4; lastKnownFileType = sourcecode.swift; path = "CoreRulebook+CoreDataProperties.swift"; sourceTree = "<group>"; };
		C8E1FFBC1C8947590097FF62 /* corerulebook.json */ = {isa = PBXFileReference; fileEncoding = 4; lastKnownFileType = text.json; path = corerulebook.json; sourceTree = "<group>"; };
		C8FD15351C8A3E0C00473164 /* testcorerulebook.json */ = {isa = PBXFileReference; fileEncoding = 4; lastKnownFileType = text.json; path = testcorerulebook.json; sourceTree = "<group>"; };
		E04AC4D91C8A938F00CFA64D /* CoreRulebook+FEMMapping.swift */ = {isa = PBXFileReference; fileEncoding = 4; lastKnownFileType = sourcecode.swift; path = "CoreRulebook+FEMMapping.swift"; sourceTree = "<group>"; };
		E04AC4DB1C8A953D00CFA64D /* Race+FEMMapping.swift */ = {isa = PBXFileReference; fileEncoding = 4; lastKnownFileType = sourcecode.swift; path = "Race+FEMMapping.swift"; sourceTree = "<group>"; };
		E04AC4DD1C8A967800CFA64D /* FEMMapped.swift */ = {isa = PBXFileReference; fileEncoding = 4; lastKnownFileType = sourcecode.swift; path = FEMMapped.swift; sourceTree = "<group>"; };
		E04AC4DF1C8A970400CFA64D /* JSONDeserializer.swift */ = {isa = PBXFileReference; fileEncoding = 4; lastKnownFileType = sourcecode.swift; path = JSONDeserializer.swift; sourceTree = "<group>"; };
		E04AC4E31C8A9A1600CFA64D /* CoreRulebook+FEMMappingTests.swift */ = {isa = PBXFileReference; fileEncoding = 4; lastKnownFileType = sourcecode.swift; path = "CoreRulebook+FEMMappingTests.swift"; sourceTree = "<group>"; };
		E04AC4E51C8A9FC000CFA64D /* Races+FEMMappingTests.swift */ = {isa = PBXFileReference; fileEncoding = 4; lastKnownFileType = sourcecode.swift; path = "Races+FEMMappingTests.swift"; sourceTree = "<group>"; };
		E0FF11BB1C8B18BF0090EB0E /* AbilityScore+FEMMapping.swift */ = {isa = PBXFileReference; fileEncoding = 4; lastKnownFileType = sourcecode.swift; path = "AbilityScore+FEMMapping.swift"; sourceTree = "<group>"; };
		E0FF11BD1C8B197B0090EB0E /* AbilityScore+FEMMappingTests.swift */ = {isa = PBXFileReference; fileEncoding = 4; lastKnownFileType = sourcecode.swift; path = "AbilityScore+FEMMappingTests.swift"; sourceTree = "<group>"; };
		E0FF11BF1C8B1FA40090EB0E /* Modifier.swift */ = {isa = PBXFileReference; fileEncoding = 4; lastKnownFileType = sourcecode.swift; path = Modifier.swift; sourceTree = "<group>"; };
		E0FF11C01C8B1FA40090EB0E /* Modifier+CoreDataProperties.swift */ = {isa = PBXFileReference; fileEncoding = 4; lastKnownFileType = sourcecode.swift; path = "Modifier+CoreDataProperties.swift"; sourceTree = "<group>"; };
		E0FF11C11C8B1FA40090EB0E /* Skill.swift */ = {isa = PBXFileReference; fileEncoding = 4; lastKnownFileType = sourcecode.swift; path = Skill.swift; sourceTree = "<group>"; };
		E0FF11C21C8B1FA40090EB0E /* Skill+CoreDataProperties.swift */ = {isa = PBXFileReference; fileEncoding = 4; lastKnownFileType = sourcecode.swift; path = "Skill+CoreDataProperties.swift"; sourceTree = "<group>"; };
		E0FF11C71C8B235A0090EB0E /* Modifier+FEMMapping.swift */ = {isa = PBXFileReference; fileEncoding = 4; lastKnownFileType = sourcecode.swift; path = "Modifier+FEMMapping.swift"; sourceTree = "<group>"; };
		E0FF11C91C8B23FC0090EB0E /* Modifier+FEMMappingTests.swift */ = {isa = PBXFileReference; fileEncoding = 4; lastKnownFileType = sourcecode.swift; path = "Modifier+FEMMappingTests.swift"; sourceTree = "<group>"; };
		E0FF11CB1C8B28090090EB0E /* Trait+CoreDataProperties.swift */ = {isa = PBXFileReference; fileEncoding = 4; lastKnownFileType = sourcecode.swift; path = "Trait+CoreDataProperties.swift"; sourceTree = "<group>"; };
		E0FF11CC1C8B28090090EB0E /* Trait.swift */ = {isa = PBXFileReference; fileEncoding = 4; lastKnownFileType = sourcecode.swift; path = Trait.swift; sourceTree = "<group>"; };
		F6F11746032D1042BD80E926 /* Pods-PathfinderCC.release.xcconfig */ = {isa = PBXFileReference; includeInIndex = 1; lastKnownFileType = text.xcconfig; name = "Pods-PathfinderCC.release.xcconfig"; path = "Pods/Target Support Files/Pods-PathfinderCC/Pods-PathfinderCC.release.xcconfig"; sourceTree = "<group>"; };
/* End PBXFileReference section */

/* Begin PBXFrameworksBuildPhase section */
		C817C2501C88D8AB00C21742 /* Frameworks */ = {
			isa = PBXFrameworksBuildPhase;
			buildActionMask = 2147483647;
			files = (
				57270205A98CBB246FDB47B4 /* Pods_PathfinderCC.framework in Frameworks */,
			);
			runOnlyForDeploymentPostprocessing = 0;
		};
		C817C2671C88D8AB00C21742 /* Frameworks */ = {
			isa = PBXFrameworksBuildPhase;
			buildActionMask = 2147483647;
			files = (
				72124284DC6E9E3D73F8FD6A /* Pods_PathfinderCCTests.framework in Frameworks */,
			);
			runOnlyForDeploymentPostprocessing = 0;
		};
		C817C2721C88D8AB00C21742 /* Frameworks */ = {
			isa = PBXFrameworksBuildPhase;
			buildActionMask = 2147483647;
			files = (
			);
			runOnlyForDeploymentPostprocessing = 0;
		};
/* End PBXFrameworksBuildPhase section */

/* Begin PBXGroup section */
		2760349168D78B32C0080C02 /* Frameworks */ = {
			isa = PBXGroup;
			children = (
				B6F63631E885683C3D88981A /* Pods_PathfinderCC.framework */,
				8D4C123CC7FDA3A92FDDA5A8 /* Pods_PathfinderCCTests.framework */,
			);
			name = Frameworks;
			sourceTree = "<group>";
		};
		39892E5792EBC85AAB3FB3E2 /* Pods */ = {
			isa = PBXGroup;
			children = (
				93EFB2E5BD27FCB93CABA741 /* Pods-PathfinderCC.debug.xcconfig */,
				F6F11746032D1042BD80E926 /* Pods-PathfinderCC.release.xcconfig */,
				A8BCDECA606A3F022C126719 /* Pods-PathfinderCCTests.debug.xcconfig */,
				16D4FD7D0706E9CCE42C0394 /* Pods-PathfinderCCTests.release.xcconfig */,
			);
			name = Pods;
			sourceTree = "<group>";
		};
		C817C24A1C88D8AB00C21742 = {
			isa = PBXGroup;
			children = (
				C817C2551C88D8AB00C21742 /* PathfinderCC */,
				C817C26D1C88D8AB00C21742 /* PathfinderCCTests */,
				C817C2781C88D8AB00C21742 /* PathfinderCCUITests */,
				C817C2541C88D8AB00C21742 /* Products */,
				39892E5792EBC85AAB3FB3E2 /* Pods */,
				2760349168D78B32C0080C02 /* Frameworks */,
			);
			sourceTree = "<group>";
		};
		C817C2541C88D8AB00C21742 /* Products */ = {
			isa = PBXGroup;
			children = (
				C817C2531C88D8AB00C21742 /* PathfinderCC.app */,
				C817C26A1C88D8AB00C21742 /* PathfinderCCTests.xctest */,
				C817C2751C88D8AB00C21742 /* PathfinderCCUITests.xctest */,
			);
			name = Products;
			sourceTree = "<group>";
		};
		C817C2551C88D8AB00C21742 /* PathfinderCC */ = {
			isa = PBXGroup;
			children = (
				C88EE2F41C8A163C00405F76 /* CoreRulebook */,
				C8E1FFAC1C891FA70097FF62 /* Constants.swift */,
				C817C2A41C88DC9C00C21742 /* Menu */,
				C817C29F1C88DC3E00C21742 /* CreateCharacter */,
				C817C29C1C88DA2800C21742 /* CharacterSheet */,
				C817C28A1C88D91700C21742 /* Models */,
				C817C2561C88D8AB00C21742 /* AppDelegate.swift */,
				C817C25A1C88D8AB00C21742 /* Main.storyboard */,
				C817C2601C88D8AB00C21742 /* Assets.xcassets */,
				C817C2621C88D8AB00C21742 /* LaunchScreen.storyboard */,
				C8E1FFBC1C8947590097FF62 /* corerulebook.json */,
				C817C2651C88D8AB00C21742 /* Info.plist */,
				C817C2871C88D90700C21742 /* CoreRulebook.xcdatamodeld */,
			);
			path = PathfinderCC;
			sourceTree = "<group>";
		};
		C817C26D1C88D8AB00C21742 /* PathfinderCCTests */ = {
			isa = PBXGroup;
			children = (
				E04AC4E11C8A99E800CFA64D /* Models */,
				C8FD15351C8A3E0C00473164 /* testcorerulebook.json */,
				C88EE3031C8A310D00405F76 /* Menu */,
				C88EE2FE1C8A2E6100405F76 /* CreateCharacter */,
				C88EE2F91C8A1F6800405F76 /* CharacterSheet */,
				C817C2701C88D8AB00C21742 /* Info.plist */,
				C88EE2FC1C8A20CD00405F76 /* CharacterHelper.swift */,
			);
			path = PathfinderCCTests;
			sourceTree = "<group>";
		};
		C817C2781C88D8AB00C21742 /* PathfinderCCUITests */ = {
			isa = PBXGroup;
			children = (
				C817C2791C88D8AB00C21742 /* PathfinderCCUITests.swift */,
				C817C27B1C88D8AB00C21742 /* Info.plist */,
			);
			path = PathfinderCCUITests;
			sourceTree = "<group>";
		};
		C817C28A1C88D91700C21742 /* Models */ = {
			isa = PBXGroup;
			children = (
				E0FF11CC1C8B28090090EB0E /* Trait.swift */,
				E0FF11CB1C8B28090090EB0E /* Trait+CoreDataProperties.swift */,
				E0FF11BF1C8B1FA40090EB0E /* Modifier.swift */,
				E0FF11C01C8B1FA40090EB0E /* Modifier+CoreDataProperties.swift */,
				E0FF11C11C8B1FA40090EB0E /* Skill.swift */,
				E0FF11C21C8B1FA40090EB0E /* Skill+CoreDataProperties.swift */,
				C817C28E1C88D91700C21742 /* Character.swift */,
				C8E1FFB41C892D890097FF62 /* Character+CoreDataProperties.swift */,
				C817C2931C88D91700C21742 /* Race.swift */,
				C8E1FFB51C892D890097FF62 /* Race+CoreDataProperties.swift */,
				C817C28C1C88D91700C21742 /* AbilityScore.swift */,
				C8E1FFB61C892D890097FF62 /* AbilityScore+CoreDataProperties.swift */,
				C817C2901C88D91700C21742 /* CoreRulebook.swift */,
				C8E1FFB71C892D890097FF62 /* CoreRulebook+CoreDataProperties.swift */,
				E04AC4D81C8A935C00CFA64D /* Mapping */,
			);
			path = Models;
			sourceTree = "<group>";
		};
		C817C29C1C88DA2800C21742 /* CharacterSheet */ = {
			isa = PBXGroup;
			children = (
				C8E1FFB01C8922CE0097FF62 /* AbilityScoreCollectionViewCell.swift */,
				C8E1FFB11C8922CE0097FF62 /* CharacterSheetViewController.swift */,
				C88EE2F71C8A1E2500405F76 /* ScoreLabel.swift */,
			);
			path = CharacterSheet;
			sourceTree = "<group>";
		};
		C817C29F1C88DC3E00C21742 /* CreateCharacter */ = {
			isa = PBXGroup;
			children = (
				C817C2A01C88DC6500C21742 /* CreateCharacterAbilityScoreViewController.swift */,
				C817C2A21C88DC7800C21742 /* CreateCharacterNameViewController.swift */,
			);
			path = CreateCharacter;
			sourceTree = "<group>";
		};
		C817C2A41C88DC9C00C21742 /* Menu */ = {
			isa = PBXGroup;
			children = (
				C817C2A51C88DCB000C21742 /* MenuViewController.swift */,
				C817C2A71C88DCCF00C21742 /* CharacterListViewController.swift */,
				C86FA5861C89CAA800404C82 /* FetchedResultsControllerDataSource.swift */,
			);
			path = Menu;
			sourceTree = "<group>";
		};
		C88EE2F41C8A163C00405F76 /* CoreRulebook */ = {
			isa = PBXGroup;
			children = (
				C88EE2F51C8A165D00405F76 /* CoreRulebookCoordinator.swift */,
			);
			path = CoreRulebook;
			sourceTree = "<group>";
		};
		C88EE2F91C8A1F6800405F76 /* CharacterSheet */ = {
			isa = PBXGroup;
			children = (
				C88EE2FA1C8A1F7E00405F76 /* AbilityScoreCollectionViewCellTests.swift */,
			);
			path = CharacterSheet;
			sourceTree = "<group>";
		};
		C88EE2FE1C8A2E6100405F76 /* CreateCharacter */ = {
			isa = PBXGroup;
			children = (
				C88EE3011C8A2E9C00405F76 /* CreateCharacterAbilityScoreViewControllerTests.swift */,
				C88EE2FF1C8A2E7C00405F76 /* CreateCharacterNameViewControllerTests.swift */,
			);
			path = CreateCharacter;
			sourceTree = "<group>";
		};
		C88EE3031C8A310D00405F76 /* Menu */ = {
			isa = PBXGroup;
			children = (
				C88EE3041C8A312600405F76 /* MenuViewControllerTests.swift */,
				C88EE3061C8A314A00405F76 /* FetchedResultsControllerDataSourceTests.swift */,
				C88EE3081C8A330000405F76 /* CharacterListViewControllerTests.swift */,
			);
			path = Menu;
			sourceTree = "<group>";
		};
		E04AC4D81C8A935C00CFA64D /* Mapping */ = {
			isa = PBXGroup;
			children = (
				E04AC4D91C8A938F00CFA64D /* CoreRulebook+FEMMapping.swift */,
				E04AC4DB1C8A953D00CFA64D /* Race+FEMMapping.swift */,
				E0FF11BB1C8B18BF0090EB0E /* AbilityScore+FEMMapping.swift */,
				E0FF11C71C8B235A0090EB0E /* Modifier+FEMMapping.swift */,
				E04AC4DD1C8A967800CFA64D /* FEMMapped.swift */,
				E04AC4DF1C8A970400CFA64D /* JSONDeserializer.swift */,
			);
			path = Mapping;
			sourceTree = "<group>";
		};
		E04AC4E11C8A99E800CFA64D /* Models */ = {
			isa = PBXGroup;
			children = (
				E04AC4E21C8A99EE00CFA64D /* Mapping */,
			);
			path = Models;
			sourceTree = "<group>";
		};
		E04AC4E21C8A99EE00CFA64D /* Mapping */ = {
			isa = PBXGroup;
			children = (
				E04AC4E31C8A9A1600CFA64D /* CoreRulebook+FEMMappingTests.swift */,
				E04AC4E51C8A9FC000CFA64D /* Races+FEMMappingTests.swift */,
				E0FF11BD1C8B197B0090EB0E /* AbilityScore+FEMMappingTests.swift */,
				E0FF11C91C8B23FC0090EB0E /* Modifier+FEMMappingTests.swift */,
			);
			path = Mapping;
			sourceTree = "<group>";
		};
/* End PBXGroup section */

/* Begin PBXNativeTarget section */
		C817C2521C88D8AB00C21742 /* PathfinderCC */ = {
			isa = PBXNativeTarget;
			buildConfigurationList = C817C27E1C88D8AB00C21742 /* Build configuration list for PBXNativeTarget "PathfinderCC" */;
			buildPhases = (
				3F04D62C9DB2667B3BA7979D /* Check Pods Manifest.lock */,
				C817C24F1C88D8AB00C21742 /* Sources */,
				C817C2501C88D8AB00C21742 /* Frameworks */,
				C817C2511C88D8AB00C21742 /* Resources */,
				465139F184703F02F14E4D1E /* Embed Pods Frameworks */,
				18F13A3A1A289859CEA3A152 /* Copy Pods Resources */,
			);
			buildRules = (
			);
			dependencies = (
			);
			name = PathfinderCC;
			productName = PathfinderCC;
			productReference = C817C2531C88D8AB00C21742 /* PathfinderCC.app */;
			productType = "com.apple.product-type.application";
		};
		C817C2691C88D8AB00C21742 /* PathfinderCCTests */ = {
			isa = PBXNativeTarget;
			buildConfigurationList = C817C2811C88D8AB00C21742 /* Build configuration list for PBXNativeTarget "PathfinderCCTests" */;
			buildPhases = (
				17A4492267EDE2FC24ECB2EB /* Check Pods Manifest.lock */,
				C817C2661C88D8AB00C21742 /* Sources */,
				C817C2671C88D8AB00C21742 /* Frameworks */,
				C817C2681C88D8AB00C21742 /* Resources */,
				C2B9C23CE621971F824738C0 /* Embed Pods Frameworks */,
				A026F2E41A548C997E6E0950 /* Copy Pods Resources */,
			);
			buildRules = (
			);
			dependencies = (
				C817C26C1C88D8AB00C21742 /* PBXTargetDependency */,
			);
			name = PathfinderCCTests;
			productName = PathfinderCCTests;
			productReference = C817C26A1C88D8AB00C21742 /* PathfinderCCTests.xctest */;
			productType = "com.apple.product-type.bundle.unit-test";
		};
		C817C2741C88D8AB00C21742 /* PathfinderCCUITests */ = {
			isa = PBXNativeTarget;
			buildConfigurationList = C817C2841C88D8AB00C21742 /* Build configuration list for PBXNativeTarget "PathfinderCCUITests" */;
			buildPhases = (
				C817C2711C88D8AB00C21742 /* Sources */,
				C817C2721C88D8AB00C21742 /* Frameworks */,
				C817C2731C88D8AB00C21742 /* Resources */,
			);
			buildRules = (
			);
			dependencies = (
				C817C2771C88D8AB00C21742 /* PBXTargetDependency */,
			);
			name = PathfinderCCUITests;
			productName = PathfinderCCUITests;
			productReference = C817C2751C88D8AB00C21742 /* PathfinderCCUITests.xctest */;
			productType = "com.apple.product-type.bundle.ui-testing";
		};
/* End PBXNativeTarget section */

/* Begin PBXProject section */
		C817C24B1C88D8AB00C21742 /* Project object */ = {
			isa = PBXProject;
			attributes = {
				LastSwiftUpdateCheck = 0720;
				LastUpgradeCheck = 0720;
				ORGANIZATIONNAME = AmplifiedProjects;
				TargetAttributes = {
					C817C2521C88D8AB00C21742 = {
						CreatedOnToolsVersion = 7.2.1;
					};
					C817C2691C88D8AB00C21742 = {
						CreatedOnToolsVersion = 7.2.1;
						TestTargetID = C817C2521C88D8AB00C21742;
					};
					C817C2741C88D8AB00C21742 = {
						CreatedOnToolsVersion = 7.2.1;
						TestTargetID = C817C2521C88D8AB00C21742;
					};
				};
			};
			buildConfigurationList = C817C24E1C88D8AB00C21742 /* Build configuration list for PBXProject "PathfinderCC" */;
			compatibilityVersion = "Xcode 3.2";
			developmentRegion = English;
			hasScannedForEncodings = 0;
			knownRegions = (
				en,
				Base,
			);
			mainGroup = C817C24A1C88D8AB00C21742;
			productRefGroup = C817C2541C88D8AB00C21742 /* Products */;
			projectDirPath = "";
			projectRoot = "";
			targets = (
				C817C2521C88D8AB00C21742 /* PathfinderCC */,
				C817C2691C88D8AB00C21742 /* PathfinderCCTests */,
				C817C2741C88D8AB00C21742 /* PathfinderCCUITests */,
			);
		};
/* End PBXProject section */

/* Begin PBXResourcesBuildPhase section */
		C817C2511C88D8AB00C21742 /* Resources */ = {
			isa = PBXResourcesBuildPhase;
			buildActionMask = 2147483647;
			files = (
				C817C2641C88D8AB00C21742 /* LaunchScreen.storyboard in Resources */,
				C8E1FFBD1C8947590097FF62 /* corerulebook.json in Resources */,
				C817C2611C88D8AB00C21742 /* Assets.xcassets in Resources */,
				C817C25C1C88D8AB00C21742 /* Main.storyboard in Resources */,
			);
			runOnlyForDeploymentPostprocessing = 0;
		};
		C817C2681C88D8AB00C21742 /* Resources */ = {
			isa = PBXResourcesBuildPhase;
			buildActionMask = 2147483647;
			files = (
				C8FD15361C8A3E0C00473164 /* testcorerulebook.json in Resources */,
			);
			runOnlyForDeploymentPostprocessing = 0;
		};
		C817C2731C88D8AB00C21742 /* Resources */ = {
			isa = PBXResourcesBuildPhase;
			buildActionMask = 2147483647;
			files = (
			);
			runOnlyForDeploymentPostprocessing = 0;
		};
/* End PBXResourcesBuildPhase section */

/* Begin PBXShellScriptBuildPhase section */
		17A4492267EDE2FC24ECB2EB /* Check Pods Manifest.lock */ = {
			isa = PBXShellScriptBuildPhase;
			buildActionMask = 2147483647;
			files = (
			);
			inputPaths = (
			);
			name = "Check Pods Manifest.lock";
			outputPaths = (
			);
			runOnlyForDeploymentPostprocessing = 0;
			shellPath = /bin/sh;
			shellScript = "diff \"${PODS_ROOT}/../Podfile.lock\" \"${PODS_ROOT}/Manifest.lock\" > /dev/null\nif [[ $? != 0 ]] ; then\n    cat << EOM\nerror: The sandbox is not in sync with the Podfile.lock. Run 'pod install' or update your CocoaPods installation.\nEOM\n    exit 1\nfi\n";
			showEnvVarsInLog = 0;
		};
		18F13A3A1A289859CEA3A152 /* Copy Pods Resources */ = {
			isa = PBXShellScriptBuildPhase;
			buildActionMask = 2147483647;
			files = (
			);
			inputPaths = (
			);
			name = "Copy Pods Resources";
			outputPaths = (
			);
			runOnlyForDeploymentPostprocessing = 0;
			shellPath = /bin/sh;
			shellScript = "\"${SRCROOT}/Pods/Target Support Files/Pods-PathfinderCC/Pods-PathfinderCC-resources.sh\"\n";
			showEnvVarsInLog = 0;
		};
		3F04D62C9DB2667B3BA7979D /* Check Pods Manifest.lock */ = {
			isa = PBXShellScriptBuildPhase;
			buildActionMask = 2147483647;
			files = (
			);
			inputPaths = (
			);
			name = "Check Pods Manifest.lock";
			outputPaths = (
			);
			runOnlyForDeploymentPostprocessing = 0;
			shellPath = /bin/sh;
			shellScript = "diff \"${PODS_ROOT}/../Podfile.lock\" \"${PODS_ROOT}/Manifest.lock\" > /dev/null\nif [[ $? != 0 ]] ; then\n    cat << EOM\nerror: The sandbox is not in sync with the Podfile.lock. Run 'pod install' or update your CocoaPods installation.\nEOM\n    exit 1\nfi\n";
			showEnvVarsInLog = 0;
		};
		465139F184703F02F14E4D1E /* Embed Pods Frameworks */ = {
			isa = PBXShellScriptBuildPhase;
			buildActionMask = 2147483647;
			files = (
			);
			inputPaths = (
			);
			name = "Embed Pods Frameworks";
			outputPaths = (
			);
			runOnlyForDeploymentPostprocessing = 0;
			shellPath = /bin/sh;
			shellScript = "\"${SRCROOT}/Pods/Target Support Files/Pods-PathfinderCC/Pods-PathfinderCC-frameworks.sh\"\n";
			showEnvVarsInLog = 0;
		};
		A026F2E41A548C997E6E0950 /* Copy Pods Resources */ = {
			isa = PBXShellScriptBuildPhase;
			buildActionMask = 2147483647;
			files = (
			);
			inputPaths = (
			);
			name = "Copy Pods Resources";
			outputPaths = (
			);
			runOnlyForDeploymentPostprocessing = 0;
			shellPath = /bin/sh;
			shellScript = "\"${SRCROOT}/Pods/Target Support Files/Pods-PathfinderCCTests/Pods-PathfinderCCTests-resources.sh\"\n";
			showEnvVarsInLog = 0;
		};
		C2B9C23CE621971F824738C0 /* Embed Pods Frameworks */ = {
			isa = PBXShellScriptBuildPhase;
			buildActionMask = 2147483647;
			files = (
			);
			inputPaths = (
			);
			name = "Embed Pods Frameworks";
			outputPaths = (
			);
			runOnlyForDeploymentPostprocessing = 0;
			shellPath = /bin/sh;
			shellScript = "\"${SRCROOT}/Pods/Target Support Files/Pods-PathfinderCCTests/Pods-PathfinderCCTests-frameworks.sh\"\n";
			showEnvVarsInLog = 0;
		};
/* End PBXShellScriptBuildPhase section */

/* Begin PBXSourcesBuildPhase section */
		C817C24F1C88D8AB00C21742 /* Sources */ = {
			isa = PBXSourcesBuildPhase;
			buildActionMask = 2147483647;
			files = (
				E04AC4DC1C8A953D00CFA64D /* Race+FEMMapping.swift in Sources */,
				C8E1FFAD1C891FA70097FF62 /* Constants.swift in Sources */,
				C8E1FFB91C892D890097FF62 /* Race+CoreDataProperties.swift in Sources */,
				E0FF11C41C8B1FA40090EB0E /* Modifier+CoreDataProperties.swift in Sources */,
				C817C2A61C88DCB000C21742 /* MenuViewController.swift in Sources */,
				C817C2891C88D90700C21742 /* CoreRulebook.xcdatamodeld in Sources */,
				E0FF11BC1C8B18BF0090EB0E /* AbilityScore+FEMMapping.swift in Sources */,
				C817C2A31C88DC7800C21742 /* CreateCharacterNameViewController.swift in Sources */,
				C8E1FFB21C8922CE0097FF62 /* AbilityScoreCollectionViewCell.swift in Sources */,
				E0FF11C61C8B1FA40090EB0E /* Skill+CoreDataProperties.swift in Sources */,
				E0FF11CE1C8B28090090EB0E /* Trait.swift in Sources */,
				E0FF11C31C8B1FA40090EB0E /* Modifier.swift in Sources */,
				C817C2571C88D8AB00C21742 /* AppDelegate.swift in Sources */,
				C88EE2F61C8A165D00405F76 /* CoreRulebookCoordinator.swift in Sources */,
				E04AC4DA1C8A938F00CFA64D /* CoreRulebook+FEMMapping.swift in Sources */,
				C8E1FFBB1C892D890097FF62 /* CoreRulebook+CoreDataProperties.swift in Sources */,
				C88EE2F81C8A1E2500405F76 /* ScoreLabel.swift in Sources */,
				C817C29B1C88D91700C21742 /* Race.swift in Sources */,
				C817C2951C88D91700C21742 /* AbilityScore.swift in Sources */,
				C8E1FFBA1C892D890097FF62 /* AbilityScore+CoreDataProperties.swift in Sources */,
				C817C2991C88D91700C21742 /* CoreRulebook.swift in Sources */,
				E04AC4DE1C8A967800CFA64D /* FEMMapped.swift in Sources */,
				C817C2A11C88DC6500C21742 /* CreateCharacterAbilityScoreViewController.swift in Sources */,
				E0FF11C81C8B235B0090EB0E /* Modifier+FEMMapping.swift in Sources */,
				E0FF11C51C8B1FA40090EB0E /* Skill.swift in Sources */,
				C8E1FFB31C8922CE0097FF62 /* CharacterSheetViewController.swift in Sources */,
				C86FA5871C89CAA800404C82 /* FetchedResultsControllerDataSource.swift in Sources */,
				E0FF11CD1C8B28090090EB0E /* Trait+CoreDataProperties.swift in Sources */,
				C817C2A81C88DCCF00C21742 /* CharacterListViewController.swift in Sources */,
				C8E1FFB81C892D890097FF62 /* Character+CoreDataProperties.swift in Sources */,
				E04AC4E01C8A970400CFA64D /* JSONDeserializer.swift in Sources */,
				C817C2971C88D91700C21742 /* Character.swift in Sources */,
			);
			runOnlyForDeploymentPostprocessing = 0;
		};
		C817C2661C88D8AB00C21742 /* Sources */ = {
			isa = PBXSourcesBuildPhase;
			buildActionMask = 2147483647;
			files = (
				C88EE2FB1C8A1F7E00405F76 /* AbilityScoreCollectionViewCellTests.swift in Sources */,
				C88EE3071C8A314A00405F76 /* FetchedResultsControllerDataSourceTests.swift in Sources */,
				C88EE2FD1C8A20CD00405F76 /* CharacterHelper.swift in Sources */,
				E04AC4E61C8A9FC000CFA64D /* Races+FEMMappingTests.swift in Sources */,
				C88EE3021C8A2E9C00405F76 /* CreateCharacterAbilityScoreViewControllerTests.swift in Sources */,
				E0FF11CA1C8B23FC0090EB0E /* Modifier+FEMMappingTests.swift in Sources */,
				E0FF11BE1C8B197B0090EB0E /* AbilityScore+FEMMappingTests.swift in Sources */,
				C88EE3051C8A312600405F76 /* MenuViewControllerTests.swift in Sources */,
				C88EE3001C8A2E7C00405F76 /* CreateCharacterNameViewControllerTests.swift in Sources */,
				C88EE3091C8A330000405F76 /* CharacterListViewControllerTests.swift in Sources */,
				E04AC4E41C8A9A1600CFA64D /* CoreRulebook+FEMMappingTests.swift in Sources */,
			);
			runOnlyForDeploymentPostprocessing = 0;
		};
		C817C2711C88D8AB00C21742 /* Sources */ = {
			isa = PBXSourcesBuildPhase;
			buildActionMask = 2147483647;
			files = (
				C817C27A1C88D8AB00C21742 /* PathfinderCCUITests.swift in Sources */,
			);
			runOnlyForDeploymentPostprocessing = 0;
		};
/* End PBXSourcesBuildPhase section */

/* Begin PBXTargetDependency section */
		C817C26C1C88D8AB00C21742 /* PBXTargetDependency */ = {
			isa = PBXTargetDependency;
			target = C817C2521C88D8AB00C21742 /* PathfinderCC */;
			targetProxy = C817C26B1C88D8AB00C21742 /* PBXContainerItemProxy */;
		};
		C817C2771C88D8AB00C21742 /* PBXTargetDependency */ = {
			isa = PBXTargetDependency;
			target = C817C2521C88D8AB00C21742 /* PathfinderCC */;
			targetProxy = C817C2761C88D8AB00C21742 /* PBXContainerItemProxy */;
		};
/* End PBXTargetDependency section */

/* Begin PBXVariantGroup section */
		C817C25A1C88D8AB00C21742 /* Main.storyboard */ = {
			isa = PBXVariantGroup;
			children = (
				C817C25B1C88D8AB00C21742 /* Base */,
			);
			name = Main.storyboard;
			sourceTree = "<group>";
		};
		C817C2621C88D8AB00C21742 /* LaunchScreen.storyboard */ = {
			isa = PBXVariantGroup;
			children = (
				C817C2631C88D8AB00C21742 /* Base */,
			);
			name = LaunchScreen.storyboard;
			sourceTree = "<group>";
		};
/* End PBXVariantGroup section */

/* Begin XCBuildConfiguration section */
		C817C27C1C88D8AB00C21742 /* Debug */ = {
			isa = XCBuildConfiguration;
			buildSettings = {
				ALWAYS_SEARCH_USER_PATHS = NO;
				CLANG_CXX_LANGUAGE_STANDARD = "gnu++0x";
				CLANG_CXX_LIBRARY = "libc++";
				CLANG_ENABLE_MODULES = YES;
				CLANG_ENABLE_OBJC_ARC = YES;
				CLANG_WARN_ASSIGN_ENUM = YES;
				CLANG_WARN_BOOL_CONVERSION = YES;
				CLANG_WARN_CONSTANT_CONVERSION = YES;
				CLANG_WARN_DIRECT_OBJC_ISA_USAGE = YES_ERROR;
				CLANG_WARN_DOCUMENTATION_COMMENTS = YES;
				CLANG_WARN_EMPTY_BODY = YES;
				CLANG_WARN_ENUM_CONVERSION = YES;
				CLANG_WARN_IMPLICIT_SIGN_CONVERSION = YES;
				CLANG_WARN_INT_CONVERSION = YES;
				CLANG_WARN_NULLABLE_TO_NONNULL_CONVERSION = YES;
				CLANG_WARN_OBJC_ROOT_CLASS = YES_ERROR;
				CLANG_WARN_SUSPICIOUS_IMPLICIT_CONVERSION = YES;
				CLANG_WARN_UNREACHABLE_CODE = YES;
				CLANG_WARN__DUPLICATE_METHOD_MATCH = YES;
				"CODE_SIGN_IDENTITY[sdk=iphoneos*]" = "iPhone Developer";
				COPY_PHASE_STRIP = NO;
				DEBUG_INFORMATION_FORMAT = dwarf;
				ENABLE_STRICT_OBJC_MSGSEND = YES;
				ENABLE_TESTABILITY = YES;
				GCC_C_LANGUAGE_STANDARD = gnu99;
				GCC_DYNAMIC_NO_PIC = NO;
				GCC_NO_COMMON_BLOCKS = YES;
				GCC_OPTIMIZATION_LEVEL = 0;
				GCC_PREPROCESSOR_DEFINITIONS = (
					"DEBUG=1",
					"$(inherited)",
				);
				GCC_TREAT_IMPLICIT_FUNCTION_DECLARATIONS_AS_ERRORS = YES;
				GCC_TREAT_INCOMPATIBLE_POINTER_TYPE_WARNINGS_AS_ERRORS = YES;
				GCC_WARN_64_TO_32_BIT_CONVERSION = YES;
				GCC_WARN_ABOUT_MISSING_FIELD_INITIALIZERS = YES;
				GCC_WARN_ABOUT_MISSING_NEWLINE = YES;
				GCC_WARN_ABOUT_MISSING_PROTOTYPES = YES;
				GCC_WARN_ABOUT_RETURN_TYPE = YES_ERROR;
				GCC_WARN_FOUR_CHARACTER_CONSTANTS = YES;
				GCC_WARN_INITIALIZER_NOT_FULLY_BRACKETED = YES;
				GCC_WARN_SHADOW = YES;
				GCC_WARN_UNDECLARED_SELECTOR = YES;
				GCC_WARN_UNINITIALIZED_AUTOS = YES_AGGRESSIVE;
				GCC_WARN_UNUSED_FUNCTION = YES;
				GCC_WARN_UNUSED_LABEL = YES;
				GCC_WARN_UNUSED_VARIABLE = YES;
				IPHONEOS_DEPLOYMENT_TARGET = 9.2;
				MTL_ENABLE_DEBUG_INFO = YES;
				ONLY_ACTIVE_ARCH = YES;
				SDKROOT = iphoneos;
				SWIFT_OPTIMIZATION_LEVEL = "-Onone";
				TARGETED_DEVICE_FAMILY = "1,2";
			};
			name = Debug;
		};
		C817C27D1C88D8AB00C21742 /* Release */ = {
			isa = XCBuildConfiguration;
			buildSettings = {
				ALWAYS_SEARCH_USER_PATHS = NO;
				CLANG_CXX_LANGUAGE_STANDARD = "gnu++0x";
				CLANG_CXX_LIBRARY = "libc++";
				CLANG_ENABLE_MODULES = YES;
				CLANG_ENABLE_OBJC_ARC = YES;
				CLANG_WARN_ASSIGN_ENUM = YES;
				CLANG_WARN_BOOL_CONVERSION = YES;
				CLANG_WARN_CONSTANT_CONVERSION = YES;
				CLANG_WARN_DIRECT_OBJC_ISA_USAGE = YES_ERROR;
				CLANG_WARN_DOCUMENTATION_COMMENTS = YES;
				CLANG_WARN_EMPTY_BODY = YES;
				CLANG_WARN_ENUM_CONVERSION = YES;
				CLANG_WARN_IMPLICIT_SIGN_CONVERSION = YES;
				CLANG_WARN_INT_CONVERSION = YES;
				CLANG_WARN_NULLABLE_TO_NONNULL_CONVERSION = YES;
				CLANG_WARN_OBJC_ROOT_CLASS = YES_ERROR;
				CLANG_WARN_SUSPICIOUS_IMPLICIT_CONVERSION = YES;
				CLANG_WARN_UNREACHABLE_CODE = YES;
				CLANG_WARN__DUPLICATE_METHOD_MATCH = YES;
				"CODE_SIGN_IDENTITY[sdk=iphoneos*]" = "iPhone Developer";
				COPY_PHASE_STRIP = NO;
				DEBUG_INFORMATION_FORMAT = "dwarf-with-dsym";
				ENABLE_NS_ASSERTIONS = NO;
				ENABLE_STRICT_OBJC_MSGSEND = YES;
				GCC_C_LANGUAGE_STANDARD = gnu99;
				GCC_NO_COMMON_BLOCKS = YES;
				GCC_TREAT_IMPLICIT_FUNCTION_DECLARATIONS_AS_ERRORS = YES;
				GCC_TREAT_INCOMPATIBLE_POINTER_TYPE_WARNINGS_AS_ERRORS = YES;
				GCC_WARN_64_TO_32_BIT_CONVERSION = YES;
				GCC_WARN_ABOUT_MISSING_FIELD_INITIALIZERS = YES;
				GCC_WARN_ABOUT_MISSING_NEWLINE = YES;
				GCC_WARN_ABOUT_MISSING_PROTOTYPES = YES;
				GCC_WARN_ABOUT_RETURN_TYPE = YES_ERROR;
				GCC_WARN_FOUR_CHARACTER_CONSTANTS = YES;
				GCC_WARN_INITIALIZER_NOT_FULLY_BRACKETED = YES;
				GCC_WARN_SHADOW = YES;
				GCC_WARN_UNDECLARED_SELECTOR = YES;
				GCC_WARN_UNINITIALIZED_AUTOS = YES_AGGRESSIVE;
				GCC_WARN_UNUSED_FUNCTION = YES;
				GCC_WARN_UNUSED_LABEL = YES;
				GCC_WARN_UNUSED_VARIABLE = YES;
				IPHONEOS_DEPLOYMENT_TARGET = 9.2;
				MTL_ENABLE_DEBUG_INFO = NO;
				SDKROOT = iphoneos;
				TARGETED_DEVICE_FAMILY = "1,2";
				VALIDATE_PRODUCT = YES;
			};
			name = Release;
		};
		C817C27F1C88D8AB00C21742 /* Debug */ = {
			isa = XCBuildConfiguration;
			baseConfigurationReference = 93EFB2E5BD27FCB93CABA741 /* Pods-PathfinderCC.debug.xcconfig */;
			buildSettings = {
				ASSETCATALOG_COMPILER_APPICON_NAME = AppIcon;
				INFOPLIST_FILE = PathfinderCC/Info.plist;
				LD_RUNPATH_SEARCH_PATHS = "$(inherited) @executable_path/Frameworks";
				PRODUCT_BUNDLE_IDENTIFIER = com.amplifiedprojects.PathfinderCC;
				PRODUCT_NAME = "$(TARGET_NAME)";
			};
			name = Debug;
		};
		C817C2801C88D8AB00C21742 /* Release */ = {
			isa = XCBuildConfiguration;
			baseConfigurationReference = F6F11746032D1042BD80E926 /* Pods-PathfinderCC.release.xcconfig */;
			buildSettings = {
				ASSETCATALOG_COMPILER_APPICON_NAME = AppIcon;
				INFOPLIST_FILE = PathfinderCC/Info.plist;
				LD_RUNPATH_SEARCH_PATHS = "$(inherited) @executable_path/Frameworks";
				PRODUCT_BUNDLE_IDENTIFIER = com.amplifiedprojects.PathfinderCC;
				PRODUCT_NAME = "$(TARGET_NAME)";
			};
			name = Release;
		};
		C817C2821C88D8AB00C21742 /* Debug */ = {
			isa = XCBuildConfiguration;
			baseConfigurationReference = A8BCDECA606A3F022C126719 /* Pods-PathfinderCCTests.debug.xcconfig */;
			buildSettings = {
				BUNDLE_LOADER = "$(TEST_HOST)";
				INFOPLIST_FILE = PathfinderCCTests/Info.plist;
				LD_RUNPATH_SEARCH_PATHS = "$(inherited) @executable_path/Frameworks @loader_path/Frameworks";
				PRODUCT_BUNDLE_IDENTIFIER = com.amplifiedprojects.PathfinderCCTests;
				PRODUCT_NAME = "$(TARGET_NAME)";
				TEST_HOST = "$(BUILT_PRODUCTS_DIR)/PathfinderCC.app/PathfinderCC";
			};
			name = Debug;
		};
		C817C2831C88D8AB00C21742 /* Release */ = {
			isa = XCBuildConfiguration;
			baseConfigurationReference = 16D4FD7D0706E9CCE42C0394 /* Pods-PathfinderCCTests.release.xcconfig */;
			buildSettings = {
				BUNDLE_LOADER = "$(TEST_HOST)";
				INFOPLIST_FILE = PathfinderCCTests/Info.plist;
				LD_RUNPATH_SEARCH_PATHS = "$(inherited) @executable_path/Frameworks @loader_path/Frameworks";
				PRODUCT_BUNDLE_IDENTIFIER = com.amplifiedprojects.PathfinderCCTests;
				PRODUCT_NAME = "$(TARGET_NAME)";
				TEST_HOST = "$(BUILT_PRODUCTS_DIR)/PathfinderCC.app/PathfinderCC";
			};
			name = Release;
		};
		C817C2851C88D8AB00C21742 /* Debug */ = {
			isa = XCBuildConfiguration;
			buildSettings = {
				INFOPLIST_FILE = PathfinderCCUITests/Info.plist;
				LD_RUNPATH_SEARCH_PATHS = "$(inherited) @executable_path/Frameworks @loader_path/Frameworks";
				PRODUCT_BUNDLE_IDENTIFIER = com.amplifiedprojects.PathfinderCCUITests;
				PRODUCT_NAME = "$(TARGET_NAME)";
				TEST_TARGET_NAME = PathfinderCC;
				USES_XCTRUNNER = YES;
			};
			name = Debug;
		};
		C817C2861C88D8AB00C21742 /* Release */ = {
			isa = XCBuildConfiguration;
			buildSettings = {
				INFOPLIST_FILE = PathfinderCCUITests/Info.plist;
				LD_RUNPATH_SEARCH_PATHS = "$(inherited) @executable_path/Frameworks @loader_path/Frameworks";
				PRODUCT_BUNDLE_IDENTIFIER = com.amplifiedprojects.PathfinderCCUITests;
				PRODUCT_NAME = "$(TARGET_NAME)";
				TEST_TARGET_NAME = PathfinderCC;
				USES_XCTRUNNER = YES;
			};
			name = Release;
		};
/* End XCBuildConfiguration section */

/* Begin XCConfigurationList section */
		C817C24E1C88D8AB00C21742 /* Build configuration list for PBXProject "PathfinderCC" */ = {
			isa = XCConfigurationList;
			buildConfigurations = (
				C817C27C1C88D8AB00C21742 /* Debug */,
				C817C27D1C88D8AB00C21742 /* Release */,
			);
			defaultConfigurationIsVisible = 0;
			defaultConfigurationName = Release;
		};
		C817C27E1C88D8AB00C21742 /* Build configuration list for PBXNativeTarget "PathfinderCC" */ = {
			isa = XCConfigurationList;
			buildConfigurations = (
				C817C27F1C88D8AB00C21742 /* Debug */,
				C817C2801C88D8AB00C21742 /* Release */,
			);
			defaultConfigurationIsVisible = 0;
			defaultConfigurationName = Release;
		};
		C817C2811C88D8AB00C21742 /* Build configuration list for PBXNativeTarget "PathfinderCCTests" */ = {
			isa = XCConfigurationList;
			buildConfigurations = (
				C817C2821C88D8AB00C21742 /* Debug */,
				C817C2831C88D8AB00C21742 /* Release */,
			);
			defaultConfigurationIsVisible = 0;
			defaultConfigurationName = Release;
		};
		C817C2841C88D8AB00C21742 /* Build configuration list for PBXNativeTarget "PathfinderCCUITests" */ = {
			isa = XCConfigurationList;
			buildConfigurations = (
				C817C2851C88D8AB00C21742 /* Debug */,
				C817C2861C88D8AB00C21742 /* Release */,
			);
			defaultConfigurationIsVisible = 0;
			defaultConfigurationName = Release;
		};
/* End XCConfigurationList section */

/* Begin XCVersionGroup section */
		C817C2871C88D90700C21742 /* CoreRulebook.xcdatamodeld */ = {
			isa = XCVersionGroup;
			children = (
				C817C2881C88D90700C21742 /* CoreRulebook.xcdatamodel */,
			);
			currentVersion = C817C2881C88D90700C21742 /* CoreRulebook.xcdatamodel */;
			path = CoreRulebook.xcdatamodeld;
			sourceTree = "<group>";
			versionGroupType = wrapper.xcdatamodel;
		};
/* End XCVersionGroup section */
	};
	rootObject = C817C24B1C88D8AB00C21742 /* Project object */;
}
