// !$*UTF8*$!
{
	archiveVersion = 1;
	classes = {
	};
	objectVersion = 46;
	objects = {

/* Begin PBXBuildFile section */
		BE5B0CD2182D82990039E623 /* PFCWrittenTextField.m in Sources */ = {isa = PBXBuildFile; fileRef = BE5B0CD1182D82990039E623 /* PFCWrittenTextField.m */; };
		C8B5BEC8181F57E500602206 /* CoreData.framework in Frameworks */ = {isa = PBXBuildFile; fileRef = C8B5BEC7181F57E500602206 /* CoreData.framework */; };
		C8B5BECB181F59B600602206 /* PFCStore.m in Sources */ = {isa = PBXBuildFile; fileRef = C8B5BECA181F59B600602206 /* PFCStore.m */; };
		C8B5BED7181FE39900602206 /* PFCMenuViewController.m in Sources */ = {isa = PBXBuildFile; fileRef = C8B5BED6181FE39900602206 /* PFCMenuViewController.m */; };
		C8B5BEDA1820970B00602206 /* PFCCharacterListViewController.m in Sources */ = {isa = PBXBuildFile; fileRef = C8B5BED91820970B00602206 /* PFCCharacterListViewController.m */; };
		C8B5BEDE182097E500602206 /* PFCFetchedResultsControllerDataSource.m in Sources */ = {isa = PBXBuildFile; fileRef = C8B5BEDD182097E500602206 /* PFCFetchedResultsControllerDataSource.m */; };
		C8B5BEE218209DDF00602206 /* PFCCreateCharacterNameViewController.m in Sources */ = {isa = PBXBuildFile; fileRef = C8B5BEE118209DDF00602206 /* PFCCreateCharacterNameViewController.m */; };
		C8DA37641821E6BF00DBC2F7 /* PFCAlignment.m in Sources */ = {isa = PBXBuildFile; fileRef = C8DA37631821E6BF00DBC2F7 /* PFCAlignment.m */; };
		C8DA37671821E92A00DBC2F7 /* PFCGender.m in Sources */ = {isa = PBXBuildFile; fileRef = C8DA37661821E92A00DBC2F7 /* PFCGender.m */; };
		C8DCE4BD181DBA58008AD1B6 /* Foundation.framework in Frameworks */ = {isa = PBXBuildFile; fileRef = C8DCE4BC181DBA58008AD1B6 /* Foundation.framework */; };
		C8DCE4BF181DBA58008AD1B6 /* CoreGraphics.framework in Frameworks */ = {isa = PBXBuildFile; fileRef = C8DCE4BE181DBA58008AD1B6 /* CoreGraphics.framework */; };
		C8DCE4C1181DBA58008AD1B6 /* UIKit.framework in Frameworks */ = {isa = PBXBuildFile; fileRef = C8DCE4C0181DBA58008AD1B6 /* UIKit.framework */; };
		C8DCE4C7181DBA58008AD1B6 /* InfoPlist.strings in Resources */ = {isa = PBXBuildFile; fileRef = C8DCE4C5181DBA58008AD1B6 /* InfoPlist.strings */; };
		C8DCE4C9181DBA58008AD1B6 /* main.m in Sources */ = {isa = PBXBuildFile; fileRef = C8DCE4C8181DBA58008AD1B6 /* main.m */; };
		C8DCE4CD181DBA58008AD1B6 /* PFCAppDelegate.m in Sources */ = {isa = PBXBuildFile; fileRef = C8DCE4CC181DBA58008AD1B6 /* PFCAppDelegate.m */; };
		C8DCE4D0181DBA58008AD1B6 /* Main_iPhone.storyboard in Resources */ = {isa = PBXBuildFile; fileRef = C8DCE4CE181DBA58008AD1B6 /* Main_iPhone.storyboard */; };
		C8DCE4D3181DBA58008AD1B6 /* Main_iPad.storyboard in Resources */ = {isa = PBXBuildFile; fileRef = C8DCE4D1181DBA58008AD1B6 /* Main_iPad.storyboard */; };
		C8DCE4DB181DBA58008AD1B6 /* Images.xcassets in Resources */ = {isa = PBXBuildFile; fileRef = C8DCE4DA181DBA58008AD1B6 /* Images.xcassets */; };
		C8DCE4E2181DBA58008AD1B6 /* XCTest.framework in Frameworks */ = {isa = PBXBuildFile; fileRef = C8DCE4E1181DBA58008AD1B6 /* XCTest.framework */; };
		C8DCE4E3181DBA58008AD1B6 /* Foundation.framework in Frameworks */ = {isa = PBXBuildFile; fileRef = C8DCE4BC181DBA58008AD1B6 /* Foundation.framework */; };
		C8DCE4E4181DBA58008AD1B6 /* UIKit.framework in Frameworks */ = {isa = PBXBuildFile; fileRef = C8DCE4C0181DBA58008AD1B6 /* UIKit.framework */; };
		C8DCE4EC181DBA58008AD1B6 /* InfoPlist.strings in Resources */ = {isa = PBXBuildFile; fileRef = C8DCE4EA181DBA58008AD1B6 /* InfoPlist.strings */; };
		C8DCE4EE181DBA58008AD1B6 /* PathfinderCCTests.m in Sources */ = {isa = PBXBuildFile; fileRef = C8DCE4ED181DBA58008AD1B6 /* PathfinderCCTests.m */; };
		C8DCE4FE181DBF0B008AD1B6 /* PFCCharacterSheetViewController.m in Sources */ = {isa = PBXBuildFile; fileRef = C8DCE4FC181DBF0B008AD1B6 /* PFCCharacterSheetViewController.m */; };
		C8DCE503181DC085008AD1B6 /* PFCAbilityScoreCollectionViewCell.m in Sources */ = {isa = PBXBuildFile; fileRef = C8DCE502181DC085008AD1B6 /* PFCAbilityScoreCollectionViewCell.m */; };
		C8DCE50F181DE7F4008AD1B6 /* PFCCreateCharacterAbilityScoreViewController.m in Sources */ = {isa = PBXBuildFile; fileRef = C8DCE50E181DE7F4008AD1B6 /* PFCCreateCharacterAbilityScoreViewController.m */; };
		CB8CBD8A1495262012B141D9 /* Pods_PathfinderCC.framework in Frameworks */ = {isa = PBXBuildFile; fileRef = 879A0F2D10FEA719EB5B00FE /* Pods_PathfinderCC.framework */; };
		E022993A1C87ED8E008AC991 /* Character+CoreDataProperties.swift in Sources */ = {isa = PBXBuildFile; fileRef = E02299321C87ED8E008AC991 /* Character+CoreDataProperties.swift */; };
		E022993B1C87ED8E008AC991 /* Character.swift in Sources */ = {isa = PBXBuildFile; fileRef = E02299331C87ED8E008AC991 /* Character.swift */; };
		E022993C1C87ED8E008AC991 /* Race+CoreDataProperties.swift in Sources */ = {isa = PBXBuildFile; fileRef = E02299341C87ED8E008AC991 /* Race+CoreDataProperties.swift */; };
		E022993D1C87ED8E008AC991 /* Race.swift in Sources */ = {isa = PBXBuildFile; fileRef = E02299351C87ED8E008AC991 /* Race.swift */; };
		E022993E1C87ED8E008AC991 /* AbilityScore+CoreDataProperties.swift in Sources */ = {isa = PBXBuildFile; fileRef = E02299361C87ED8E008AC991 /* AbilityScore+CoreDataProperties.swift */; };
		E022993F1C87ED8E008AC991 /* AbilityScore.swift in Sources */ = {isa = PBXBuildFile; fileRef = E02299371C87ED8E008AC991 /* AbilityScore.swift */; };
		E02299401C87ED8E008AC991 /* CoreRulebook+CoreDataProperties.swift in Sources */ = {isa = PBXBuildFile; fileRef = E02299381C87ED8E008AC991 /* CoreRulebook+CoreDataProperties.swift */; };
		E02299411C87ED8E008AC991 /* CoreRulebook.swift in Sources */ = {isa = PBXBuildFile; fileRef = E02299391C87ED8E008AC991 /* CoreRulebook.swift */; };
		E02299481C87F630008AC991 /* PathfinderCCTests.swift in Sources */ = {isa = PBXBuildFile; fileRef = E02299471C87F630008AC991 /* PathfinderCCTests.swift */; };
		E02A3182191D9AF300F8ACCB /* (null) in Resources */ = {isa = PBXBuildFile; };
		E02A3183191D9AF300F8ACCB /* (null) in Resources */ = {isa = PBXBuildFile; };
		E0709AB21905FB840075E34C /* UITextField+PFC.m in Sources */ = {isa = PBXBuildFile; fileRef = E0709AB11905FB840075E34C /* UITextField+PFC.m */; };
		E0709AB4190600BA0075E34C /* PFCCharacterListViewControllerTests.m in Sources */ = {isa = PBXBuildFile; fileRef = E0709AB3190600BA0075E34C /* PFCCharacterListViewControllerTests.m */; };
		E072507F182DA7A800E523B6 /* CoreRulebook.xcdatamodeld in Sources */ = {isa = PBXBuildFile; fileRef = E072507D182DA7A800E523B6 /* CoreRulebook.xcdatamodeld */; };
		E09C3A7B1837B25A0032FD37 /* PFCCreateCharacterAbilityScoreViewControllerTest.m in Sources */ = {isa = PBXBuildFile; fileRef = E09C3A7A1837B25A0032FD37 /* PFCCreateCharacterAbilityScoreViewControllerTest.m */; };
		E0E74A73184642D300F13FE9 /* PFCMenuViewControllerTests.m in Sources */ = {isa = PBXBuildFile; fileRef = E0E74A72184642D300F13FE9 /* PFCMenuViewControllerTests.m */; };
		E0E74A771846577300F13FE9 /* PFCCharacterSheetViewControllerTests.m in Sources */ = {isa = PBXBuildFile; fileRef = E0E74A761846577300F13FE9 /* PFCCharacterSheetViewControllerTests.m */; };
		E0E74A7A1846765600F13FE9 /* PFCCoreRulebookVersionCoordinator.m in Sources */ = {isa = PBXBuildFile; fileRef = E0E74A791846765600F13FE9 /* PFCCoreRulebookVersionCoordinator.m */; };
		E0E74A7C1846795000F13FE9 /* PFCCreateCharacterNameViewControllerTests.m in Sources */ = {isa = PBXBuildFile; fileRef = E0E74A7B1846795000F13FE9 /* PFCCreateCharacterNameViewControllerTests.m */; };
		E0E74A7F184680F900F13FE9 /* PFCCoreRulebookBuilder.m in Sources */ = {isa = PBXBuildFile; fileRef = E0E74A7E184680F900F13FE9 /* PFCCoreRulebookBuilder.m */; };
		E0E74A811846820300F13FE9 /* corerulebook.json in Resources */ = {isa = PBXBuildFile; fileRef = E0E74A801846820300F13FE9 /* corerulebook.json */; };
		E0F296F51846872B0007B2B6 /* PFCCoreRulebookVersionCoordinatorTests.m in Sources */ = {isa = PBXBuildFile; fileRef = E0F296F41846872B0007B2B6 /* PFCCoreRulebookVersionCoordinatorTests.m */; };
		E0F296F818468A9B0007B2B6 /* testcorerulebook.json in Resources */ = {isa = PBXBuildFile; fileRef = E0F296F6184689800007B2B6 /* testcorerulebook.json */; };
		EE32828F41B7379032F9FA85 /* Pods_PathfinderCCTests.framework in Frameworks */ = {isa = PBXBuildFile; fileRef = 39FB82987F561BF5948300E6 /* Pods_PathfinderCCTests.framework */; };
/* End PBXBuildFile section */

/* Begin PBXContainerItemProxy section */
		C8DCE4E5181DBA58008AD1B6 /* PBXContainerItemProxy */ = {
			isa = PBXContainerItemProxy;
			containerPortal = C8DCE4B1181DBA58008AD1B6 /* Project object */;
			proxyType = 1;
			remoteGlobalIDString = C8DCE4B8181DBA58008AD1B6;
			remoteInfo = PathfinderCC;
		};
/* End PBXContainerItemProxy section */

/* Begin PBXFileReference section */
		39FB82987F561BF5948300E6 /* Pods_PathfinderCCTests.framework */ = {isa = PBXFileReference; explicitFileType = wrapper.framework; includeInIndex = 0; path = Pods_PathfinderCCTests.framework; sourceTree = BUILT_PRODUCTS_DIR; };
		3AC5AEF4146A2239DCF121E5 /* Pods-PathfinderCCTests.debug.xcconfig */ = {isa = PBXFileReference; includeInIndex = 1; lastKnownFileType = text.xcconfig; name = "Pods-PathfinderCCTests.debug.xcconfig"; path = "Pods/Target Support Files/Pods-PathfinderCCTests/Pods-PathfinderCCTests.debug.xcconfig"; sourceTree = "<group>"; };
		6B1694D5FBE5C11EA71E312C /* Pods-PathfinderCCTests.release.xcconfig */ = {isa = PBXFileReference; includeInIndex = 1; lastKnownFileType = text.xcconfig; name = "Pods-PathfinderCCTests.release.xcconfig"; path = "Pods/Target Support Files/Pods-PathfinderCCTests/Pods-PathfinderCCTests.release.xcconfig"; sourceTree = "<group>"; };
		879A0F2D10FEA719EB5B00FE /* Pods_PathfinderCC.framework */ = {isa = PBXFileReference; explicitFileType = wrapper.framework; includeInIndex = 0; path = Pods_PathfinderCC.framework; sourceTree = BUILT_PRODUCTS_DIR; };
		BE5B0CD0182D82990039E623 /* PFCWrittenTextField.h */ = {isa = PBXFileReference; fileEncoding = 4; lastKnownFileType = sourcecode.c.h; path = PFCWrittenTextField.h; sourceTree = "<group>"; };
		BE5B0CD1182D82990039E623 /* PFCWrittenTextField.m */ = {isa = PBXFileReference; fileEncoding = 4; lastKnownFileType = sourcecode.c.objc; path = PFCWrittenTextField.m; sourceTree = "<group>"; };
		C8B5BEC7181F57E500602206 /* CoreData.framework */ = {isa = PBXFileReference; lastKnownFileType = wrapper.framework; name = CoreData.framework; path = System/Library/Frameworks/CoreData.framework; sourceTree = SDKROOT; };
		C8B5BEC9181F59B600602206 /* PFCStore.h */ = {isa = PBXFileReference; fileEncoding = 4; lastKnownFileType = sourcecode.c.h; path = PFCStore.h; sourceTree = "<group>"; };
		C8B5BECA181F59B600602206 /* PFCStore.m */ = {isa = PBXFileReference; fileEncoding = 4; lastKnownFileType = sourcecode.c.objc; path = PFCStore.m; sourceTree = "<group>"; };
		C8B5BED5181FE39900602206 /* PFCMenuViewController.h */ = {isa = PBXFileReference; fileEncoding = 4; lastKnownFileType = sourcecode.c.h; path = PFCMenuViewController.h; sourceTree = "<group>"; };
		C8B5BED6181FE39900602206 /* PFCMenuViewController.m */ = {isa = PBXFileReference; fileEncoding = 4; lastKnownFileType = sourcecode.c.objc; path = PFCMenuViewController.m; sourceTree = "<group>"; };
		C8B5BED81820970B00602206 /* PFCCharacterListViewController.h */ = {isa = PBXFileReference; fileEncoding = 4; lastKnownFileType = sourcecode.c.h; path = PFCCharacterListViewController.h; sourceTree = "<group>"; };
		C8B5BED91820970B00602206 /* PFCCharacterListViewController.m */ = {isa = PBXFileReference; fileEncoding = 4; lastKnownFileType = sourcecode.c.objc; path = PFCCharacterListViewController.m; sourceTree = "<group>"; };
		C8B5BEDC182097E500602206 /* PFCFetchedResultsControllerDataSource.h */ = {isa = PBXFileReference; fileEncoding = 4; lastKnownFileType = sourcecode.c.h; path = PFCFetchedResultsControllerDataSource.h; sourceTree = "<group>"; };
		C8B5BEDD182097E500602206 /* PFCFetchedResultsControllerDataSource.m */ = {isa = PBXFileReference; fileEncoding = 4; lastKnownFileType = sourcecode.c.objc; path = PFCFetchedResultsControllerDataSource.m; sourceTree = "<group>"; };
		C8B5BEE018209DDF00602206 /* PFCCreateCharacterNameViewController.h */ = {isa = PBXFileReference; fileEncoding = 4; lastKnownFileType = sourcecode.c.h; path = PFCCreateCharacterNameViewController.h; sourceTree = "<group>"; };
		C8B5BEE118209DDF00602206 /* PFCCreateCharacterNameViewController.m */ = {isa = PBXFileReference; fileEncoding = 4; lastKnownFileType = sourcecode.c.objc; path = PFCCreateCharacterNameViewController.m; sourceTree = "<group>"; };
		C8DA37621821E6BF00DBC2F7 /* PFCAlignment.h */ = {isa = PBXFileReference; fileEncoding = 4; lastKnownFileType = sourcecode.c.h; path = PFCAlignment.h; sourceTree = "<group>"; };
		C8DA37631821E6BF00DBC2F7 /* PFCAlignment.m */ = {isa = PBXFileReference; fileEncoding = 4; lastKnownFileType = sourcecode.c.objc; path = PFCAlignment.m; sourceTree = "<group>"; };
		C8DA37651821E92A00DBC2F7 /* PFCGender.h */ = {isa = PBXFileReference; fileEncoding = 4; lastKnownFileType = sourcecode.c.h; path = PFCGender.h; sourceTree = "<group>"; };
		C8DA37661821E92A00DBC2F7 /* PFCGender.m */ = {isa = PBXFileReference; fileEncoding = 4; lastKnownFileType = sourcecode.c.objc; path = PFCGender.m; sourceTree = "<group>"; };
		C8DCE4B9181DBA58008AD1B6 /* PathfinderCC.app */ = {isa = PBXFileReference; explicitFileType = wrapper.application; includeInIndex = 0; path = PathfinderCC.app; sourceTree = BUILT_PRODUCTS_DIR; };
		C8DCE4BC181DBA58008AD1B6 /* Foundation.framework */ = {isa = PBXFileReference; lastKnownFileType = wrapper.framework; name = Foundation.framework; path = System/Library/Frameworks/Foundation.framework; sourceTree = SDKROOT; };
		C8DCE4BE181DBA58008AD1B6 /* CoreGraphics.framework */ = {isa = PBXFileReference; lastKnownFileType = wrapper.framework; name = CoreGraphics.framework; path = System/Library/Frameworks/CoreGraphics.framework; sourceTree = SDKROOT; };
		C8DCE4C0181DBA58008AD1B6 /* UIKit.framework */ = {isa = PBXFileReference; lastKnownFileType = wrapper.framework; name = UIKit.framework; path = System/Library/Frameworks/UIKit.framework; sourceTree = SDKROOT; };
		C8DCE4C4181DBA58008AD1B6 /* PathfinderCC-Info.plist */ = {isa = PBXFileReference; lastKnownFileType = text.plist.xml; path = "PathfinderCC-Info.plist"; sourceTree = "<group>"; };
		C8DCE4C6181DBA58008AD1B6 /* en */ = {isa = PBXFileReference; lastKnownFileType = text.plist.strings; name = en; path = en.lproj/InfoPlist.strings; sourceTree = "<group>"; };
		C8DCE4C8181DBA58008AD1B6 /* main.m */ = {isa = PBXFileReference; lastKnownFileType = sourcecode.c.objc; path = main.m; sourceTree = "<group>"; };
		C8DCE4CA181DBA58008AD1B6 /* PathfinderCC-Prefix.pch */ = {isa = PBXFileReference; lastKnownFileType = sourcecode.c.h; path = "PathfinderCC-Prefix.pch"; sourceTree = "<group>"; };
		C8DCE4CB181DBA58008AD1B6 /* PFCAppDelegate.h */ = {isa = PBXFileReference; lastKnownFileType = sourcecode.c.h; path = PFCAppDelegate.h; sourceTree = "<group>"; };
		C8DCE4CC181DBA58008AD1B6 /* PFCAppDelegate.m */ = {isa = PBXFileReference; lastKnownFileType = sourcecode.c.objc; path = PFCAppDelegate.m; sourceTree = "<group>"; };
		C8DCE4CF181DBA58008AD1B6 /* Base */ = {isa = PBXFileReference; lastKnownFileType = file.storyboard; name = Base; path = Base.lproj/Main_iPhone.storyboard; sourceTree = "<group>"; };
		C8DCE4D2181DBA58008AD1B6 /* Base */ = {isa = PBXFileReference; lastKnownFileType = file.storyboard; name = Base; path = Base.lproj/Main_iPad.storyboard; sourceTree = "<group>"; };
		C8DCE4DA181DBA58008AD1B6 /* Images.xcassets */ = {isa = PBXFileReference; lastKnownFileType = folder.assetcatalog; path = Images.xcassets; sourceTree = "<group>"; };
		C8DCE4E0181DBA58008AD1B6 /* PathfinderCCTests.xctest */ = {isa = PBXFileReference; explicitFileType = wrapper.cfbundle; includeInIndex = 0; path = PathfinderCCTests.xctest; sourceTree = BUILT_PRODUCTS_DIR; };
		C8DCE4E1181DBA58008AD1B6 /* XCTest.framework */ = {isa = PBXFileReference; lastKnownFileType = wrapper.framework; name = XCTest.framework; path = Library/Frameworks/XCTest.framework; sourceTree = DEVELOPER_DIR; };
		C8DCE4E9181DBA58008AD1B6 /* PathfinderCCTests-Info.plist */ = {isa = PBXFileReference; lastKnownFileType = text.plist.xml; path = "PathfinderCCTests-Info.plist"; sourceTree = "<group>"; };
		C8DCE4EB181DBA58008AD1B6 /* en */ = {isa = PBXFileReference; lastKnownFileType = text.plist.strings; name = en; path = en.lproj/InfoPlist.strings; sourceTree = "<group>"; };
		C8DCE4ED181DBA58008AD1B6 /* PathfinderCCTests.m */ = {isa = PBXFileReference; lastKnownFileType = sourcecode.c.objc; path = PathfinderCCTests.m; sourceTree = "<group>"; };
		C8DCE4FB181DBF0B008AD1B6 /* PFCCharacterSheetViewController.h */ = {isa = PBXFileReference; fileEncoding = 4; lastKnownFileType = sourcecode.c.h; name = PFCCharacterSheetViewController.h; path = PathfinderCC/Controllers/PFCCharacterSheetViewController.h; sourceTree = SOURCE_ROOT; };
		C8DCE4FC181DBF0B008AD1B6 /* PFCCharacterSheetViewController.m */ = {isa = PBXFileReference; fileEncoding = 4; lastKnownFileType = sourcecode.c.objc; name = PFCCharacterSheetViewController.m; path = PathfinderCC/Controllers/PFCCharacterSheetViewController.m; sourceTree = SOURCE_ROOT; };
		C8DCE501181DC084008AD1B6 /* PFCAbilityScoreCollectionViewCell.h */ = {isa = PBXFileReference; fileEncoding = 4; lastKnownFileType = sourcecode.c.h; path = PFCAbilityScoreCollectionViewCell.h; sourceTree = "<group>"; };
		C8DCE502181DC085008AD1B6 /* PFCAbilityScoreCollectionViewCell.m */ = {isa = PBXFileReference; fileEncoding = 4; lastKnownFileType = sourcecode.c.objc; path = PFCAbilityScoreCollectionViewCell.m; sourceTree = "<group>"; };
		C8DCE50D181DE7F4008AD1B6 /* PFCCreateCharacterAbilityScoreViewController.h */ = {isa = PBXFileReference; fileEncoding = 4; lastKnownFileType = sourcecode.c.h; path = PFCCreateCharacterAbilityScoreViewController.h; sourceTree = "<group>"; };
		C8DCE50E181DE7F4008AD1B6 /* PFCCreateCharacterAbilityScoreViewController.m */ = {isa = PBXFileReference; fileEncoding = 4; lastKnownFileType = sourcecode.c.objc; path = PFCCreateCharacterAbilityScoreViewController.m; sourceTree = "<group>"; };
		E022991F1C87EC6C008AC991 /* PathfinderCC-Bridging-Header.h */ = {isa = PBXFileReference; lastKnownFileType = sourcecode.c.h; path = "PathfinderCC-Bridging-Header.h"; sourceTree = "<group>"; };
		E02299321C87ED8E008AC991 /* Character+CoreDataProperties.swift */ = {isa = PBXFileReference; fileEncoding = 4; lastKnownFileType = sourcecode.swift; path = "Character+CoreDataProperties.swift"; sourceTree = "<group>"; };
		E02299331C87ED8E008AC991 /* Character.swift */ = {isa = PBXFileReference; fileEncoding = 4; lastKnownFileType = sourcecode.swift; path = Character.swift; sourceTree = "<group>"; };
		E02299341C87ED8E008AC991 /* Race+CoreDataProperties.swift */ = {isa = PBXFileReference; fileEncoding = 4; lastKnownFileType = sourcecode.swift; path = "Race+CoreDataProperties.swift"; sourceTree = "<group>"; };
		E02299351C87ED8E008AC991 /* Race.swift */ = {isa = PBXFileReference; fileEncoding = 4; lastKnownFileType = sourcecode.swift; path = Race.swift; sourceTree = "<group>"; };
		E02299361C87ED8E008AC991 /* AbilityScore+CoreDataProperties.swift */ = {isa = PBXFileReference; fileEncoding = 4; lastKnownFileType = sourcecode.swift; path = "AbilityScore+CoreDataProperties.swift"; sourceTree = "<group>"; };
		E02299371C87ED8E008AC991 /* AbilityScore.swift */ = {isa = PBXFileReference; fileEncoding = 4; lastKnownFileType = sourcecode.swift; path = AbilityScore.swift; sourceTree = "<group>"; };
		E02299381C87ED8E008AC991 /* CoreRulebook+CoreDataProperties.swift */ = {isa = PBXFileReference; fileEncoding = 4; lastKnownFileType = sourcecode.swift; path = "CoreRulebook+CoreDataProperties.swift"; sourceTree = "<group>"; };
		E02299391C87ED8E008AC991 /* CoreRulebook.swift */ = {isa = PBXFileReference; fileEncoding = 4; lastKnownFileType = sourcecode.swift; path = CoreRulebook.swift; sourceTree = "<group>"; };
		E02299421C87F131008AC991 /* PathfinderCCTests-Bridging-Header.h */ = {isa = PBXFileReference; lastKnownFileType = sourcecode.c.h; path = "PathfinderCCTests-Bridging-Header.h"; sourceTree = "<group>"; };
		E02299471C87F630008AC991 /* PathfinderCCTests.swift */ = {isa = PBXFileReference; fileEncoding = 4; lastKnownFileType = sourcecode.swift; path = PathfinderCCTests.swift; sourceTree = "<group>"; };
		E0709AB01905FB840075E34C /* UITextField+PFC.h */ = {isa = PBXFileReference; fileEncoding = 4; lastKnownFileType = sourcecode.c.h; path = "UITextField+PFC.h"; sourceTree = "<group>"; };
		E0709AB11905FB840075E34C /* UITextField+PFC.m */ = {isa = PBXFileReference; fileEncoding = 4; lastKnownFileType = sourcecode.c.objc; path = "UITextField+PFC.m"; sourceTree = "<group>"; };
		E0709AB3190600BA0075E34C /* PFCCharacterListViewControllerTests.m */ = {isa = PBXFileReference; fileEncoding = 4; lastKnownFileType = sourcecode.c.objc; path = PFCCharacterListViewControllerTests.m; sourceTree = "<group>"; };
		E072507E182DA7A800E523B6 /* CoreRulebook.xcdatamodel */ = {isa = PBXFileReference; lastKnownFileType = wrapper.xcdatamodel; path = CoreRulebook.xcdatamodel; sourceTree = "<group>"; };
		E09C3A7A1837B25A0032FD37 /* PFCCreateCharacterAbilityScoreViewControllerTest.m */ = {isa = PBXFileReference; fileEncoding = 4; lastKnownFileType = sourcecode.c.objc; name = PFCCreateCharacterAbilityScoreViewControllerTest.m; path = PathfinderCCTests/PFCCreateCharacterAbilityScoreViewControllerTest.m; sourceTree = SOURCE_ROOT; };
		E0E74A72184642D300F13FE9 /* PFCMenuViewControllerTests.m */ = {isa = PBXFileReference; fileEncoding = 4; lastKnownFileType = sourcecode.c.objc; path = PFCMenuViewControllerTests.m; sourceTree = "<group>"; };
		E0E74A761846577300F13FE9 /* PFCCharacterSheetViewControllerTests.m */ = {isa = PBXFileReference; fileEncoding = 4; lastKnownFileType = sourcecode.c.objc; path = PFCCharacterSheetViewControllerTests.m; sourceTree = "<group>"; };
		E0E74A781846765600F13FE9 /* PFCCoreRulebookVersionCoordinator.h */ = {isa = PBXFileReference; fileEncoding = 4; lastKnownFileType = sourcecode.c.h; path = PFCCoreRulebookVersionCoordinator.h; sourceTree = "<group>"; };
		E0E74A791846765600F13FE9 /* PFCCoreRulebookVersionCoordinator.m */ = {isa = PBXFileReference; fileEncoding = 4; lastKnownFileType = sourcecode.c.objc; path = PFCCoreRulebookVersionCoordinator.m; sourceTree = "<group>"; };
		E0E74A7B1846795000F13FE9 /* PFCCreateCharacterNameViewControllerTests.m */ = {isa = PBXFileReference; fileEncoding = 4; lastKnownFileType = sourcecode.c.objc; path = PFCCreateCharacterNameViewControllerTests.m; sourceTree = "<group>"; };
		E0E74A7D184680F900F13FE9 /* PFCCoreRulebookBuilder.h */ = {isa = PBXFileReference; fileEncoding = 4; lastKnownFileType = sourcecode.c.h; path = PFCCoreRulebookBuilder.h; sourceTree = "<group>"; };
		E0E74A7E184680F900F13FE9 /* PFCCoreRulebookBuilder.m */ = {isa = PBXFileReference; fileEncoding = 4; lastKnownFileType = sourcecode.c.objc; path = PFCCoreRulebookBuilder.m; sourceTree = "<group>"; };
		E0E74A801846820300F13FE9 /* corerulebook.json */ = {isa = PBXFileReference; fileEncoding = 4; lastKnownFileType = text.json; path = corerulebook.json; sourceTree = "<group>"; };
		E0F296F41846872B0007B2B6 /* PFCCoreRulebookVersionCoordinatorTests.m */ = {isa = PBXFileReference; fileEncoding = 4; lastKnownFileType = sourcecode.c.objc; path = PFCCoreRulebookVersionCoordinatorTests.m; sourceTree = "<group>"; };
		E0F296F6184689800007B2B6 /* testcorerulebook.json */ = {isa = PBXFileReference; fileEncoding = 4; lastKnownFileType = text.json; path = testcorerulebook.json; sourceTree = "<group>"; };
		F28BCAEEDCD56A9CB025DD5A /* Pods-PathfinderCC.release.xcconfig */ = {isa = PBXFileReference; includeInIndex = 1; lastKnownFileType = text.xcconfig; name = "Pods-PathfinderCC.release.xcconfig"; path = "Pods/Target Support Files/Pods-PathfinderCC/Pods-PathfinderCC.release.xcconfig"; sourceTree = "<group>"; };
		FB1F725C26F423F86B558E05 /* Pods-PathfinderCC.debug.xcconfig */ = {isa = PBXFileReference; includeInIndex = 1; lastKnownFileType = text.xcconfig; name = "Pods-PathfinderCC.debug.xcconfig"; path = "Pods/Target Support Files/Pods-PathfinderCC/Pods-PathfinderCC.debug.xcconfig"; sourceTree = "<group>"; };
/* End PBXFileReference section */

/* Begin PBXFrameworksBuildPhase section */
		C8DCE4B6181DBA58008AD1B6 /* Frameworks */ = {
			isa = PBXFrameworksBuildPhase;
			buildActionMask = 2147483647;
			files = (
				C8B5BEC8181F57E500602206 /* CoreData.framework in Frameworks */,
				C8DCE4BF181DBA58008AD1B6 /* CoreGraphics.framework in Frameworks */,
				C8DCE4C1181DBA58008AD1B6 /* UIKit.framework in Frameworks */,
				C8DCE4BD181DBA58008AD1B6 /* Foundation.framework in Frameworks */,
				CB8CBD8A1495262012B141D9 /* Pods_PathfinderCC.framework in Frameworks */,
			);
			runOnlyForDeploymentPostprocessing = 0;
		};
		C8DCE4DD181DBA58008AD1B6 /* Frameworks */ = {
			isa = PBXFrameworksBuildPhase;
			buildActionMask = 2147483647;
			files = (
				C8DCE4E2181DBA58008AD1B6 /* XCTest.framework in Frameworks */,
				C8DCE4E4181DBA58008AD1B6 /* UIKit.framework in Frameworks */,
				C8DCE4E3181DBA58008AD1B6 /* Foundation.framework in Frameworks */,
				EE32828F41B7379032F9FA85 /* Pods_PathfinderCCTests.framework in Frameworks */,
			);
			runOnlyForDeploymentPostprocessing = 0;
		};
/* End PBXFrameworksBuildPhase section */

/* Begin PBXGroup section */
		C8B5BEC3181F578000602206 /* CoreData */ = {
			isa = PBXGroup;
			children = (
				C8B5BEC9181F59B600602206 /* PFCStore.h */,
				C8B5BECA181F59B600602206 /* PFCStore.m */,
				E072507D182DA7A800E523B6 /* CoreRulebook.xcdatamodeld */,
				E0E74A781846765600F13FE9 /* PFCCoreRulebookVersionCoordinator.h */,
				E0E74A791846765600F13FE9 /* PFCCoreRulebookVersionCoordinator.m */,
				E0E74A7D184680F900F13FE9 /* PFCCoreRulebookBuilder.h */,
				E0E74A7E184680F900F13FE9 /* PFCCoreRulebookBuilder.m */,
			);
			path = CoreData;
			sourceTree = "<group>";
		};
		C8B5BEDB182097BF00602206 /* DataSource */ = {
			isa = PBXGroup;
			children = (
				C8B5BEDC182097E500602206 /* PFCFetchedResultsControllerDataSource.h */,
				C8B5BEDD182097E500602206 /* PFCFetchedResultsControllerDataSource.m */,
			);
			path = DataSource;
			sourceTree = "<group>";
		};
		C8B5BEDF18209D9200602206 /* CreateCharacterControllers */ = {
			isa = PBXGroup;
			children = (
				C8DCE50D181DE7F4008AD1B6 /* PFCCreateCharacterAbilityScoreViewController.h */,
				C8DCE50E181DE7F4008AD1B6 /* PFCCreateCharacterAbilityScoreViewController.m */,
				C8B5BEE018209DDF00602206 /* PFCCreateCharacterNameViewController.h */,
				C8B5BEE118209DDF00602206 /* PFCCreateCharacterNameViewController.m */,
			);
			path = CreateCharacterControllers;
			sourceTree = "<group>";
		};
		C8DA37611821E69600DBC2F7 /* Constants */ = {
			isa = PBXGroup;
			children = (
				C8DA37621821E6BF00DBC2F7 /* PFCAlignment.h */,
				C8DA37631821E6BF00DBC2F7 /* PFCAlignment.m */,
				C8DA37651821E92A00DBC2F7 /* PFCGender.h */,
				C8DA37661821E92A00DBC2F7 /* PFCGender.m */,
			);
			path = Constants;
			sourceTree = "<group>";
		};
		C8DCE4B0181DBA58008AD1B6 = {
			isa = PBXGroup;
			children = (
				C8DCE4C2181DBA58008AD1B6 /* PathfinderCC */,
				C8DCE4E7181DBA58008AD1B6 /* PathfinderCCTests */,
				C8DCE4BB181DBA58008AD1B6 /* Frameworks */,
				C8DCE4BA181DBA58008AD1B6 /* Products */,
				D14039F719AD28079B51C668 /* Pods */,
			);
			sourceTree = "<group>";
		};
		C8DCE4BA181DBA58008AD1B6 /* Products */ = {
			isa = PBXGroup;
			children = (
				C8DCE4B9181DBA58008AD1B6 /* PathfinderCC.app */,
				C8DCE4E0181DBA58008AD1B6 /* PathfinderCCTests.xctest */,
			);
			name = Products;
			sourceTree = "<group>";
		};
		C8DCE4BB181DBA58008AD1B6 /* Frameworks */ = {
			isa = PBXGroup;
			children = (
				C8B5BEC7181F57E500602206 /* CoreData.framework */,
				C8DCE4BC181DBA58008AD1B6 /* Foundation.framework */,
				C8DCE4BE181DBA58008AD1B6 /* CoreGraphics.framework */,
				C8DCE4C0181DBA58008AD1B6 /* UIKit.framework */,
				C8DCE4E1181DBA58008AD1B6 /* XCTest.framework */,
				39FB82987F561BF5948300E6 /* Pods_PathfinderCCTests.framework */,
				879A0F2D10FEA719EB5B00FE /* Pods_PathfinderCC.framework */,
			);
			name = Frameworks;
			sourceTree = "<group>";
		};
		C8DCE4C2181DBA58008AD1B6 /* PathfinderCC */ = {
			isa = PBXGroup;
			children = (
				C8DA37611821E69600DBC2F7 /* Constants */,
				C8B5BEDB182097BF00602206 /* DataSource */,
				C8B5BEC3181F578000602206 /* CoreData */,
				C8DCE504181DC4BF008AD1B6 /* Models */,
				C8DCE500181DC02C008AD1B6 /* Views */,
				C8DCE4F7181DBE27008AD1B6 /* Controllers */,
				C8DCE4CB181DBA58008AD1B6 /* PFCAppDelegate.h */,
				C8DCE4CC181DBA58008AD1B6 /* PFCAppDelegate.m */,
				C8DCE4CE181DBA58008AD1B6 /* Main_iPhone.storyboard */,
				C8DCE4D1181DBA58008AD1B6 /* Main_iPad.storyboard */,
				C8DCE4DA181DBA58008AD1B6 /* Images.xcassets */,
				C8DCE4C3181DBA58008AD1B6 /* Supporting Files */,
			);
			path = PathfinderCC;
			sourceTree = "<group>";
		};
		C8DCE4C3181DBA58008AD1B6 /* Supporting Files */ = {
			isa = PBXGroup;
			children = (
				E0E74A801846820300F13FE9 /* corerulebook.json */,
				C8DCE4C4181DBA58008AD1B6 /* PathfinderCC-Info.plist */,
				C8DCE4C5181DBA58008AD1B6 /* InfoPlist.strings */,
				C8DCE4C8181DBA58008AD1B6 /* main.m */,
				C8DCE4CA181DBA58008AD1B6 /* PathfinderCC-Prefix.pch */,
				E0709AB01905FB840075E34C /* UITextField+PFC.h */,
				E0709AB11905FB840075E34C /* UITextField+PFC.m */,
			);
			name = "Supporting Files";
			sourceTree = "<group>";
		};
		C8DCE4E7181DBA58008AD1B6 /* PathfinderCCTests */ = {
			isa = PBXGroup;
			children = (
				E09C3A7A1837B25A0032FD37 /* PFCCreateCharacterAbilityScoreViewControllerTest.m */,
				C8DCE4ED181DBA58008AD1B6 /* PathfinderCCTests.m */,
				C8DCE4E8181DBA58008AD1B6 /* Supporting Files */,
				E0E74A72184642D300F13FE9 /* PFCMenuViewControllerTests.m */,
				E0E74A761846577300F13FE9 /* PFCCharacterSheetViewControllerTests.m */,
				E0E74A7B1846795000F13FE9 /* PFCCreateCharacterNameViewControllerTests.m */,
				E0F296F41846872B0007B2B6 /* PFCCoreRulebookVersionCoordinatorTests.m */,
				E0709AB3190600BA0075E34C /* PFCCharacterListViewControllerTests.m */,
				E02299421C87F131008AC991 /* PathfinderCCTests-Bridging-Header.h */,
				E02299471C87F630008AC991 /* PathfinderCCTests.swift */,
			);
			path = PathfinderCCTests;
			sourceTree = "<group>";
		};
		C8DCE4E8181DBA58008AD1B6 /* Supporting Files */ = {
			isa = PBXGroup;
			children = (
				E0F296F6184689800007B2B6 /* testcorerulebook.json */,
				C8DCE4E9181DBA58008AD1B6 /* PathfinderCCTests-Info.plist */,
				C8DCE4EA181DBA58008AD1B6 /* InfoPlist.strings */,
			);
			name = "Supporting Files";
			sourceTree = "<group>";
		};
		C8DCE4F7181DBE27008AD1B6 /* Controllers */ = {
			isa = PBXGroup;
			children = (
				C8B5BEDF18209D9200602206 /* CreateCharacterControllers */,
				C8DCE4FB181DBF0B008AD1B6 /* PFCCharacterSheetViewController.h */,
				C8DCE4FC181DBF0B008AD1B6 /* PFCCharacterSheetViewController.m */,
				C8B5BED5181FE39900602206 /* PFCMenuViewController.h */,
				C8B5BED6181FE39900602206 /* PFCMenuViewController.m */,
				C8B5BED81820970B00602206 /* PFCCharacterListViewController.h */,
				C8B5BED91820970B00602206 /* PFCCharacterListViewController.m */,
			);
			path = Controllers;
			sourceTree = "<group>";
		};
		C8DCE500181DC02C008AD1B6 /* Views */ = {
			isa = PBXGroup;
			children = (
				C8DCE501181DC084008AD1B6 /* PFCAbilityScoreCollectionViewCell.h */,
				C8DCE502181DC085008AD1B6 /* PFCAbilityScoreCollectionViewCell.m */,
				BE5B0CD0182D82990039E623 /* PFCWrittenTextField.h */,
				BE5B0CD1182D82990039E623 /* PFCWrittenTextField.m */,
			);
			path = Views;
			sourceTree = "<group>";
		};
		C8DCE504181DC4BF008AD1B6 /* Models */ = {
			isa = PBXGroup;
			children = (
				E022991E1C87EC31008AC991 /* Mapping */,
				E02299321C87ED8E008AC991 /* Character+CoreDataProperties.swift */,
				E02299331C87ED8E008AC991 /* Character.swift */,
				E02299341C87ED8E008AC991 /* Race+CoreDataProperties.swift */,
				E02299351C87ED8E008AC991 /* Race.swift */,
				E02299361C87ED8E008AC991 /* AbilityScore+CoreDataProperties.swift */,
				E02299371C87ED8E008AC991 /* AbilityScore.swift */,
				E02299381C87ED8E008AC991 /* CoreRulebook+CoreDataProperties.swift */,
				E02299391C87ED8E008AC991 /* CoreRulebook.swift */,
			);
			path = Models;
			sourceTree = "<group>";
		};
		D14039F719AD28079B51C668 /* Pods */ = {
			isa = PBXGroup;
			children = (
				3AC5AEF4146A2239DCF121E5 /* Pods-PathfinderCCTests.debug.xcconfig */,
				6B1694D5FBE5C11EA71E312C /* Pods-PathfinderCCTests.release.xcconfig */,
				FB1F725C26F423F86B558E05 /* Pods-PathfinderCC.debug.xcconfig */,
				F28BCAEEDCD56A9CB025DD5A /* Pods-PathfinderCC.release.xcconfig */,
			);
			name = Pods;
			sourceTree = "<group>";
		};
		E022991E1C87EC31008AC991 /* Mapping */ = {
			isa = PBXGroup;
			children = (
				E022991F1C87EC6C008AC991 /* PathfinderCC-Bridging-Header.h */,
			);
			path = Mapping;
			sourceTree = "<group>";
		};
/* End PBXGroup section */

/* Begin PBXNativeTarget section */
		C8DCE4B8181DBA58008AD1B6 /* PathfinderCC */ = {
			isa = PBXNativeTarget;
			buildConfigurationList = C8DCE4F1181DBA59008AD1B6 /* Build configuration list for PBXNativeTarget "PathfinderCC" */;
			buildPhases = (
				303523CE1635992A1045F6F0 /* Check Pods Manifest.lock */,
				C8DCE4B5181DBA58008AD1B6 /* Sources */,
				C8DCE4B6181DBA58008AD1B6 /* Frameworks */,
				C8DCE4B7181DBA58008AD1B6 /* Resources */,
				3ADAC4D06DAAE1EF7EE61D66 /* Embed Pods Frameworks */,
				917DE12B3A6111DC4D4CCA73 /* Copy Pods Resources */,
			);
			buildRules = (
			);
			dependencies = (
			);
			name = PathfinderCC;
			productName = PathfinderCC;
			productReference = C8DCE4B9181DBA58008AD1B6 /* PathfinderCC.app */;
			productType = "com.apple.product-type.application";
		};
		C8DCE4DF181DBA58008AD1B6 /* PathfinderCCTests */ = {
			isa = PBXNativeTarget;
			buildConfigurationList = C8DCE4F4181DBA59008AD1B6 /* Build configuration list for PBXNativeTarget "PathfinderCCTests" */;
			buildPhases = (
				A34BEB44639D2D780F3C4A6E /* Check Pods Manifest.lock */,
				C8DCE4DC181DBA58008AD1B6 /* Sources */,
				C8DCE4DD181DBA58008AD1B6 /* Frameworks */,
				C8DCE4DE181DBA58008AD1B6 /* Resources */,
				14A87FE53B9860907D8D5A48 /* Embed Pods Frameworks */,
				4C211D7EE02D8F9EDD9048EE /* Copy Pods Resources */,
			);
			buildRules = (
			);
			dependencies = (
				C8DCE4E6181DBA58008AD1B6 /* PBXTargetDependency */,
			);
			name = PathfinderCCTests;
			productName = PathfinderCCTests;
			productReference = C8DCE4E0181DBA58008AD1B6 /* PathfinderCCTests.xctest */;
			productType = "com.apple.product-type.bundle.unit-test";
		};
/* End PBXNativeTarget section */

/* Begin PBXProject section */
		C8DCE4B1181DBA58008AD1B6 /* Project object */ = {
			isa = PBXProject;
			attributes = {
				CLASSPREFIX = PFC;
				LastSwiftUpdateCheck = 0720;
				LastUpgradeCheck = 0720;
				ORGANIZATIONNAME = "Amanda Chappell";
				TargetAttributes = {
					C8DCE4B8181DBA58008AD1B6 = {
						DevelopmentTeam = 37CAHGRH45;
						SystemCapabilities = {
							com.apple.BackgroundModes = {
								enabled = 0;
							};
							com.apple.iCloud = {
								enabled = 0;
							};
						};
					};
					C8DCE4DF181DBA58008AD1B6 = {
						TestTargetID = C8DCE4B8181DBA58008AD1B6;
					};
				};
			};
			buildConfigurationList = C8DCE4B4181DBA58008AD1B6 /* Build configuration list for PBXProject "PathfinderCC" */;
			compatibilityVersion = "Xcode 3.2";
			developmentRegion = English;
			hasScannedForEncodings = 0;
			knownRegions = (
				en,
				Base,
			);
			mainGroup = C8DCE4B0181DBA58008AD1B6;
			productRefGroup = C8DCE4BA181DBA58008AD1B6 /* Products */;
			projectDirPath = "";
			projectRoot = "";
			targets = (
				C8DCE4B8181DBA58008AD1B6 /* PathfinderCC */,
				C8DCE4DF181DBA58008AD1B6 /* PathfinderCCTests */,
			);
		};
/* End PBXProject section */

/* Begin PBXResourcesBuildPhase section */
		C8DCE4B7181DBA58008AD1B6 /* Resources */ = {
			isa = PBXResourcesBuildPhase;
			buildActionMask = 2147483647;
			files = (
				C8DCE4D3181DBA58008AD1B6 /* Main_iPad.storyboard in Resources */,
				E0F296F818468A9B0007B2B6 /* testcorerulebook.json in Resources */,
				E02A3183191D9AF300F8ACCB /* (null) in Resources */,
				E02A3182191D9AF300F8ACCB /* (null) in Resources */,
				C8DCE4DB181DBA58008AD1B6 /* Images.xcassets in Resources */,
				C8DCE4D0181DBA58008AD1B6 /* Main_iPhone.storyboard in Resources */,
				E0E74A811846820300F13FE9 /* corerulebook.json in Resources */,
				C8DCE4C7181DBA58008AD1B6 /* InfoPlist.strings in Resources */,
			);
			runOnlyForDeploymentPostprocessing = 0;
		};
		C8DCE4DE181DBA58008AD1B6 /* Resources */ = {
			isa = PBXResourcesBuildPhase;
			buildActionMask = 2147483647;
			files = (
				C8DCE4EC181DBA58008AD1B6 /* InfoPlist.strings in Resources */,
			);
			runOnlyForDeploymentPostprocessing = 0;
		};
/* End PBXResourcesBuildPhase section */

/* Begin PBXShellScriptBuildPhase section */
		14A87FE53B9860907D8D5A48 /* Embed Pods Frameworks */ = {
			isa = PBXShellScriptBuildPhase;
			buildActionMask = 2147483647;
			files = (
			);
			inputPaths = (
			);
			name = "Embed Pods Frameworks";
			outputPaths = (
			);
			runOnlyForDeploymentPostprocessing = 0;
			shellPath = /bin/sh;
			shellScript = "\"${SRCROOT}/Pods/Target Support Files/Pods-PathfinderCCTests/Pods-PathfinderCCTests-frameworks.sh\"\n";
			showEnvVarsInLog = 0;
		};
		303523CE1635992A1045F6F0 /* Check Pods Manifest.lock */ = {
			isa = PBXShellScriptBuildPhase;
			buildActionMask = 2147483647;
			files = (
			);
			inputPaths = (
			);
			name = "Check Pods Manifest.lock";
			outputPaths = (
			);
			runOnlyForDeploymentPostprocessing = 0;
			shellPath = /bin/sh;
			shellScript = "diff \"${PODS_ROOT}/../Podfile.lock\" \"${PODS_ROOT}/Manifest.lock\" > /dev/null\nif [[ $? != 0 ]] ; then\n    cat << EOM\nerror: The sandbox is not in sync with the Podfile.lock. Run 'pod install' or update your CocoaPods installation.\nEOM\n    exit 1\nfi\n";
			showEnvVarsInLog = 0;
		};
		3ADAC4D06DAAE1EF7EE61D66 /* Embed Pods Frameworks */ = {
			isa = PBXShellScriptBuildPhase;
			buildActionMask = 2147483647;
			files = (
			);
			inputPaths = (
			);
			name = "Embed Pods Frameworks";
			outputPaths = (
			);
			runOnlyForDeploymentPostprocessing = 0;
			shellPath = /bin/sh;
			shellScript = "\"${SRCROOT}/Pods/Target Support Files/Pods-PathfinderCC/Pods-PathfinderCC-frameworks.sh\"\n";
			showEnvVarsInLog = 0;
		};
		4C211D7EE02D8F9EDD9048EE /* Copy Pods Resources */ = {
			isa = PBXShellScriptBuildPhase;
			buildActionMask = 2147483647;
			files = (
			);
			inputPaths = (
			);
			name = "Copy Pods Resources";
			outputPaths = (
			);
			runOnlyForDeploymentPostprocessing = 0;
			shellPath = /bin/sh;
			shellScript = "\"${SRCROOT}/Pods/Target Support Files/Pods-PathfinderCCTests/Pods-PathfinderCCTests-resources.sh\"\n";
			showEnvVarsInLog = 0;
		};
		917DE12B3A6111DC4D4CCA73 /* Copy Pods Resources */ = {
			isa = PBXShellScriptBuildPhase;
			buildActionMask = 2147483647;
			files = (
			);
			inputPaths = (
			);
			name = "Copy Pods Resources";
			outputPaths = (
			);
			runOnlyForDeploymentPostprocessing = 0;
			shellPath = /bin/sh;
			shellScript = "\"${SRCROOT}/Pods/Target Support Files/Pods-PathfinderCC/Pods-PathfinderCC-resources.sh\"\n";
			showEnvVarsInLog = 0;
		};
		A34BEB44639D2D780F3C4A6E /* Check Pods Manifest.lock */ = {
			isa = PBXShellScriptBuildPhase;
			buildActionMask = 2147483647;
			files = (
			);
			inputPaths = (
			);
			name = "Check Pods Manifest.lock";
			outputPaths = (
			);
			runOnlyForDeploymentPostprocessing = 0;
			shellPath = /bin/sh;
			shellScript = "diff \"${PODS_ROOT}/../Podfile.lock\" \"${PODS_ROOT}/Manifest.lock\" > /dev/null\nif [[ $? != 0 ]] ; then\n    cat << EOM\nerror: The sandbox is not in sync with the Podfile.lock. Run 'pod install' or update your CocoaPods installation.\nEOM\n    exit 1\nfi\n";
			showEnvVarsInLog = 0;
		};
/* End PBXShellScriptBuildPhase section */

/* Begin PBXSourcesBuildPhase section */
		C8DCE4B5181DBA58008AD1B6 /* Sources */ = {
			isa = PBXSourcesBuildPhase;
			buildActionMask = 2147483647;
			files = (
				C8DCE50F181DE7F4008AD1B6 /* PFCCreateCharacterAbilityScoreViewController.m in Sources */,
				C8DA37641821E6BF00DBC2F7 /* PFCAlignment.m in Sources */,
				C8B5BED7181FE39900602206 /* PFCMenuViewController.m in Sources */,
				C8DA37671821E92A00DBC2F7 /* PFCGender.m in Sources */,
				C8B5BEDE182097E500602206 /* PFCFetchedResultsControllerDataSource.m in Sources */,
				E022993D1C87ED8E008AC991 /* Race.swift in Sources */,
				E0709AB21905FB840075E34C /* UITextField+PFC.m in Sources */,
				E022993A1C87ED8E008AC991 /* Character+CoreDataProperties.swift in Sources */,
				BE5B0CD2182D82990039E623 /* PFCWrittenTextField.m in Sources */,
				C8B5BECB181F59B600602206 /* PFCStore.m in Sources */,
				E022993B1C87ED8E008AC991 /* Character.swift in Sources */,
				C8B5BEE218209DDF00602206 /* PFCCreateCharacterNameViewController.m in Sources */,
				C8DCE4CD181DBA58008AD1B6 /* PFCAppDelegate.m in Sources */,
				C8DCE4FE181DBF0B008AD1B6 /* PFCCharacterSheetViewController.m in Sources */,
				C8DCE503181DC085008AD1B6 /* PFCAbilityScoreCollectionViewCell.m in Sources */,
				E072507F182DA7A800E523B6 /* CoreRulebook.xcdatamodeld in Sources */,
				C8B5BEDA1820970B00602206 /* PFCCharacterListViewController.m in Sources */,
				C8DCE4C9181DBA58008AD1B6 /* main.m in Sources */,
				E0E74A7A1846765600F13FE9 /* PFCCoreRulebookVersionCoordinator.m in Sources */,
				E022993C1C87ED8E008AC991 /* Race+CoreDataProperties.swift in Sources */,
				E02299411C87ED8E008AC991 /* CoreRulebook.swift in Sources */,
				E0E74A7F184680F900F13FE9 /* PFCCoreRulebookBuilder.m in Sources */,
				E022993F1C87ED8E008AC991 /* AbilityScore.swift in Sources */,
				E022993E1C87ED8E008AC991 /* AbilityScore+CoreDataProperties.swift in Sources */,
				E02299401C87ED8E008AC991 /* CoreRulebook+CoreDataProperties.swift in Sources */,
			);
			runOnlyForDeploymentPostprocessing = 0;
		};
		C8DCE4DC181DBA58008AD1B6 /* Sources */ = {
			isa = PBXSourcesBuildPhase;
			buildActionMask = 2147483647;
			files = (
				C8DCE4EE181DBA58008AD1B6 /* PathfinderCCTests.m in Sources */,
				E09C3A7B1837B25A0032FD37 /* PFCCreateCharacterAbilityScoreViewControllerTest.m in Sources */,
				E0E74A7C1846795000F13FE9 /* PFCCreateCharacterNameViewControllerTests.m in Sources */,
				E0E74A771846577300F13FE9 /* PFCCharacterSheetViewControllerTests.m in Sources */,
				E0F296F51846872B0007B2B6 /* PFCCoreRulebookVersionCoordinatorTests.m in Sources */,
				E0E74A73184642D300F13FE9 /* PFCMenuViewControllerTests.m in Sources */,
				E02299481C87F630008AC991 /* PathfinderCCTests.swift in Sources */,
				E0709AB4190600BA0075E34C /* PFCCharacterListViewControllerTests.m in Sources */,
			);
			runOnlyForDeploymentPostprocessing = 0;
		};
/* End PBXSourcesBuildPhase section */

/* Begin PBXTargetDependency section */
		C8DCE4E6181DBA58008AD1B6 /* PBXTargetDependency */ = {
			isa = PBXTargetDependency;
			target = C8DCE4B8181DBA58008AD1B6 /* PathfinderCC */;
			targetProxy = C8DCE4E5181DBA58008AD1B6 /* PBXContainerItemProxy */;
		};
/* End PBXTargetDependency section */

/* Begin PBXVariantGroup section */
		C8DCE4C5181DBA58008AD1B6 /* InfoPlist.strings */ = {
			isa = PBXVariantGroup;
			children = (
				C8DCE4C6181DBA58008AD1B6 /* en */,
			);
			name = InfoPlist.strings;
			sourceTree = "<group>";
		};
		C8DCE4CE181DBA58008AD1B6 /* Main_iPhone.storyboard */ = {
			isa = PBXVariantGroup;
			children = (
				C8DCE4CF181DBA58008AD1B6 /* Base */,
			);
			name = Main_iPhone.storyboard;
			sourceTree = "<group>";
		};
		C8DCE4D1181DBA58008AD1B6 /* Main_iPad.storyboard */ = {
			isa = PBXVariantGroup;
			children = (
				C8DCE4D2181DBA58008AD1B6 /* Base */,
			);
			name = Main_iPad.storyboard;
			sourceTree = "<group>";
		};
		C8DCE4EA181DBA58008AD1B6 /* InfoPlist.strings */ = {
			isa = PBXVariantGroup;
			children = (
				C8DCE4EB181DBA58008AD1B6 /* en */,
			);
			name = InfoPlist.strings;
			sourceTree = "<group>";
		};
/* End PBXVariantGroup section */

/* Begin XCBuildConfiguration section */
		C8DCE4EF181DBA59008AD1B6 /* Debug */ = {
			isa = XCBuildConfiguration;
			buildSettings = {
				ALWAYS_SEARCH_USER_PATHS = NO;
				CLANG_CXX_LANGUAGE_STANDARD = "gnu++0x";
				CLANG_CXX_LIBRARY = "libc++";
				CLANG_ENABLE_MODULES = YES;
				CLANG_ENABLE_OBJC_ARC = YES;
				CLANG_WARN_BOOL_CONVERSION = YES;
				CLANG_WARN_CONSTANT_CONVERSION = YES;
				CLANG_WARN_DIRECT_OBJC_ISA_USAGE = YES_ERROR;
				CLANG_WARN_EMPTY_BODY = YES;
				CLANG_WARN_ENUM_CONVERSION = YES;
				CLANG_WARN_INT_CONVERSION = YES;
				CLANG_WARN_OBJC_ROOT_CLASS = YES_ERROR;
				CLANG_WARN__DUPLICATE_METHOD_MATCH = YES;
				"CODE_SIGN_IDENTITY[sdk=iphoneos*]" = "iPhone Distribution: Dave Post (37CAHGRH45)";
				COPY_PHASE_STRIP = NO;
				ENABLE_TESTABILITY = YES;
				GCC_C_LANGUAGE_STANDARD = gnu99;
				GCC_DYNAMIC_NO_PIC = NO;
				GCC_GENERATE_TEST_COVERAGE_FILES = YES;
				GCC_OPTIMIZATION_LEVEL = 0;
				GCC_PREPROCESSOR_DEFINITIONS = (
					"DEBUG=1",
					"$(inherited)",
				);
				GCC_SYMBOLS_PRIVATE_EXTERN = NO;
				GCC_WARN_64_TO_32_BIT_CONVERSION = YES;
				GCC_WARN_ABOUT_RETURN_TYPE = YES_ERROR;
				GCC_WARN_UNDECLARED_SELECTOR = YES;
				GCC_WARN_UNINITIALIZED_AUTOS = YES;
				GCC_WARN_UNUSED_FUNCTION = YES;
				GCC_WARN_UNUSED_VARIABLE = YES;
				IPHONEOS_DEPLOYMENT_TARGET = 9.0;
				ONLY_ACTIVE_ARCH = YES;
				SDKROOT = iphoneos;
				TARGETED_DEVICE_FAMILY = "1,2";
			};
			name = Debug;
		};
		C8DCE4F0181DBA59008AD1B6 /* Release */ = {
			isa = XCBuildConfiguration;
			buildSettings = {
				ALWAYS_SEARCH_USER_PATHS = NO;
				CLANG_CXX_LANGUAGE_STANDARD = "gnu++0x";
				CLANG_CXX_LIBRARY = "libc++";
				CLANG_ENABLE_MODULES = YES;
				CLANG_ENABLE_OBJC_ARC = YES;
				CLANG_WARN_BOOL_CONVERSION = YES;
				CLANG_WARN_CONSTANT_CONVERSION = YES;
				CLANG_WARN_DIRECT_OBJC_ISA_USAGE = YES_ERROR;
				CLANG_WARN_EMPTY_BODY = YES;
				CLANG_WARN_ENUM_CONVERSION = YES;
				CLANG_WARN_INT_CONVERSION = YES;
				CLANG_WARN_OBJC_ROOT_CLASS = YES_ERROR;
				CLANG_WARN__DUPLICATE_METHOD_MATCH = YES;
				"CODE_SIGN_IDENTITY[sdk=iphoneos*]" = "iPhone Distribution";
				COPY_PHASE_STRIP = YES;
				ENABLE_NS_ASSERTIONS = NO;
				GCC_C_LANGUAGE_STANDARD = gnu99;
				GCC_GENERATE_TEST_COVERAGE_FILES = YES;
				GCC_WARN_64_TO_32_BIT_CONVERSION = YES;
				GCC_WARN_ABOUT_RETURN_TYPE = YES_ERROR;
				GCC_WARN_UNDECLARED_SELECTOR = YES;
				GCC_WARN_UNINITIALIZED_AUTOS = YES;
				GCC_WARN_UNUSED_FUNCTION = YES;
				GCC_WARN_UNUSED_VARIABLE = YES;
				IPHONEOS_DEPLOYMENT_TARGET = 9.0;
				ONLY_ACTIVE_ARCH = YES;
				SDKROOT = iphoneos;
				TARGETED_DEVICE_FAMILY = "1,2";
				VALIDATE_PRODUCT = YES;
			};
			name = Release;
		};
		C8DCE4F2181DBA59008AD1B6 /* Debug */ = {
			isa = XCBuildConfiguration;
			baseConfigurationReference = FB1F725C26F423F86B558E05 /* Pods-PathfinderCC.debug.xcconfig */;
			buildSettings = {
				ASSETCATALOG_COMPILER_APPICON_NAME = AppIcon;
				ASSETCATALOG_COMPILER_LAUNCHIMAGE_NAME = LaunchImage;
				CLANG_ENABLE_MODULES = YES;
				CLANG_WARN_ASSIGN_ENUM = YES;
				CLANG_WARN_DEPRECATED_OBJC_IMPLEMENTATIONS = YES;
				CLANG_WARN_DOCUMENTATION_COMMENTS = YES;
				CLANG_WARN_IMPLICIT_SIGN_CONVERSION = YES;
				CLANG_WARN_OBJC_EXPLICIT_OWNERSHIP_TYPE = YES;
				CLANG_WARN_OBJC_IMPLICIT_ATOMIC_PROPERTIES = YES;
				CLANG_WARN_OBJC_IMPLICIT_RETAIN_SELF = YES;
				CLANG_WARN_OBJC_MISSING_PROPERTY_SYNTHESIS = NO;
				CLANG_WARN_OBJC_RECEIVER_WEAK = NO;
				CLANG_WARN_OBJC_REPEATED_USE_OF_WEAK = NO;
				CLANG_WARN_SUSPICIOUS_IMPLICIT_CONVERSION = YES;
				CLANG_WARN_UNREACHABLE_CODE = YES;
				CODE_SIGN_IDENTITY = "iPhone Developer";
				"CODE_SIGN_IDENTITY[sdk=iphoneos*]" = "iPhone Developer";
				GCC_INSTRUMENT_PROGRAM_FLOW_ARCS = YES;
				GCC_PRECOMPILE_PREFIX_HEADER = YES;
				GCC_PREFIX_HEADER = "PathfinderCC/PathfinderCC-Prefix.pch";
				GCC_TREAT_IMPLICIT_FUNCTION_DECLARATIONS_AS_ERRORS = YES;
				GCC_TREAT_INCOMPATIBLE_POINTER_TYPE_WARNINGS_AS_ERRORS = YES;
				GCC_WARN_ABOUT_MISSING_FIELD_INITIALIZERS = YES;
				GCC_WARN_ABOUT_MISSING_NEWLINE = YES;
				GCC_WARN_ABOUT_MISSING_PROTOTYPES = YES;
				GCC_WARN_FOUR_CHARACTER_CONSTANTS = YES;
				GCC_WARN_INITIALIZER_NOT_FULLY_BRACKETED = YES;
				GCC_WARN_MULTIPLE_DEFINITION_TYPES_FOR_SELECTOR = YES;
				GCC_WARN_SHADOW = YES;
				GCC_WARN_SIGN_COMPARE = YES;
				GCC_WARN_STRICT_SELECTOR_MATCH = YES;
				GCC_WARN_UNKNOWN_PRAGMAS = YES;
				GCC_WARN_UNUSED_LABEL = YES;
				GCC_WARN_UNUSED_PARAMETER = YES;
				INFOPLIST_FILE = "PathfinderCC/PathfinderCC-Info.plist";
				IPHONEOS_DEPLOYMENT_TARGET = 9.0;
				LD_RUNPATH_SEARCH_PATHS = "$(inherited) @executable_path/Frameworks";
				ONLY_ACTIVE_ARCH = YES;
				PRODUCT_BUNDLE_IDENTIFIER = "com.amplifiedproejcts.${PRODUCT_NAME:rfc1034identifier}";
				PRODUCT_NAME = "$(TARGET_NAME)";
				PROVISIONING_PROFILE = "";
				SWIFT_OBJC_BRIDGING_HEADER = "PathfinderCC/Models/Mapping/PathfinderCC-Bridging-Header.h";
				SWIFT_OPTIMIZATION_LEVEL = "-Onone";
				WRAPPER_EXTENSION = app;
			};
			name = Debug;
		};
		C8DCE4F3181DBA59008AD1B6 /* Release */ = {
			isa = XCBuildConfiguration;
			baseConfigurationReference = F28BCAEEDCD56A9CB025DD5A /* Pods-PathfinderCC.release.xcconfig */;
			buildSettings = {
				ASSETCATALOG_COMPILER_APPICON_NAME = AppIcon;
				ASSETCATALOG_COMPILER_LAUNCHIMAGE_NAME = LaunchImage;
				CLANG_ENABLE_MODULES = YES;
				CLANG_WARN_ASSIGN_ENUM = YES;
				CLANG_WARN_DEPRECATED_OBJC_IMPLEMENTATIONS = YES;
				CLANG_WARN_DOCUMENTATION_COMMENTS = YES;
				CLANG_WARN_IMPLICIT_SIGN_CONVERSION = YES;
				CLANG_WARN_OBJC_EXPLICIT_OWNERSHIP_TYPE = YES;
				CLANG_WARN_OBJC_IMPLICIT_ATOMIC_PROPERTIES = YES;
				CLANG_WARN_OBJC_IMPLICIT_RETAIN_SELF = YES;
				CLANG_WARN_OBJC_MISSING_PROPERTY_SYNTHESIS = NO;
				CLANG_WARN_OBJC_RECEIVER_WEAK = NO;
				CLANG_WARN_OBJC_REPEATED_USE_OF_WEAK = NO;
				CLANG_WARN_SUSPICIOUS_IMPLICIT_CONVERSION = YES;
				CLANG_WARN_UNREACHABLE_CODE = YES;
				CODE_SIGN_IDENTITY = "iPhone Developer";
				"CODE_SIGN_IDENTITY[sdk=iphoneos*]" = "iPhone Developer";
				GCC_INSTRUMENT_PROGRAM_FLOW_ARCS = YES;
				GCC_PRECOMPILE_PREFIX_HEADER = YES;
				GCC_PREFIX_HEADER = "PathfinderCC/PathfinderCC-Prefix.pch";
				GCC_TREAT_IMPLICIT_FUNCTION_DECLARATIONS_AS_ERRORS = YES;
				GCC_TREAT_INCOMPATIBLE_POINTER_TYPE_WARNINGS_AS_ERRORS = YES;
				GCC_WARN_ABOUT_MISSING_FIELD_INITIALIZERS = YES;
				GCC_WARN_ABOUT_MISSING_NEWLINE = YES;
				GCC_WARN_ABOUT_MISSING_PROTOTYPES = YES;
				GCC_WARN_FOUR_CHARACTER_CONSTANTS = YES;
				GCC_WARN_INITIALIZER_NOT_FULLY_BRACKETED = YES;
				GCC_WARN_MULTIPLE_DEFINITION_TYPES_FOR_SELECTOR = YES;
				GCC_WARN_SHADOW = YES;
				GCC_WARN_SIGN_COMPARE = YES;
				GCC_WARN_STRICT_SELECTOR_MATCH = YES;
				GCC_WARN_UNKNOWN_PRAGMAS = YES;
				GCC_WARN_UNUSED_LABEL = YES;
				GCC_WARN_UNUSED_PARAMETER = YES;
				INFOPLIST_FILE = "PathfinderCC/PathfinderCC-Info.plist";
				IPHONEOS_DEPLOYMENT_TARGET = 9.0;
				LD_RUNPATH_SEARCH_PATHS = "$(inherited) @executable_path/Frameworks";
				ONLY_ACTIVE_ARCH = YES;
				PRODUCT_BUNDLE_IDENTIFIER = "com.amplifiedproejcts.${PRODUCT_NAME:rfc1034identifier}";
				PRODUCT_NAME = "$(TARGET_NAME)";
				PROVISIONING_PROFILE = "";
				SWIFT_OBJC_BRIDGING_HEADER = "PathfinderCC/Models/Mapping/PathfinderCC-Bridging-Header.h";
				WRAPPER_EXTENSION = app;
			};
			name = Release;
		};
		C8DCE4F5181DBA59008AD1B6 /* Debug */ = {
			isa = XCBuildConfiguration;
			baseConfigurationReference = 3AC5AEF4146A2239DCF121E5 /* Pods-PathfinderCCTests.debug.xcconfig */;
			buildSettings = {
				BUNDLE_LOADER = "$(BUILT_PRODUCTS_DIR)/PathfinderCC.app/PathfinderCC";
				CLANG_ENABLE_MODULES = YES;
				FRAMEWORK_SEARCH_PATHS = (
					"$(SDKROOT)/Developer/Library/Frameworks",
					"$(inherited)",
					"$(DEVELOPER_FRAMEWORKS_DIR)",
				);
				GCC_PRECOMPILE_PREFIX_HEADER = YES;
				GCC_PREFIX_HEADER = "PathfinderCC/PathfinderCC-Prefix.pch";
				GCC_PREPROCESSOR_DEFINITIONS = (
					"DEBUG=1",
					"$(inherited)",
				);
				INFOPLIST_FILE = "PathfinderCCTests/PathfinderCCTests-Info.plist";
				LD_RUNPATH_SEARCH_PATHS = "$(inherited) @executable_path/Frameworks @loader_path/Frameworks";
				PRODUCT_BUNDLE_IDENTIFIER = "com.amplifiedproejcts.${PRODUCT_NAME:rfc1034identifier}";
				PRODUCT_NAME = "$(TARGET_NAME)";
				SWIFT_OBJC_BRIDGING_HEADER = "PathfinderCCTests/PathfinderCCTests-Bridging-Header.h";
				SWIFT_OPTIMIZATION_LEVEL = "-Onone";
				TEST_HOST = "$(BUNDLE_LOADER)";
				WRAPPER_EXTENSION = xctest;
			};
			name = Debug;
		};
		C8DCE4F6181DBA59008AD1B6 /* Release */ = {
			isa = XCBuildConfiguration;
			baseConfigurationReference = 6B1694D5FBE5C11EA71E312C /* Pods-PathfinderCCTests.release.xcconfig */;
			buildSettings = {
				BUNDLE_LOADER = "$(BUILT_PRODUCTS_DIR)/PathfinderCC.app/PathfinderCC";
				CLANG_ENABLE_MODULES = YES;
				FRAMEWORK_SEARCH_PATHS = (
					"$(SDKROOT)/Developer/Library/Frameworks",
					"$(inherited)",
					"$(DEVELOPER_FRAMEWORKS_DIR)",
				);
				GCC_PRECOMPILE_PREFIX_HEADER = YES;
				GCC_PREFIX_HEADER = "PathfinderCC/PathfinderCC-Prefix.pch";
				INFOPLIST_FILE = "PathfinderCCTests/PathfinderCCTests-Info.plist";
				LD_RUNPATH_SEARCH_PATHS = "$(inherited) @executable_path/Frameworks @loader_path/Frameworks";
				PRODUCT_BUNDLE_IDENTIFIER = "com.amplifiedproejcts.${PRODUCT_NAME:rfc1034identifier}";
				PRODUCT_NAME = "$(TARGET_NAME)";
				SWIFT_OBJC_BRIDGING_HEADER = "PathfinderCCTests/PathfinderCCTests-Bridging-Header.h";
				TEST_HOST = "$(BUNDLE_LOADER)";
				WRAPPER_EXTENSION = xctest;
			};
			name = Release;
		};
/* End XCBuildConfiguration section */

/* Begin XCConfigurationList section */
		C8DCE4B4181DBA58008AD1B6 /* Build configuration list for PBXProject "PathfinderCC" */ = {
			isa = XCConfigurationList;
			buildConfigurations = (
				C8DCE4EF181DBA59008AD1B6 /* Debug */,
				C8DCE4F0181DBA59008AD1B6 /* Release */,
			);
			defaultConfigurationIsVisible = 0;
			defaultConfigurationName = Release;
		};
		C8DCE4F1181DBA59008AD1B6 /* Build configuration list for PBXNativeTarget "PathfinderCC" */ = {
			isa = XCConfigurationList;
			buildConfigurations = (
				C8DCE4F2181DBA59008AD1B6 /* Debug */,
				C8DCE4F3181DBA59008AD1B6 /* Release */,
			);
			defaultConfigurationIsVisible = 0;
			defaultConfigurationName = Release;
		};
		C8DCE4F4181DBA59008AD1B6 /* Build configuration list for PBXNativeTarget "PathfinderCCTests" */ = {
			isa = XCConfigurationList;
			buildConfigurations = (
				C8DCE4F5181DBA59008AD1B6 /* Debug */,
				C8DCE4F6181DBA59008AD1B6 /* Release */,
			);
			defaultConfigurationIsVisible = 0;
			defaultConfigurationName = Release;
		};
/* End XCConfigurationList section */

/* Begin XCVersionGroup section */
		E072507D182DA7A800E523B6 /* CoreRulebook.xcdatamodeld */ = {
			isa = XCVersionGroup;
			children = (
				E072507E182DA7A800E523B6 /* CoreRulebook.xcdatamodel */,
			);
			currentVersion = E072507E182DA7A800E523B6 /* CoreRulebook.xcdatamodel */;
			path = CoreRulebook.xcdatamodeld;
			sourceTree = "<group>";
			versionGroupType = wrapper.xcdatamodel;
		};
/* End XCVersionGroup section */
	};
	rootObject = C8DCE4B1181DBA58008AD1B6 /* Project object */;
}
